# THIS IS AN AUTOGENERATED FILE. DO NOT EDIT THIS FILE DIRECTLY.
# yarn lockfile v1


"@alloc/quick-lru@^5.2.0":
  version "5.2.0"
  resolved "https://registry.yarnpkg.com/@alloc/quick-lru/-/quick-lru-5.2.0.tgz#7bf68b20c0a350f936915fcae06f58e32007ce30"
  integrity sha512-UrcABB+4bUrFABwbluTIBErXwvbsU/V7TZWfmbgJfbkwiBuziS9gxdODUyuiecfdGQ85jglMW6juS3+z5TsKLw==

"@emnapi/core@^1.5.0":
  version "1.5.0"
  resolved "https://registry.yarnpkg.com/@emnapi/core/-/core-1.5.0.tgz#85cd84537ec989cebb2343606a1ee663ce4edaf0"
  integrity sha512-sbP8GzB1WDzacS8fgNPpHlp6C9VZe+SJP3F90W9rLemaQj2PzIuTEl1qDOYQf58YIpyjViI24y9aPWCjEzY2cg==
  dependencies:
    "@emnapi/wasi-threads" "1.1.0"
    tslib "^2.4.0"

"@emnapi/runtime@^1.5.0":
  version "1.5.0"
  resolved "https://registry.yarnpkg.com/@emnapi/runtime/-/runtime-1.5.0.tgz#9aebfcb9b17195dce3ab53c86787a6b7d058db73"
  integrity sha512-97/BJ3iXHww3djw6hYIfErCZFee7qCtrneuLa20UXFCOTCfBM2cvQHjWJ2EG0s0MtdNwInarqCTz35i4wWXHsQ==
  dependencies:
    tslib "^2.4.0"

"@emnapi/wasi-threads@1.1.0", "@emnapi/wasi-threads@^1.1.0":
  version "1.1.0"
  resolved "https://registry.yarnpkg.com/@emnapi/wasi-threads/-/wasi-threads-1.1.0.tgz#60b2102fddc9ccb78607e4a3cf8403ea69be41bf"
  integrity sha512-WI0DdZ8xFSbgMjR1sFsKABJ/C5OnRrjT06JXbZKexJGrDuPTzZdDYfFlsgcCXCyf+suG5QU2e/y1Wo2V/OapLQ==
  dependencies:
    tslib "^2.4.0"

"@img/colour@^1.0.0":
  version "1.0.0"
  resolved "https://registry.yarnpkg.com/@img/colour/-/colour-1.0.0.tgz#d2fabb223455a793bf3bf9c70de3d28526aa8311"
  integrity sha512-A5P/LfWGFSl6nsckYtjw9da+19jB8hkJ6ACTGcDfEJ0aE+l2n2El7dsVM7UVHZQ9s2lmYMWlrS21YLy2IR1LUw==

"@img/sharp-darwin-arm64@0.34.4":
  version "0.34.4"
  resolved "https://registry.yarnpkg.com/@img/sharp-darwin-arm64/-/sharp-darwin-arm64-0.34.4.tgz#8a0dcac9e621ff533fbf2e830f6a977b38d67a0c"
  integrity sha512-sitdlPzDVyvmINUdJle3TNHl+AG9QcwiAMsXmccqsCOMZNIdW2/7S26w0LyU8euiLVzFBL3dXPwVCq/ODnf2vA==
  optionalDependencies:
    "@img/sharp-libvips-darwin-arm64" "1.2.3"

"@img/sharp-darwin-x64@0.34.4":
  version "0.34.4"
  resolved "https://registry.yarnpkg.com/@img/sharp-darwin-x64/-/sharp-darwin-x64-0.34.4.tgz#0ba2bd9dbf07f7300fab73305b787e66156f7752"
  integrity sha512-rZheupWIoa3+SOdF/IcUe1ah4ZDpKBGWcsPX6MT0lYniH9micvIU7HQkYTfrx5Xi8u+YqwLtxC/3vl8TQN6rMg==
  optionalDependencies:
    "@img/sharp-libvips-darwin-x64" "1.2.3"

"@img/sharp-libvips-darwin-arm64@1.2.3":
  version "1.2.3"
  resolved "https://registry.yarnpkg.com/@img/sharp-libvips-darwin-arm64/-/sharp-libvips-darwin-arm64-1.2.3.tgz#f43c9aa3b74fd307e4318da63ebbe0ed4c34e744"
  integrity sha512-QzWAKo7kpHxbuHqUC28DZ9pIKpSi2ts2OJnoIGI26+HMgq92ZZ4vk8iJd4XsxN+tYfNJxzH6W62X5eTcsBymHw==

"@img/sharp-libvips-darwin-x64@1.2.3":
  version "1.2.3"
  resolved "https://registry.yarnpkg.com/@img/sharp-libvips-darwin-x64/-/sharp-libvips-darwin-x64-1.2.3.tgz#c42ff786d4a1f42ef8929dba4a989dd5df6417f0"
  integrity sha512-Ju+g2xn1E2AKO6YBhxjj+ACcsPQRHT0bhpglxcEf+3uyPY+/gL8veniKoo96335ZaPo03bdDXMv0t+BBFAbmRA==

"@img/sharp-libvips-linux-arm64@1.2.3":
  version "1.2.3"
  resolved "https://registry.yarnpkg.com/@img/sharp-libvips-linux-arm64/-/sharp-libvips-linux-arm64-1.2.3.tgz#c9073e5c4b629ee417f777db21c552910d84ed77"
  integrity sha512-I4RxkXU90cpufazhGPyVujYwfIm9Nk1QDEmiIsaPwdnm013F7RIceaCc87kAH+oUB1ezqEvC6ga4m7MSlqsJvQ==

"@img/sharp-libvips-linux-arm@1.2.3":
  version "1.2.3"
  resolved "https://registry.yarnpkg.com/@img/sharp-libvips-linux-arm/-/sharp-libvips-linux-arm-1.2.3.tgz#3cbc333fd6b8f224a14d69b03a1dd11df897c799"
  integrity sha512-x1uE93lyP6wEwGvgAIV0gP6zmaL/a0tGzJs/BIDDG0zeBhMnuUPm7ptxGhUbcGs4okDJrk4nxgrmxpib9g6HpA==

"@img/sharp-libvips-linux-ppc64@1.2.3":
  version "1.2.3"
  resolved "https://registry.yarnpkg.com/@img/sharp-libvips-linux-ppc64/-/sharp-libvips-linux-ppc64-1.2.3.tgz#68e0e0076299f43d838468675674fabcc7161d16"
  integrity sha512-Y2T7IsQvJLMCBM+pmPbM3bKT/yYJvVtLJGfCs4Sp95SjvnFIjynbjzsa7dY1fRJX45FTSfDksbTp6AGWudiyCg==

"@img/sharp-libvips-linux-s390x@1.2.3":
  version "1.2.3"
  resolved "https://registry.yarnpkg.com/@img/sharp-libvips-linux-s390x/-/sharp-libvips-linux-s390x-1.2.3.tgz#7da9ab11a50c0ca905979f0aae14a4ccffab27b2"
  integrity sha512-RgWrs/gVU7f+K7P+KeHFaBAJlNkD1nIZuVXdQv6S+fNA6syCcoboNjsV2Pou7zNlVdNQoQUpQTk8SWDHUA3y/w==

"@img/sharp-libvips-linux-x64@1.2.3":
  version "1.2.3"
  resolved "https://registry.yarnpkg.com/@img/sharp-libvips-linux-x64/-/sharp-libvips-linux-x64-1.2.3.tgz#3b162d6b190cf77926819040e09fb15eec42135e"
  integrity sha512-3JU7LmR85K6bBiRzSUc/Ff9JBVIFVvq6bomKE0e63UXGeRw2HPVEjoJke1Yx+iU4rL7/7kUjES4dZ/81Qjhyxg==

"@img/sharp-libvips-linuxmusl-arm64@1.2.3":
  version "1.2.3"
  resolved "https://registry.yarnpkg.com/@img/sharp-libvips-linuxmusl-arm64/-/sharp-libvips-linuxmusl-arm64-1.2.3.tgz#ac99576630dd8e33cb598d7c4586f6e0655912ea"
  integrity sha512-F9q83RZ8yaCwENw1GieztSfj5msz7GGykG/BA+MOUefvER69K/ubgFHNeSyUu64amHIYKGDs4sRCMzXVj8sEyw==

"@img/sharp-libvips-linuxmusl-x64@1.2.3":
  version "1.2.3"
  resolved "https://registry.yarnpkg.com/@img/sharp-libvips-linuxmusl-x64/-/sharp-libvips-linuxmusl-x64-1.2.3.tgz#93e9495af7bf6c4e0d41dd71d0196c35c3753a1c"
  integrity sha512-U5PUY5jbc45ANM6tSJpsgqmBF/VsL6LnxJmIf11kB7J5DctHgqm0SkuXzVWtIY90GnJxKnC/JT251TDnk1fu/g==

"@img/sharp-linux-arm64@0.34.4":
  version "0.34.4"
  resolved "https://registry.yarnpkg.com/@img/sharp-linux-arm64/-/sharp-linux-arm64-0.34.4.tgz#0570ff1a4fa6e1d6779456fca8b5e8c18a6a9cf2"
  integrity sha512-YXU1F/mN/Wu786tl72CyJjP/Ngl8mGHN1hST4BGl+hiW5jhCnV2uRVTNOcaYPs73NeT/H8Upm3y9582JVuZHrQ==
  optionalDependencies:
    "@img/sharp-libvips-linux-arm64" "1.2.3"

"@img/sharp-linux-arm@0.34.4":
  version "0.34.4"
  resolved "https://registry.yarnpkg.com/@img/sharp-linux-arm/-/sharp-linux-arm-0.34.4.tgz#5f020d933f54f3fc49203d32c3b7dd0ec11ffcdb"
  integrity sha512-Xyam4mlqM0KkTHYVSuc6wXRmM7LGN0P12li03jAnZ3EJWZqj83+hi8Y9UxZUbxsgsK1qOEwg7O0Bc0LjqQVtxA==
  optionalDependencies:
    "@img/sharp-libvips-linux-arm" "1.2.3"

"@img/sharp-linux-ppc64@0.34.4":
  version "0.34.4"
  resolved "https://registry.yarnpkg.com/@img/sharp-linux-ppc64/-/sharp-linux-ppc64-0.34.4.tgz#8d5775f6dc7e30ea3a1efa43798b7690bb5cb344"
  integrity sha512-F4PDtF4Cy8L8hXA2p3TO6s4aDt93v+LKmpcYFLAVdkkD3hSxZzee0rh6/+94FpAynsuMpLX5h+LRsSG3rIciUQ==
  optionalDependencies:
    "@img/sharp-libvips-linux-ppc64" "1.2.3"

"@img/sharp-linux-s390x@0.34.4":
  version "0.34.4"
  resolved "https://registry.yarnpkg.com/@img/sharp-linux-s390x/-/sharp-linux-s390x-0.34.4.tgz#740aa5b369188ee2c1913b1015e7f830f4dfdb50"
  integrity sha512-qVrZKE9Bsnzy+myf7lFKvng6bQzhNUAYcVORq2P7bDlvmF6u2sCmK2KyEQEBdYk+u3T01pVsPrkj943T1aJAsw==
  optionalDependencies:
    "@img/sharp-libvips-linux-s390x" "1.2.3"

"@img/sharp-linux-x64@0.34.4":
  version "0.34.4"
  resolved "https://registry.yarnpkg.com/@img/sharp-linux-x64/-/sharp-linux-x64-0.34.4.tgz#573ce4196b2d0771bba32acc13a37b7adc9b6212"
  integrity sha512-ZfGtcp2xS51iG79c6Vhw9CWqQC8l2Ot8dygxoDoIQPTat/Ov3qAa8qpxSrtAEAJW+UjTXc4yxCjNfxm4h6Xm2A==
  optionalDependencies:
    "@img/sharp-libvips-linux-x64" "1.2.3"

"@img/sharp-linuxmusl-arm64@0.34.4":
  version "0.34.4"
  resolved "https://registry.yarnpkg.com/@img/sharp-linuxmusl-arm64/-/sharp-linuxmusl-arm64-0.34.4.tgz#3c91bc8348cc3b42b43c6fca14f9dbb5cb47bd0d"
  integrity sha512-8hDVvW9eu4yHWnjaOOR8kHVrew1iIX+MUgwxSuH2XyYeNRtLUe4VNioSqbNkB7ZYQJj9rUTT4PyRscyk2PXFKA==
  optionalDependencies:
    "@img/sharp-libvips-linuxmusl-arm64" "1.2.3"

"@img/sharp-linuxmusl-x64@0.34.4":
  version "0.34.4"
  resolved "https://registry.yarnpkg.com/@img/sharp-linuxmusl-x64/-/sharp-linuxmusl-x64-0.34.4.tgz#33de7d476ac9e2db7ef654331b54cc679b806bda"
  integrity sha512-lU0aA5L8QTlfKjpDCEFOZsTYGn3AEiO6db8W5aQDxj0nQkVrZWmN3ZP9sYKWJdtq3PWPhUNlqehWyXpYDcI9Sg==
  optionalDependencies:
    "@img/sharp-libvips-linuxmusl-x64" "1.2.3"

"@img/sharp-wasm32@0.34.4":
  version "0.34.4"
  resolved "https://registry.yarnpkg.com/@img/sharp-wasm32/-/sharp-wasm32-0.34.4.tgz#d617f7b3f851f899802298f360667c20605c0198"
  integrity sha512-33QL6ZO/qpRyG7woB/HUALz28WnTMI2W1jgX3Nu2bypqLIKx/QKMILLJzJjI+SIbvXdG9fUnmrxR7vbi1sTBeA==
  dependencies:
    "@emnapi/runtime" "^1.5.0"

"@img/sharp-win32-arm64@0.34.4":
  version "0.34.4"
  resolved "https://registry.yarnpkg.com/@img/sharp-win32-arm64/-/sharp-win32-arm64-0.34.4.tgz#38e2c8a88826eac647f7c3f99efefb39897a8f5c"
  integrity sha512-2Q250do/5WXTwxW3zjsEuMSv5sUU4Tq9VThWKlU2EYLm4MB7ZeMwF+SFJutldYODXF6jzc6YEOC+VfX0SZQPqA==

"@img/sharp-win32-ia32@0.34.4":
  version "0.34.4"
  resolved "https://registry.yarnpkg.com/@img/sharp-win32-ia32/-/sharp-win32-ia32-0.34.4.tgz#003a7eb0fdaba600790c3007cfd756e41a9cf749"
  integrity sha512-3ZeLue5V82dT92CNL6rsal6I2weKw1cYu+rGKm8fOCCtJTR2gYeUfY3FqUnIJsMUPIH68oS5jmZ0NiJ508YpEw==

"@img/sharp-win32-x64@0.34.4":
  version "0.34.4"
  resolved "https://registry.yarnpkg.com/@img/sharp-win32-x64/-/sharp-win32-x64-0.34.4.tgz#b19f1f88ace8bfc20784a0ad31767f3438e025d1"
  integrity sha512-xIyj4wpYs8J18sVN3mSQjwrw7fKUqRw+Z5rnHNCy5fYTxigBz81u5mOMPmFumwjcn8+ld1ppptMBCLic1nz6ig==

"@isaacs/fs-minipass@^4.0.0":
  version "4.0.1"
  resolved "https://registry.yarnpkg.com/@isaacs/fs-minipass/-/fs-minipass-4.0.1.tgz#2d59ae3ab4b38fb4270bfa23d30f8e2e86c7fe32"
  integrity sha512-wgm9Ehl2jpeqP3zw/7mo3kRHFp5MEDhqAdwy1fTGkHAwnkGOVsgpvQhL8B5n1qlb01jV3n/bI0ZfZp5lWA1k4w==
  dependencies:
    minipass "^7.0.4"

"@jridgewell/gen-mapping@^0.3.5":
  version "0.3.13"
  resolved "https://registry.yarnpkg.com/@jridgewell/gen-mapping/-/gen-mapping-0.3.13.tgz#6342a19f44347518c93e43b1ac69deb3c4656a1f"
  integrity sha512-2kkt/7niJ6MgEPxF0bYdQ6etZaA+fQvDcLKckhy1yIQOzaoKjBBjSj63/aLVjYE3qhRt5dvM+uUyfCg6UKCBbA==
  dependencies:
    "@jridgewell/sourcemap-codec" "^1.5.0"
    "@jridgewell/trace-mapping" "^0.3.24"

"@jridgewell/remapping@^2.3.4":
  version "2.3.5"
  resolved "https://registry.yarnpkg.com/@jridgewell/remapping/-/remapping-2.3.5.tgz#375c476d1972947851ba1e15ae8f123047445aa1"
  integrity sha512-LI9u/+laYG4Ds1TDKSJW2YPrIlcVYOwi2fUC6xB43lueCjgxV4lffOCZCtYFiH6TNOX+tQKXx97T4IKHbhyHEQ==
  dependencies:
    "@jridgewell/gen-mapping" "^0.3.5"
    "@jridgewell/trace-mapping" "^0.3.24"

"@jridgewell/resolve-uri@^3.1.0":
  version "3.1.2"
  resolved "https://registry.yarnpkg.com/@jridgewell/resolve-uri/-/resolve-uri-3.1.2.tgz#7a0ee601f60f99a20c7c7c5ff0c80388c1189bd6"
  integrity sha512-bRISgCIjP20/tbWSPWMEi54QVPRZExkuD9lJL+UIxUKtwVJA8wW1Trb1jMs1RFXo1CBTNZ/5hpC9QvmKWdopKw==

"@jridgewell/sourcemap-codec@^1.4.14", "@jridgewell/sourcemap-codec@^1.5.0", "@jridgewell/sourcemap-codec@^1.5.5":
  version "1.5.5"
  resolved "https://registry.yarnpkg.com/@jridgewell/sourcemap-codec/-/sourcemap-codec-1.5.5.tgz#6912b00d2c631c0d15ce1a7ab57cd657f2a8f8ba"
  integrity sha512-cYQ9310grqxueWbl+WuIUIaiUaDcj7WOq5fVhEljNVgRfOUhY9fy2zTvfoqWsnebh8Sl70VScFbICvJnLKB0Og==

"@jridgewell/trace-mapping@^0.3.24":
  version "0.3.31"
  resolved "https://registry.yarnpkg.com/@jridgewell/trace-mapping/-/trace-mapping-0.3.31.tgz#db15d6781c931f3a251a3dac39501c98a6082fd0"
  integrity sha512-zzNR+SdQSDJzc8joaeP8QQoCQr8NuYx2dIIytl1QeBEZHJ9uW6hebsrYgbz8hJwUQao3TWCMtmfV8Nu1twOLAw==
  dependencies:
    "@jridgewell/resolve-uri" "^3.1.0"
    "@jridgewell/sourcemap-codec" "^1.4.14"

"@napi-rs/wasm-runtime@^1.0.5":
  version "1.0.6"
  resolved "https://registry.yarnpkg.com/@napi-rs/wasm-runtime/-/wasm-runtime-1.0.6.tgz#ba6cf875b7bf96052d0de29a91b029c94c6e9a48"
  integrity sha512-DXj75ewm11LIWUk198QSKUTxjyRjsBwk09MuMk5DGK+GDUtyPhhEHOGP/Xwwj3DjQXXkivoBirmOnKrLfc0+9g==
  dependencies:
    "@emnapi/core" "^1.5.0"
    "@emnapi/runtime" "^1.5.0"
    "@tybys/wasm-util" "^0.10.1"

"@next/env@15.4.2":
  version "15.4.2"
  resolved "https://registry.yarnpkg.com/@next/env/-/env-15.4.2.tgz#1f0536974e6d81cc1f0e7f1221b824a61310e324"
  integrity sha512-kd7MvW3pAP7tmk1NaiX4yG15xb2l4gNhteKQxt3f+NGR22qwPymn9RBuv26QKfIKmfo6z2NpgU8W2RT0s0jlvg==

"@next/swc-darwin-arm64@15.4.2":
  version "15.4.2"
  resolved "https://registry.yarnpkg.com/@next/swc-darwin-arm64/-/swc-darwin-arm64-15.4.2.tgz#f729096e4ccb13c4d8926c279a5de7157b36b261"
  integrity sha512-ovqjR8NjCBdBf1U+R/Gvn0RazTtXS9n6wqs84iFaCS1NHbw9ksVE4dfmsYcLoyUVd9BWE0bjkphOWrrz8uz/uw==

"@next/swc-darwin-x64@15.4.2":
  version "15.4.2"
  resolved "https://registry.yarnpkg.com/@next/swc-darwin-x64/-/swc-darwin-x64-15.4.2.tgz#fe4c32c93e9615ebdd1850eaee187623e59dd3b0"
  integrity sha512-I8d4W7tPqbdbHRI4z1iBfaoJIBrEG4fnWKIe+Rj1vIucNZ5cEinfwkBt3RcDF00bFRZRDpvKuDjgMFD3OyRBnw==

"@next/swc-linux-arm64-gnu@15.4.2":
  version "15.4.2"
  resolved "https://registry.yarnpkg.com/@next/swc-linux-arm64-gnu/-/swc-linux-arm64-gnu-15.4.2.tgz#b8df15297ba6a57a144636cac72c54884acab88d"
  integrity sha512-lvhz02dU3Ec5thzfQ2RCUeOFADjNkS/px1W7MBt7HMhf0/amMfT8Z/aXOwEA+cVWN7HSDRSUc8hHILoHmvajsg==

"@next/swc-linux-arm64-musl@15.4.2":
  version "15.4.2"
  resolved "https://registry.yarnpkg.com/@next/swc-linux-arm64-musl/-/swc-linux-arm64-musl-15.4.2.tgz#c32591a82c03bf73d2d9b869801b51aa7a3de22d"
  integrity sha512-v+5PPfL8UP+KKHS3Mox7QMoeFdMlaV0zeNMIF7eLC4qTiVSO0RPNnK0nkBZSD5BEkkf//c+vI9s/iHxddCZchA==

"@next/swc-linux-x64-gnu@15.4.2":
  version "15.4.2"
  resolved "https://registry.yarnpkg.com/@next/swc-linux-x64-gnu/-/swc-linux-x64-gnu-15.4.2.tgz#1bbbf8f5e5bea7ca11e8fad57d97ac9aa13d6ea2"
  integrity sha512-PHLYOC9W2cu6I/JEKo77+LW4uPNvyEQiSkVRUQPsOIsf01PRr8PtPhwtz3XNnC9At8CrzPkzqQ9/kYDg4R4Inw==

"@next/swc-linux-x64-musl@15.4.2":
  version "15.4.2"
  resolved "https://registry.yarnpkg.com/@next/swc-linux-x64-musl/-/swc-linux-x64-musl-15.4.2.tgz#27ca1a65a270ad4a2ae8d5e3f47851949710405e"
  integrity sha512-lpmUF9FfLFns4JbTu+5aJGA8aR9dXaA12eoNe9CJbVkGib0FDiPa4kBGTwy0xDxKNGlv3bLDViyx1U+qafmuJQ==

"@next/swc-win32-arm64-msvc@15.4.2":
  version "15.4.2"
  resolved "https://registry.yarnpkg.com/@next/swc-win32-arm64-msvc/-/swc-win32-arm64-msvc-15.4.2.tgz#3b426ad43cfaab72946e1ebe059b4ead81b28522"
  integrity sha512-aMjogoGnRepas0LQ/PBPsvvUzj+IoXw2IoDSEShEtrsu2toBiaxEWzOQuPZ8nie8+1iF7TA63S7rlp3YWAjNEg==

"@next/swc-win32-x64-msvc@15.4.2":
  version "15.4.2"
  resolved "https://registry.yarnpkg.com/@next/swc-win32-x64-msvc/-/swc-win32-x64-msvc-15.4.2.tgz#c23402879f14a0647a9e6890537fa07068452912"
  integrity sha512-FxwauyexSFu78wEqR/+NB9MnqXVj6SxJKwcVs2CRjeSX/jBagDCgtR2W36PZUYm0WPgY1pQ3C1+nn7zSnwROuw==

"@swc/helpers@0.5.15":
  version "0.5.15"
  resolved "https://registry.yarnpkg.com/@swc/helpers/-/helpers-0.5.15.tgz#79efab344c5819ecf83a43f3f9f811fc84b516d7"
  integrity sha512-JQ5TuMi45Owi4/BIMAJBoSQoOJu12oOk/gADqlcUL9JEdHB8vyjUSsxqeNXnmXHjYKMi2WcYtezGEEhqUI/E2g==
  dependencies:
    tslib "^2.8.0"

"@tailwindcss/node@4.1.14":
  version "4.1.14"
  resolved "https://registry.yarnpkg.com/@tailwindcss/node/-/node-4.1.14.tgz#cf3864490c746db6b06b46aa235df9021a289bad"
  integrity sha512-hpz+8vFk3Ic2xssIA3e01R6jkmsAhvkQdXlEbRTk6S10xDAtiQiM3FyvZVGsucefq764euO/b8WUW9ysLdThHw==
  dependencies:
    "@jridgewell/remapping" "^2.3.4"
    enhanced-resolve "^5.18.3"
    jiti "^2.6.0"
    lightningcss "1.30.1"
    magic-string "^0.30.19"
    source-map-js "^1.2.1"
    tailwindcss "4.1.14"

"@tailwindcss/oxide-android-arm64@4.1.14":
  version "4.1.14"
  resolved "https://registry.yarnpkg.com/@tailwindcss/oxide-android-arm64/-/oxide-android-arm64-4.1.14.tgz#8903678d75715d913b8f7c5f6fa0517af83b5111"
  integrity sha512-a94ifZrGwMvbdeAxWoSuGcIl6/DOP5cdxagid7xJv6bwFp3oebp7y2ImYsnZBMTwjn5Ev5xESvS3FFYUGgPODQ==

"@tailwindcss/oxide-darwin-arm64@4.1.14":
  version "4.1.14"
  resolved "https://registry.yarnpkg.com/@tailwindcss/oxide-darwin-arm64/-/oxide-darwin-arm64-4.1.14.tgz#72d56afadce829047a83d8512f29ee16cf6fbea5"
  integrity sha512-HkFP/CqfSh09xCnrPJA7jud7hij5ahKyWomrC3oiO2U9i0UjP17o9pJbxUN0IJ471GTQQmzwhp0DEcpbp4MZTA==

"@tailwindcss/oxide-darwin-x64@4.1.14":
  version "4.1.14"
  resolved "https://registry.yarnpkg.com/@tailwindcss/oxide-darwin-x64/-/oxide-darwin-x64-4.1.14.tgz#ac1af82da01299143129fdf615f6fcc046b4094e"
  integrity sha512-eVNaWmCgdLf5iv6Qd3s7JI5SEFBFRtfm6W0mphJYXgvnDEAZ5sZzqmI06bK6xo0IErDHdTA5/t7d4eTfWbWOFw==

"@tailwindcss/oxide-freebsd-x64@4.1.14":
  version "4.1.14"
  resolved "https://registry.yarnpkg.com/@tailwindcss/oxide-freebsd-x64/-/oxide-freebsd-x64-4.1.14.tgz#a955cedf9b020147d222f92490e9d331db9b5c36"
  integrity sha512-QWLoRXNikEuqtNb0dhQN6wsSVVjX6dmUFzuuiL09ZeXju25dsei2uIPl71y2Ic6QbNBsB4scwBoFnlBfabHkEw==

"@tailwindcss/oxide-linux-arm-gnueabihf@4.1.14":
  version "4.1.14"
  resolved "https://registry.yarnpkg.com/@tailwindcss/oxide-linux-arm-gnueabihf/-/oxide-linux-arm-gnueabihf-4.1.14.tgz#5474bee4d377144107f3f0198a3c0225a46c02e6"
  integrity sha512-VB4gjQni9+F0VCASU+L8zSIyjrLLsy03sjcR3bM0V2g4SNamo0FakZFKyUQ96ZVwGK4CaJsc9zd/obQy74o0Fw==

"@tailwindcss/oxide-linux-arm64-gnu@4.1.14":
  version "4.1.14"
  resolved "https://registry.yarnpkg.com/@tailwindcss/oxide-linux-arm64-gnu/-/oxide-linux-arm64-gnu-4.1.14.tgz#b06ca140083b353735414e32f7a8786f55ce2dd6"
  integrity sha512-qaEy0dIZ6d9vyLnmeg24yzA8XuEAD9WjpM5nIM1sUgQ/Zv7cVkharPDQcmm/t/TvXoKo/0knI3me3AGfdx6w1w==

"@tailwindcss/oxide-linux-arm64-musl@4.1.14":
  version "4.1.14"
  resolved "https://registry.yarnpkg.com/@tailwindcss/oxide-linux-arm64-musl/-/oxide-linux-arm64-musl-4.1.14.tgz#85f4cabea2a07609274d1f747bd098c5da2a7cd2"
  integrity sha512-ISZjT44s59O8xKsPEIesiIydMG/sCXoMBCqsphDm/WcbnuWLxxb+GcvSIIA5NjUw6F8Tex7s5/LM2yDy8RqYBQ==

"@tailwindcss/oxide-linux-x64-gnu@4.1.14":
  version "4.1.14"
  resolved "https://registry.yarnpkg.com/@tailwindcss/oxide-linux-x64-gnu/-/oxide-linux-x64-gnu-4.1.14.tgz#0d7fbf91763a2f6886044a050298489107d120bd"
  integrity sha512-02c6JhLPJj10L2caH4U0zF8Hji4dOeahmuMl23stk0MU1wfd1OraE7rOloidSF8W5JTHkFdVo/O7uRUJJnUAJg==

"@tailwindcss/oxide-linux-x64-musl@4.1.14":
  version "4.1.14"
  resolved "https://registry.yarnpkg.com/@tailwindcss/oxide-linux-x64-musl/-/oxide-linux-x64-musl-4.1.14.tgz#93578713064ba4c16df517df01b3c546ecc9878d"
  integrity sha512-TNGeLiN1XS66kQhxHG/7wMeQDOoL0S33x9BgmydbrWAb9Qw0KYdd8o1ifx4HOGDWhVmJ+Ul+JQ7lyknQFilO3Q==

"@tailwindcss/oxide-wasm32-wasi@4.1.14":
  version "4.1.14"
  resolved "https://registry.yarnpkg.com/@tailwindcss/oxide-wasm32-wasi/-/oxide-wasm32-wasi-4.1.14.tgz#9e55999129a952a3dcc2196cc9cc55248cc1b1fe"
  integrity sha512-uZYAsaW/jS/IYkd6EWPJKW/NlPNSkWkBlaeVBi/WsFQNP05/bzkebUL8FH1pdsqx4f2fH/bWFcUABOM9nfiJkQ==
  dependencies:
    "@emnapi/core" "^1.5.0"
    "@emnapi/runtime" "^1.5.0"
    "@emnapi/wasi-threads" "^1.1.0"
    "@napi-rs/wasm-runtime" "^1.0.5"
    "@tybys/wasm-util" "^0.10.1"
    tslib "^2.4.0"

"@tailwindcss/oxide-win32-arm64-msvc@4.1.14":
  version "4.1.14"
  resolved "https://registry.yarnpkg.com/@tailwindcss/oxide-win32-arm64-msvc/-/oxide-win32-arm64-msvc-4.1.14.tgz#097c00bfc60cd84943a9cb5e853b25fa25525c77"
  integrity sha512-Az0RnnkcvRqsuoLH2Z4n3JfAef0wElgzHD5Aky/e+0tBUxUhIeIqFBTMNQvmMRSP15fWwmvjBxZ3Q8RhsDnxAA==

"@tailwindcss/oxide-win32-x64-msvc@4.1.14":
  version "4.1.14"
  resolved "https://registry.yarnpkg.com/@tailwindcss/oxide-win32-x64-msvc/-/oxide-win32-x64-msvc-4.1.14.tgz#eaa49fa930ce16b23478d3b58c079a40ac0b6622"
  integrity sha512-ttblVGHgf68kEE4om1n/n44I0yGPkCPbLsqzjvybhpwa6mKKtgFfAzy6btc3HRmuW7nHe0OOrSeNP9sQmmH9XA==

"@tailwindcss/oxide@4.1.14":
  version "4.1.14"
  resolved "https://registry.yarnpkg.com/@tailwindcss/oxide/-/oxide-4.1.14.tgz#acfc7869142665693b3b08e4e51d0f419ca13662"
  integrity sha512-23yx+VUbBwCg2x5XWdB8+1lkPajzLmALEfMb51zZUBYaYVPDQvBSD/WYDqiVyBIo2BZFa3yw1Rpy3G2Jp+K0dw==
  dependencies:
    detect-libc "^2.0.4"
    tar "^7.5.1"
  optionalDependencies:
    "@tailwindcss/oxide-android-arm64" "4.1.14"
    "@tailwindcss/oxide-darwin-arm64" "4.1.14"
    "@tailwindcss/oxide-darwin-x64" "4.1.14"
    "@tailwindcss/oxide-freebsd-x64" "4.1.14"
    "@tailwindcss/oxide-linux-arm-gnueabihf" "4.1.14"
    "@tailwindcss/oxide-linux-arm64-gnu" "4.1.14"
    "@tailwindcss/oxide-linux-arm64-musl" "4.1.14"
    "@tailwindcss/oxide-linux-x64-gnu" "4.1.14"
    "@tailwindcss/oxide-linux-x64-musl" "4.1.14"
    "@tailwindcss/oxide-wasm32-wasi" "4.1.14"
    "@tailwindcss/oxide-win32-arm64-msvc" "4.1.14"
    "@tailwindcss/oxide-win32-x64-msvc" "4.1.14"

"@tailwindcss/postcss@^4.1.14":
  version "4.1.14"
  resolved "https://registry.yarnpkg.com/@tailwindcss/postcss/-/postcss-4.1.14.tgz#29fd4e082b29460e4062a7bc4bf70b38a97f8fc5"
  integrity sha512-BdMjIxy7HUNThK87C7BC8I1rE8BVUsfNQSI5siQ4JK3iIa3w0XyVvVL9SXLWO//CtYTcp1v7zci0fYwJOjB+Zg==
  dependencies:
    "@alloc/quick-lru" "^5.2.0"
    "@tailwindcss/node" "4.1.14"
    "@tailwindcss/oxide" "4.1.14"
    postcss "^8.4.41"
    tailwindcss "4.1.14"

"@tybys/wasm-util@^0.10.1":
  version "0.10.1"
  resolved "https://registry.yarnpkg.com/@tybys/wasm-util/-/wasm-util-0.10.1.tgz#ecddd3205cf1e2d5274649ff0eedd2991ed7f414"
  integrity sha512-9tTaPJLSiejZKx+Bmog4uSubteqTvFrVrURwkmHixBo0G4seD0zUxp98E1DzUBJxLQ3NPwXrGKDiVjwx/DpPsg==
  dependencies:
    tslib "^2.4.0"

"@types/node@^24":
  version "24.6.2"
  resolved "https://registry.yarnpkg.com/@types/node/-/node-24.6.2.tgz#59b99878b6fed17e698e7d09e51c729c5877736a"
  integrity sha512-d2L25Y4j+W3ZlNAeMKcy7yDsK425ibcAOO2t7aPTz6gNMH0z2GThtwENCDc0d/Pw9wgyRqE5Px1wkV7naz8ang==
  dependencies:
    undici-types "~7.13.0"

"@types/react-dom@^19":
  version "19.2.0"
  resolved "https://registry.yarnpkg.com/@types/react-dom/-/react-dom-19.2.0.tgz#97ebfc8400702db00d1177b06ade6720dda641c1"
  integrity sha512-brtBs0MnE9SMx7px208g39lRmC5uHZs96caOJfTjFcYSLHNamvaSMfJNagChVNkup2SdtOxKX1FDBkRSJe1ZAg==

"@types/react@^19":
  version "19.2.0"
  resolved "https://registry.yarnpkg.com/@types/react/-/react-19.2.0.tgz#8412946e7e1efb0de9bb59b3aa87676d96add385"
  integrity sha512-1LOH8xovvsKsCBq1wnT4ntDUdCJKmnEakhsuoUSy6ExlHCkGP2hqnatagYTgFk6oeL0VU31u7SNjunPN+GchtA==
  dependencies:
    csstype "^3.0.2"

caniuse-lite@^1.0.30001579:
  version "1.0.30001748"
  resolved "https://registry.yarnpkg.com/caniuse-lite/-/caniuse-lite-1.0.30001748.tgz#628a5a9293014e58f8ba1216bb4966b04c58bee0"
  integrity sha512-5P5UgAr0+aBmNiplks08JLw+AW/XG/SurlgZLgB1dDLfAw7EfRGxIwzPHxdSCGY/BTKDqIVyJL87cCN6s0ZR0w==

chownr@^3.0.0:
  version "3.0.0"
  resolved "https://registry.yarnpkg.com/chownr/-/chownr-3.0.0.tgz#9855e64ecd240a9cc4267ce8a4aa5d24a1da15e4"
  integrity sha512-+IxzY9BZOQd/XuYPRmrvEVjF/nqj5kgT4kEq7VofrDoM1MxoRjEWkrCC3EtLi59TVawxTAn+orJwFQcrqEN1+g==

client-only@0.0.1:
  version "0.0.1"
  resolved "https://registry.yarnpkg.com/client-only/-/client-only-0.0.1.tgz#38bba5d403c41ab150bff64a95c85013cf73bca1"
  integrity sha512-IV3Ou0jSMzZrd3pZ48nLkT9DA7Ag1pnPzaiQhpW7c3RbcqqzvzzVu+L8gfqMp/8IM2MQtSiqaCxrrcfu8I8rMA==

clsx@^2.1.1:
  version "2.1.1"
  resolved "https://registry.yarnpkg.com/clsx/-/clsx-2.1.1.tgz#eed397c9fd8bd882bfb18deab7102049a2f32999"
  integrity sha512-eYm0QWBtUrBWZWG0d386OGAw16Z995PiOVo2B7bjWSbHedGl5e0ZWaq65kOGgUSNesEIDkB9ISbTg/JK9dhCZA==

csstype@^3.0.2:
  version "3.1.3"
  resolved "https://registry.yarnpkg.com/csstype/-/csstype-3.1.3.tgz#d80ff294d114fb0e6ac500fbf85b60137d7eff81"
  integrity sha512-M1uQkMl8rQK/szD0LNhtqxIPLpimGm8sOBwU7lLnCpSbTyY3yeU1Vc7l4KT5zT4s/yOxHH5O7tIuuLOCnLADRw==

detect-libc@^2.0.3, detect-libc@^2.0.4, detect-libc@^2.1.0:
  version "2.1.2"
  resolved "https://registry.yarnpkg.com/detect-libc/-/detect-libc-2.1.2.tgz#689c5dcdc1900ef5583a4cb9f6d7b473742074ad"
  integrity sha512-Btj2BOOO83o3WyH59e8MgXsxEQVcarkUOpEYrubB0urwnN10yQ364rsiByU11nZlqWYZm05i/of7io4mzihBtQ==

enhanced-resolve@^5.18.3:
  version "5.18.3"
  resolved "https://registry.yarnpkg.com/enhanced-resolve/-/enhanced-resolve-5.18.3.tgz#9b5f4c5c076b8787c78fe540392ce76a88855b44"
  integrity sha512-d4lC8xfavMeBjzGr2vECC3fsGXziXZQyJxD868h2M/mBI3PwAuODxAkLkq5HYuvrPYcUtiLzsTo8U3PgX3Ocww==
  dependencies:
    graceful-fs "^4.2.4"
    tapable "^2.2.0"

graceful-fs@^4.2.4:
  version "4.2.11"
  resolved "https://registry.yarnpkg.com/graceful-fs/-/graceful-fs-4.2.11.tgz#4183e4e8bf08bb6e05bbb2f7d2e0c8f712ca40e3"
  integrity sha512-RbJ5/jmFcNNCcDV5o9eTnBLJ/HszWV0P73bc+Ff4nS/rJj+YaS6IGyiOL0VoBYX+l1Wrl3k63h/KrH+nhJ0XvQ==

jiti@^2.6.0:
  version "2.6.1"
  resolved "https://registry.yarnpkg.com/jiti/-/jiti-2.6.1.tgz#178ef2fc9a1a594248c20627cd820187a4d78d92"
  integrity sha512-ekilCSN1jwRvIbgeg/57YFh8qQDNbwDb9xT/qu2DAHbFFZUicIl4ygVaAvzveMhMVr3LnpSKTNnwt8PoOfmKhQ==

lightningcss-darwin-arm64@1.30.1:
  version "1.30.1"
  resolved "https://registry.yarnpkg.com/lightningcss-darwin-arm64/-/lightningcss-darwin-arm64-1.30.1.tgz#3d47ce5e221b9567c703950edf2529ca4a3700ae"
  integrity sha512-c8JK7hyE65X1MHMN+Viq9n11RRC7hgin3HhYKhrMyaXflk5GVplZ60IxyoVtzILeKr+xAJwg6zK6sjTBJ0FKYQ==

lightningcss-darwin-x64@1.30.1:
  version "1.30.1"
  resolved "https://registry.yarnpkg.com/lightningcss-darwin-x64/-/lightningcss-darwin-x64-1.30.1.tgz#e81105d3fd6330860c15fe860f64d39cff5fbd22"
  integrity sha512-k1EvjakfumAQoTfcXUcHQZhSpLlkAuEkdMBsI/ivWw9hL+7FtilQc0Cy3hrx0AAQrVtQAbMI7YjCgYgvn37PzA==

lightningcss-freebsd-x64@1.30.1:
  version "1.30.1"
  resolved "https://registry.yarnpkg.com/lightningcss-freebsd-x64/-/lightningcss-freebsd-x64-1.30.1.tgz#a0e732031083ff9d625c5db021d09eb085af8be4"
  integrity sha512-kmW6UGCGg2PcyUE59K5r0kWfKPAVy4SltVeut+umLCFoJ53RdCUWxcRDzO1eTaxf/7Q2H7LTquFHPL5R+Gjyig==

lightningcss-linux-arm-gnueabihf@1.30.1:
  version "1.30.1"
  resolved "https://registry.yarnpkg.com/lightningcss-linux-arm-gnueabihf/-/lightningcss-linux-arm-gnueabihf-1.30.1.tgz#1f5ecca6095528ddb649f9304ba2560c72474908"
  integrity sha512-MjxUShl1v8pit+6D/zSPq9S9dQ2NPFSQwGvxBCYaBYLPlCWuPh9/t1MRS8iUaR8i+a6w7aps+B4N0S1TYP/R+Q==

lightningcss-linux-arm64-gnu@1.30.1:
  version "1.30.1"
  resolved "https://registry.yarnpkg.com/lightningcss-linux-arm64-gnu/-/lightningcss-linux-arm64-gnu-1.30.1.tgz#eee7799726103bffff1e88993df726f6911ec009"
  integrity sha512-gB72maP8rmrKsnKYy8XUuXi/4OctJiuQjcuqWNlJQ6jZiWqtPvqFziskH3hnajfvKB27ynbVCucKSm2rkQp4Bw==

lightningcss-linux-arm64-musl@1.30.1:
  version "1.30.1"
  resolved "https://registry.yarnpkg.com/lightningcss-linux-arm64-musl/-/lightningcss-linux-arm64-musl-1.30.1.tgz#f2e4b53f42892feeef8f620cbb889f7c064a7dfe"
  integrity sha512-jmUQVx4331m6LIX+0wUhBbmMX7TCfjF5FoOH6SD1CttzuYlGNVpA7QnrmLxrsub43ClTINfGSYyHe2HWeLl5CQ==

lightningcss-linux-x64-gnu@1.30.1:
  version "1.30.1"
  resolved "https://registry.yarnpkg.com/lightningcss-linux-x64-gnu/-/lightningcss-linux-x64-gnu-1.30.1.tgz#2fc7096224bc000ebb97eea94aea248c5b0eb157"
  integrity sha512-piWx3z4wN8J8z3+O5kO74+yr6ze/dKmPnI7vLqfSqI8bccaTGY5xiSGVIJBDd5K5BHlvVLpUB3S2YCfelyJ1bw==

lightningcss-linux-x64-musl@1.30.1:
  version "1.30.1"
  resolved "https://registry.yarnpkg.com/lightningcss-linux-x64-musl/-/lightningcss-linux-x64-musl-1.30.1.tgz#66dca2b159fd819ea832c44895d07e5b31d75f26"
  integrity sha512-rRomAK7eIkL+tHY0YPxbc5Dra2gXlI63HL+v1Pdi1a3sC+tJTcFrHX+E86sulgAXeI7rSzDYhPSeHHjqFhqfeQ==

lightningcss-win32-arm64-msvc@1.30.1:
  version "1.30.1"
  resolved "https://registry.yarnpkg.com/lightningcss-win32-arm64-msvc/-/lightningcss-win32-arm64-msvc-1.30.1.tgz#7d8110a19d7c2d22bfdf2f2bb8be68e7d1b69039"
  integrity sha512-mSL4rqPi4iXq5YVqzSsJgMVFENoa4nGTT/GjO2c0Yl9OuQfPsIfncvLrEW6RbbB24WtZ3xP/2CCmI3tNkNV4oA==

lightningcss-win32-x64-msvc@1.30.1:
  version "1.30.1"
  resolved "https://registry.yarnpkg.com/lightningcss-win32-x64-msvc/-/lightningcss-win32-x64-msvc-1.30.1.tgz#fd7dd008ea98494b85d24b4bea016793f2e0e352"
  integrity sha512-PVqXh48wh4T53F/1CCu8PIPCxLzWyCnn/9T5W1Jpmdy5h9Cwd+0YQS6/LwhHXSafuc61/xg9Lv5OrCby6a++jg==

lightningcss@1.30.1:
  version "1.30.1"
  resolved "https://registry.yarnpkg.com/lightningcss/-/lightningcss-1.30.1.tgz#78e979c2d595bfcb90d2a8c0eb632fe6c5bfed5d"
  integrity sha512-xi6IyHML+c9+Q3W0S4fCQJOym42pyurFiJUHEcEyHS0CeKzia4yZDEsLlqOFykxOdHpNy0NmvVO31vcSqAxJCg==
  dependencies:
    detect-libc "^2.0.3"
  optionalDependencies:
    lightningcss-darwin-arm64 "1.30.1"
    lightningcss-darwin-x64 "1.30.1"
    lightningcss-freebsd-x64 "1.30.1"
    lightningcss-linux-arm-gnueabihf "1.30.1"
    lightningcss-linux-arm64-gnu "1.30.1"
    lightningcss-linux-arm64-musl "1.30.1"
    lightningcss-linux-x64-gnu "1.30.1"
    lightningcss-linux-x64-musl "1.30.1"
    lightningcss-win32-arm64-msvc "1.30.1"
    lightningcss-win32-x64-msvc "1.30.1"

lucide-react@^0.525.0:
  version "0.525.0"
  resolved "https://registry.yarnpkg.com/lucide-react/-/lucide-react-0.525.0.tgz#5f7bcecd65e4f9b2b5b6b5d295e3376df032d5e3"
  integrity sha512-Tm1txJ2OkymCGkvwoHt33Y2JpN5xucVq1slHcgE6Lk0WjDfjgKWor5CdVER8U6DvcfMwh4M8XxmpTiyzfmfDYQ==

magic-string@^0.30.19:
  version "0.30.19"
  resolved "https://registry.yarnpkg.com/magic-string/-/magic-string-0.30.19.tgz#cebe9f104e565602e5d2098c5f2e79a77cc86da9"
  integrity sha512-2N21sPY9Ws53PZvsEpVtNuSW+ScYbQdp4b9qUaL+9QkHUrGFKo56Lg9Emg5s9V/qrtNBmiR01sYhUOwu3H+VOw==
  dependencies:
    "@jridgewell/sourcemap-codec" "^1.5.5"

minipass@^7.0.4, minipass@^7.1.2:
  version "7.1.2"
  resolved "https://registry.yarnpkg.com/minipass/-/minipass-7.1.2.tgz#93a9626ce5e5e66bd4db86849e7515e92340a707"
  integrity sha512-qOOzS1cBTWYF4BH8fVePDBOO9iptMnGUEZwNc/cMWnTV2nVLZ7VoNWEPHkYczZA0pdoA7dl6e7FL659nX9S2aw==

minizlib@^3.1.0:
  version "3.1.0"
  resolved "https://registry.yarnpkg.com/minizlib/-/minizlib-3.1.0.tgz#6ad76c3a8f10227c9b51d1c9ac8e30b27f5a251c"
  integrity sha512-KZxYo1BUkWD2TVFLr0MQoM8vUUigWD3LlD83a/75BqC+4qE0Hb1Vo5v1FgcfaNXvfXzr+5EhQ6ing/CaBijTlw==
  dependencies:
    minipass "^7.1.2"

nanoid@^3.3.11, nanoid@^3.3.6:
  version "3.3.11"
  resolved "https://registry.yarnpkg.com/nanoid/-/nanoid-3.3.11.tgz#4f4f112cefbe303202f2199838128936266d185b"
  integrity sha512-N8SpfPUnUp1bK+PMYW8qSWdl9U+wwNWI4QKxOYDy9JAro3WMX7p2OeVRF9v+347pnakNevPmiHhNmZ2HbFA76w==

next@15.4.2:
  version "15.4.2"
  resolved "https://registry.yarnpkg.com/next/-/next-15.4.2.tgz#47f31a94bdb6a8e2d8eb7698a9cfc9886728eedb"
  integrity sha512-oH1rmFso+84NIkocfuxaGKcXIjMUTmnzV2x0m8qsYtB4gD6iflLMESXt5XJ8cFgWMBei4v88rNr/j+peNg72XA==
  dependencies:
    "@next/env" "15.4.2"
    "@swc/helpers" "0.5.15"
    caniuse-lite "^1.0.30001579"
    postcss "8.4.31"
    styled-jsx "5.1.6"
  optionalDependencies:
    "@next/swc-darwin-arm64" "15.4.2"
    "@next/swc-darwin-x64" "15.4.2"
    "@next/swc-linux-arm64-gnu" "15.4.2"
    "@next/swc-linux-arm64-musl" "15.4.2"
    "@next/swc-linux-x64-gnu" "15.4.2"
    "@next/swc-linux-x64-musl" "15.4.2"
    "@next/swc-win32-arm64-msvc" "15.4.2"
    "@next/swc-win32-x64-msvc" "15.4.2"
    sharp "^0.34.3"

picocolors@^1.0.0, picocolors@^1.1.1:
  version "1.1.1"
  resolved "https://registry.yarnpkg.com/picocolors/-/picocolors-1.1.1.tgz#3d321af3eab939b083c8f929a1d12cda81c26b6b"
  integrity sha512-xceH2snhtb5M9liqDsmEw56le376mTZkEX/jEb/RxNFyegNul7eNslCXP9FDj/Lcu0X8KEyMceP2ntpaHrDEVA==

postcss@8.4.31:
  version "8.4.31"
  resolved "https://registry.yarnpkg.com/postcss/-/postcss-8.4.31.tgz#92b451050a9f914da6755af352bdc0192508656d"
  integrity sha512-PS08Iboia9mts/2ygV3eLpY5ghnUcfLV/EXTOW1E2qYxJKGGBUtNjN76FYHnMs36RmARn41bC0AZmn+rR0OVpQ==
  dependencies:
    nanoid "^3.3.6"
    picocolors "^1.0.0"
    source-map-js "^1.0.2"

postcss@^8.4.41, postcss@^8.5.6:
  version "8.5.6"
  resolved "https://registry.yarnpkg.com/postcss/-/postcss-8.5.6.tgz#2825006615a619b4f62a9e7426cc120b349a8f3c"
  integrity sha512-3Ybi1tAuwAP9s0r1UQ2J4n5Y0G05bJkpUIO0/bI9MhwmD70S5aTWbXGBwxHrelT+XM1k6dM0pk+SwNkpTRN7Pg==
  dependencies:
    nanoid "^3.3.11"
    picocolors "^1.1.1"
    source-map-js "^1.2.1"

react-dom@^19:
  version "19.2.0"
  resolved "https://registry.yarnpkg.com/react-dom/-/react-dom-19.2.0.tgz#00ed1e959c365e9a9d48f8918377465466ec3af8"
  integrity sha512-UlbRu4cAiGaIewkPyiRGJk0imDN2T3JjieT6spoL2UeSf5od4n5LB/mQ4ejmxhCFT1tYe8IvaFulzynWovsEFQ==
  dependencies:
    scheduler "^0.27.0"

react@^19:
  version "19.2.0"
  resolved "https://registry.yarnpkg.com/react/-/react-19.2.0.tgz#d33dd1721698f4376ae57a54098cb47fc75d93a5"
  integrity sha512-tmbWg6W31tQLeB5cdIBOicJDJRR2KzXsV7uSK9iNfLWQ5bIZfxuPEHp7M8wiHyHnn0DD1i7w3Zmin0FtkrwoCQ==

scheduler@^0.27.0:
  version "0.27.0"
  resolved "https://registry.yarnpkg.com/scheduler/-/scheduler-0.27.0.tgz#0c4ef82d67d1e5c1e359e8fc76d3a87f045fe5bd"
  integrity sha512-eNv+WrVbKu1f3vbYJT/xtiF5syA5HPIMtf9IgY/nKg0sWqzAUEvqY/xm7OcZc/qafLx/iO9FgOmeSAp4v5ti/Q==

semver@^7.7.2:
  version "7.7.2"
  resolved "https://registry.yarnpkg.com/semver/-/semver-7.7.2.tgz#67d99fdcd35cec21e6f8b87a7fd515a33f982b58"
  integrity sha512-RF0Fw+rO5AMf9MAyaRXI4AV0Ulj5lMHqVxxdSgiVbixSCXoEmmX/jk0CuJw4+3SqroYO9VoUh+HcuJivvtJemA==

sharp@^0.34.3:
  version "0.34.4"
  resolved "https://registry.yarnpkg.com/sharp/-/sharp-0.34.4.tgz#73c2c5a425e98250b8b927e5537f711da8966e38"
  integrity sha512-FUH39xp3SBPnxWvd5iib1X8XY7J0K0X7d93sie9CJg2PO8/7gmg89Nve6OjItK53/MlAushNNxteBYfM6DEuoA==
  dependencies:
    "@img/colour" "^1.0.0"
    detect-libc "^2.1.0"
    semver "^7.7.2"
  optionalDependencies:
    "@img/sharp-darwin-arm64" "0.34.4"
    "@img/sharp-darwin-x64" "0.34.4"
    "@img/sharp-libvips-darwin-arm64" "1.2.3"
    "@img/sharp-libvips-darwin-x64" "1.2.3"
    "@img/sharp-libvips-linux-arm" "1.2.3"
    "@img/sharp-libvips-linux-arm64" "1.2.3"
    "@img/sharp-libvips-linux-ppc64" "1.2.3"
    "@img/sharp-libvips-linux-s390x" "1.2.3"
    "@img/sharp-libvips-linux-x64" "1.2.3"
    "@img/sharp-libvips-linuxmusl-arm64" "1.2.3"
    "@img/sharp-libvips-linuxmusl-x64" "1.2.3"
    "@img/sharp-linux-arm" "0.34.4"
    "@img/sharp-linux-arm64" "0.34.4"
    "@img/sharp-linux-ppc64" "0.34.4"
    "@img/sharp-linux-s390x" "0.34.4"
    "@img/sharp-linux-x64" "0.34.4"
    "@img/sharp-linuxmusl-arm64" "0.34.4"
    "@img/sharp-linuxmusl-x64" "0.34.4"
    "@img/sharp-wasm32" "0.34.4"
    "@img/sharp-win32-arm64" "0.34.4"
    "@img/sharp-win32-ia32" "0.34.4"
    "@img/sharp-win32-x64" "0.34.4"

source-map-js@^1.0.2, source-map-js@^1.2.1:
  version "1.2.1"
  resolved "https://registry.yarnpkg.com/source-map-js/-/source-map-js-1.2.1.tgz#1ce5650fddd87abc099eda37dcff024c2667ae46"
  integrity sha512-UXWMKhLOwVKb728IUtQPXxfYU+usdybtUrK/8uGE8CQMvrhOpwvzDBwj0QhSL7MQc7vIsISBG8VQ8+IDQxpfQA==

styled-jsx@5.1.6:
  version "5.1.6"
  resolved "https://registry.yarnpkg.com/styled-jsx/-/styled-jsx-5.1.6.tgz#83b90c077e6c6a80f7f5e8781d0f311b2fe41499"
  integrity sha512-qSVyDTeMotdvQYoHWLNGwRFJHC+i+ZvdBRYosOFgC+Wg1vx4frN2/RG/NA7SYqqvKNLf39P2LSRA2pu6n0XYZA==
  dependencies:
    client-only "0.0.1"

tailwind-merge@^3.3.1:
  version "3.3.1"
  resolved "https://registry.yarnpkg.com/tailwind-merge/-/tailwind-merge-3.3.1.tgz#a7e7db7c714f6020319e626ecfb7e7dac8393a4b"
  integrity sha512-gBXpgUm/3rp1lMZZrM/w7D8GKqshif0zAymAhbCyIt8KMe+0v9DQ7cdYLR4FHH/cKpdTXb+A/tKKU3eolfsI+g==

tailwindcss@4.1.14, tailwindcss@^4.1.14:
  version "4.1.14"
  resolved "https://registry.yarnpkg.com/tailwindcss/-/tailwindcss-4.1.14.tgz#a5907cc2202a2a1f5f15bac6f2031e53117e43a8"
  integrity sha512-b7pCxjGO98LnxVkKjaZSDeNuljC4ueKUddjENJOADtubtdo8llTaJy7HwBMeLNSSo2N5QIAgklslK1+Ir8r6CA==

tapable@^2.2.0:
  version "2.3.0"
  resolved "https://registry.yarnpkg.com/tapable/-/tapable-2.3.0.tgz#7e3ea6d5ca31ba8e078b560f0d83ce9a14aa8be6"
  integrity sha512-g9ljZiwki/LfxmQADO3dEY1CbpmXT5Hm2fJ+QaGKwSXUylMybePR7/67YW7jOrrvjEgL1Fmz5kzyAjWVWLlucg==

tar@^7.5.1:
  version "7.5.1"
  resolved "https://registry.yarnpkg.com/tar/-/tar-7.5.1.tgz#750a8bd63b7c44c1848e7bf982260a083cf747c9"
  integrity sha512-nlGpxf+hv0v7GkWBK2V9spgactGOp0qvfWRxUMjqHyzrt3SgwE48DIv/FhqPHJYLHpgW1opq3nERbz5Anq7n1g==
  dependencies:
    "@isaacs/fs-minipass" "^4.0.0"
    chownr "^3.0.0"
    minipass "^7.1.2"
    minizlib "^3.1.0"
    yallist "^5.0.0"

tslib@^2.4.0, tslib@^2.8.0:
  version "2.8.1"
  resolved "https://registry.yarnpkg.com/tslib/-/tslib-2.8.1.tgz#612efe4ed235d567e8aba5f2a5fab70280ade83f"
  integrity sha512-oJFu94HQb+KVduSUQL7wnpmqnfmLsOA/nAh6b6EH0wCEoK0/mPeXU6c3wKDV83MkOuHPRHtSXKKU99IBazS/2w==

typescript@^5:
  version "5.9.3"
  resolved "https://registry.yarnpkg.com/typescript/-/typescript-5.9.3.tgz#5b4f59e15310ab17a216f5d6cf53ee476ede670f"
  integrity sha512-jl1vZzPDinLr9eUt3J/t7V6FgNEw9QjvBPdysz9KfQDD41fQrC2Y4vKQdiaUpFT4bXlb1RHhLpp8wtm6M5TgSw==

undici-types@~7.13.0:
  version "7.13.0"
  resolved "https://registry.yarnpkg.com/undici-types/-/undici-types-7.13.0.tgz#a20ba7c0a2be0c97bd55c308069d29d167466bff"
  integrity sha512-Ov2Rr9Sx+fRgagJ5AX0qvItZG/JKKoBRAVITs1zk7IqZGTJUwgUr7qoYBpWwakpWilTZFM98rG/AFRocu10iIQ==

yallist@^5.0.0:
  version "5.0.0"
  resolved "https://registry.yarnpkg.com/yallist/-/yallist-5.0.0.tgz#00e2de443639ed0d78fd87de0d27469fbcffb533"
  integrity sha512-YgvUTfwqyc7UXVMrB+SImsVYSmTS8X/tSrtdNZMImM+n7+QTriRXyXim0mBrTXNeqzVF0KWGgHPeiyViFFrNDw==
