{
    "_meta": {
        "hash": {
            "sha256": "478f89764c97a398cc286f65f32158797b4624676c832539468711058284b217"
        },
        "pipfile-spec": 6,
        "requires": {
            "python_version": "3.13"
        },
        "sources": [
            {
                "name": "pypi",
                "url": "https://pypi.org/simple",
                "verify_ssl": true
            }
        ]
    },
    "default": {},
    "develop": {}
}
