#MicroXplorer Configuration settings - do not modify
Mcu.Family=STM32F3
ProjectManager.MainLocation=Src
RCC.MCOFreq_Value=72000000
RCC.USART1Freq_Value=72000000
ADC1.LowPowerAutoWait=DISABLE
RCC.CortexFreq_Value=72000000
ProjectManager.KeepUserCode=true
Mcu.UserName=STM32F302CCTx
ADC1.Overrun=ADC_OVR_DATA_OVERWRITTEN
ADC1.ContinuousConvMode=DISABLE
FREERTOS.configUSE_DAEMON_TASK_STARTUP_HOOK=0
RCC.PLLCLKFreq_Value=72000000
CAN.RFLM=ENABLE
VP_IWDG_VS_IWDG.Mode=IWDG_Activate
RCC.SYSCLKSourceVirtual=RCC_SYSCLKSOURCE_PLLCLK
PA0.GPIO_Label=UNUSED_ANALOG_IN1
ProjectManager.functionlistsort=1-MX_GPIO_Init-GPIO-false-HAL-true,2-SystemClock_Config-RCC-false-HAL-false,3-MX_ADC1_Init-ADC1-false-HAL-true,4-MX_CAN_Init-CAN-false-HAL-true,5-MX_IWDG_Init-IWDG-false-HAL-true
PA11.Mode=Master
RCC.RTCFreq_Value=40000
PA3.GPIOParameters=PinState,GPIO_Label
FREERTOS.configTICK_RATE_HZ=1000
RCC.HSEPLLFreq_Value=8000000
RCC.USART2Freq_Value=36000000
CAN.SJW=CAN_SJW_4TQ
PB11.Signal=GPIO_Output
PA5.PinState=GPIO_PIN_SET
FREERTOS.configUSE_TASK_NOTIFICATIONS=1
PinOutPanel.RotationAngle=0
ProjectManager.StackSize=0x400
PB5.GPIOParameters=GPIO_Label
CAN.TTCM=DISABLE
Mcu.IP4=NVIC
Mcu.IP5=RCC
RCC.FCLKCortexFreq_Value=72000000
Mcu.IP2=FREERTOS
NVIC.SVCall_IRQn=true\:0\:0\:false\:false\:false\:false\:false\:false
Mcu.IP3=IWDG
PB4.GPIOParameters=GPIO_Label
Mcu.IP0=ADC1
PA12.Locked=true
Mcu.IP1=CAN
FREERTOS.INCLUDE_pcTaskGetTaskName=0
PA12.Signal=CAN_TX
CAN.Prescaler=9
Mcu.UserConstants=IWDG_WINDOW_DISABLE_VALUE,4095;LSI_FREQUENCY,40000;IWDG_PRESCALER,4;IWDG_RESET_FREQUENCY,5;TASK1HZ_STACK_SIZE,512;TASK100HZ_STACK_SIZE,512;TASK1KHZ_STACK_SIZE,512;TASKCANRX_STACK_SIZE,512;TASKCANTX_STACK_SIZE,512
Mcu.ThirdPartyNb=0
ADC1.Offset-0\#ChannelRegularConversion=0
FREERTOS.configUSE_STATS_FORMATTING_FUNCTIONS=0
RCC.HCLKFreq_Value=72000000
Mcu.IPNb=7
ADC1.Resolution=ADC_RESOLUTION_12B
ProjectManager.PreviousToolchain=SW4STM32
RCC.APB2TimFreq_Value=72000000
PB6.Signal=I2C1_SCL
ADC1.InjNumberOfConversion=0
FREERTOS.configUSE_MALLOC_FAILED_HOOK=0
Mcu.Pin6=PA5
FREERTOS.configQUEUE_REGISTRY_SIZE=8
Mcu.Pin7=PB10
ADC1.SubFamily=STM32F302xC
Mcu.Pin8=PB11
Mcu.Pin9=PB12
FREERTOS.IPParameters=Tasks01,MEMORY_ALLOCATION,FootprintOK,INCLUDE_vTaskDelayUntil,configUSE_TRACE_FACILITY,INCLUDE_uxTaskGetStackHighWaterMark,configCHECK_FOR_STACK_OVERFLOW,configUSE_TICK_HOOK,configUSE_PREEMPTION,configTICK_RATE_HZ,configMAX_PRIORITIES,configMINIMAL_STACK_SIZE,configMAX_TASK_NAME_LEN,configIDLE_SHOULD_YIELD,configUSE_MUTEXES,configUSE_RECURSIVE_MUTEXES,configUSE_COUNTING_SEMAPHORES,configQUEUE_REGISTRY_SIZE,configUSE_APPLICATION_TASK_TAG,configUSE_IDLE_HOOK,configUSE_MALLOC_FAILED_HOOK,configUSE_DAEMON_TASK_STARTUP_HOOK,configGENERATE_RUN_TIME_STATS,configUSE_STATS_FORMATTING_FUNCTIONS,configUSE_CO_ROUTINES,configMAX_CO_ROUTINE_PRIORITIES,configUSE_TIMERS,configLIBRARY_LOWEST_INTERRUPT_PRIORITY,configLIBRARY_MAX_SYSCALL_INTERRUPT_PRIORITY,INCLUDE_vTaskPrioritySet,INCLUDE_uxTaskPriorityGet,INCLUDE_vTaskDelete,INCLUDE_vTaskCleanUpResources,INCLUDE_vTaskSuspend,INCLUDE_vTaskDelay,INCLUDE_xTaskResumeFromISR,INCLUDE_xQueueGetMutexHolder,INCLUDE_xSemaphoreGetMutexHolder,INCLUDE_pcTaskGetTaskName,INCLUDE_xTaskGetCurrentTaskHandle,INCLUDE_eTaskGetState,INCLUDE_xEventGroupSetBitFromISR,configENABLE_BACKWARD_COMPATIBILITY,configUSE_TICKLESS_IDLE,configUSE_TASK_NOTIFICATIONS,INCLUDE_xTaskAbortDelay,INCLUDE_xTaskGetHandle
FREERTOS.configMINIMAL_STACK_SIZE=128
RCC.AHBFreq_Value=72000000
RCC.TIM2Freq_Value=72000000
Mcu.Pin0=PF0-OSC_IN
Mcu.Pin1=PF1-OSC_OUT
Mcu.Pin2=PA0
FREERTOS.configUSE_PREEMPTION=1
Mcu.Pin3=PA1
RCC.USART3Freq_Value=36000000
Mcu.Pin4=PA3
Mcu.Pin5=PA4
ADC1.Channel-0\#ChannelRegularConversion=ADC_CHANNEL_1
ProjectManager.ProjectBuild=false
RCC.HSE_VALUE=8000000
NVIC.UsageFault_IRQn=true\:0\:0\:false\:false\:true\:false\:false\:false
FREERTOS.configUSE_TIMERS=0
PA0.Locked=true
NVIC.DebugMonitor_IRQn=true\:0\:0\:false\:false\:true\:false\:false\:false
ADC1.ScanConvMode=ADC_SCAN_DISABLE
PA4.Locked=true
NVIC.SysTick_IRQn=true\:15\:0\:false\:false\:false\:true\:false\:true
RCC.PLLMUL=RCC_PLL_MUL9
FREERTOS.configENABLE_BACKWARD_COMPATIBILITY=1
PB12.GPIO_Label=INVERTER_R_EN
ProjectManager.FirmwarePackage=STM32Cube FW_F3 V1.10.0
MxDb.Version=DB.5.0.30
PA1.GPIOParameters=GPIO_Label
ProjectManager.BackupPrevious=false
FREERTOS.INCLUDE_xQueueGetMutexHolder=0
VP_SYS_VS_tim2.Signal=SYS_VS_tim2
PF0-OSC_IN.Locked=true
PA14.Mode=Serial_Wire
CAN.NART=ENABLE
NVIC.TIM2_IRQn=true\:0\:0\:false\:false\:true\:false\:false\:true
File.Version=6
PA0.Mode=IN1-Single-Ended
PB7.Signal=I2C1_SDA
FREERTOS.INCLUDE_vTaskCleanUpResources=0
PB6.Locked=true
NVIC.PendSV_IRQn=true\:15\:0\:false\:false\:false\:true\:false\:false
VP_FREERTOS_VS_CMSIS_V1.Mode=CMSIS_V1
CAN.CalculateTimeQuantum=250.0
ProjectManager.HalAssertFull=false
ADC1.SamplingTime-0\#ChannelRegularConversion=ADC_SAMPLETIME_1CYCLE_5
ProjectManager.ProjectName=DCM
PA0.Signal=ADC1_IN1
RCC.TIM1Freq_Value=72000000
RCC.PLLMCOFreq_Value=36000000
PB9.Signal=GPIO_Output
Mcu.Package=LQFP48
VP_SYS_VS_tim2.Mode=TIM2
ADC1.EnableInjectedConversion=ENABLE
PA5.Locked=true
FREERTOS.INCLUDE_xTaskAbortDelay=0
NVIC.TimeBase=TIM2_IRQn
FREERTOS.INCLUDE_vTaskSuspend=1
PA14.Locked=true
ProjectManager.ToolChainLocation=
RCC.LSI_VALUE=40000
SH.GPXTI5.ConfNb=1
IWDG.Reload=LSI_FREQUENCY / IWDG_PRESCALER / IWDG_RESET_FREQUENCY
NVIC.TimeBaseIP=TIM2
FREERTOS.FootprintOK=true
PA5.GPIOParameters=PinState,GPIO_Label
FREERTOS.INCLUDE_vTaskPrioritySet=1
PB5.GPIO_Label=IMU_PIN_2
RCC.APB1TimFreq_Value=72000000
FREERTOS.configGENERATE_RUN_TIME_STATS=0
FREERTOS.configUSE_TICK_HOOK=1
NVIC.BusFault_IRQn=true\:0\:0\:false\:false\:true\:false\:false\:false
NVIC.USB_HP_CAN_TX_IRQn=true\:5\:0\:false\:false\:true\:true\:true\:true
PB10.GPIOParameters=GPIO_Label
CAN.AWUM=DISABLE
FREERTOS.configMAX_TASK_NAME_LEN=16
PF1-OSC_OUT.Mode=HSE-External-Oscillator
PA4.GPIO_Label=RGB_GREEN
ADC1.EOCSelection=ADC_EOC_SINGLE_CONV
ProjectManager.CustomerFirmwarePackage=
PF1-OSC_OUT.Signal=RCC_OSC_OUT
PB3.Locked=true
PB4.Signal=GPXTI4
PA3.Signal=GPIO_Output
RCC.PLLSourceVirtual=RCC_PLLSOURCE_HSE
SH.GPXTI5.0=GPIO_EXTI5
NVIC.CAN_RX1_IRQn=true\:5\:0\:false\:false\:true\:true\:true\:true
ProjectManager.ProjectFileName=DCM.ioc
FREERTOS.configIDLE_SHOULD_YIELD=1
RCC.ADC12outputFreq_Value=72000000
FREERTOS.Tasks01=Task1Hz,-2,TASK1HZ_STACK_SIZE,RunTask1Hz,Default,NULL,Static,Task1HzBuffer,Task1HzControlBlock;Task1kHz,1,TASK1KHZ_STACK_SIZE,RunTask1kHz,Default,NULL,Static,Task1kHzBuffer,Task1kHzControlBlock;TaskCanRx,-3,TASKCANRX_STACK_SIZE,RunTaskCanRx,Default,NULL,Static,TaskCanRxBuffer,TaskCanRxControlBlock;TaskCanTx,-3,TASKCANTX_STACK_SIZE,RunTaskCanTx,Default,NULL,Static,TaskCanTxBuffer,TaskCanTxControlBlock;Task100Hz,-1,TASK100HZ_STACK_SIZE,RunTask100Hz,Default,NULL,Static,Task100HzBuffer,Task100HzControlBlock
ADC1.Rank-0\#ChannelRegularConversion=1
PB9.GPIO_Label=BUZZER_EN
Mcu.PinsNb=23
ProjectManager.NoMain=false
CAN.ABOM=ENABLE
ADC1.IPParameters=ClockPrescaler,Resolution,DataAlign,ScanConvMode,ContinuousConvMode,DiscontinuousConvMode,DMAContinuousRequests,EOCSelection,Overrun,LowPowerAutoWait,EnableRegularConversion,NbrOfConversion,ExternalTrigConv,ExternalTrigConvEdge,EnableInjectedConversion,InjNumberOfConversion,EnableAnalogWatchDog1,EnableAnalogWatchDog2,EnableAnalogWatchDog3,Rank-0\#ChannelRegularConversion,Channel-0\#ChannelRegularConversion,SamplingTime-0\#ChannelRegularConversion,OffsetNumber-0\#ChannelRegularConversion,Offset-0\#ChannelRegularConversion,master,SubFamily
FREERTOS.INCLUDE_xTaskGetCurrentTaskHandle=0
ADC1.OffsetNumber-0\#ChannelRegularConversion=ADC_OFFSET_NONE
FREERTOS.configLIBRARY_LOWEST_INTERRUPT_PRIORITY=15
NVIC.SavedSvcallIrqHandlerGenerated=true
FREERTOS.INCLUDE_vTaskDelayUntil=1
FREERTOS.configCHECK_FOR_STACK_OVERFLOW=2
NVIC.USB_LP_CAN_RX0_IRQn=true\:5\:0\:false\:false\:true\:true\:true\:true
FREERTOS.configUSE_TICKLESS_IDLE=0
ADC1.DiscontinuousConvMode=DISABLE
PB11.GPIO_Label=INVERTER_L_EN
ProjectManager.DefaultFWLocation=true
FREERTOS.INCLUDE_vTaskDelay=1
PB12.Locked=true
ProjectManager.DeletePrevious=true
PF1-OSC_OUT.Locked=true
RCC.HSIPLLFreq_Value=4000000
ADC1.ExternalTrigConvEdge=ADC_EXTERNALTRIGCONVEDGE_NONE
RCC.APB1CLKDivider=RCC_HCLK_DIV2
PB10.Locked=true
FREERTOS.configUSE_APPLICATION_TASK_TAG=0
RCC.FamilyName=M
FREERTOS.INCLUDE_uxTaskGetStackHighWaterMark=1
PB9.GPIOParameters=GPIO_Label
PA13.Signal=SYS_JTMS-SWDIO
FREERTOS.configUSE_IDLE_HOOK=0
VP_FREERTOS_VS_CMSIS_V1.Signal=FREERTOS_VS_CMSIS_V1
FREERTOS.INCLUDE_vTaskDelete=1
PA11.Locked=true
CAN.BS2=CAN_BS2_1TQ
CAN.BS1=CAN_BS1_6TQ
PA4.PinState=GPIO_PIN_SET
FREERTOS.configMAX_PRIORITIES=7
ProjectManager.TargetToolchain=SW4STM32
PB10.GPIO_Label=BRAKE_LIGHT_EN
FREERTOS.configUSE_TRACE_FACILITY=1
PB11.GPIOParameters=GPIO_Label
PB5.Locked=true
PB9.Locked=true
ADC1.EnableAnalogWatchDog3=false
ADC1.EnableAnalogWatchDog2=false
ADC1.EnableAnalogWatchDog1=false
ProjectManager.RegisterCallBack=
RCC.USBFreq_Value=72000000
CAN.Mode=CAN_MODE_NORMAL
RCC.LSE_VALUE=32768
PA1.Signal=ADC1_IN2
PF0-OSC_IN.Mode=HSE-External-Oscillator
PB10.Signal=GPIO_Output
PA5.Signal=GPIO_Output
FREERTOS.MEMORY_ALLOCATION=1
board=custom
ProjectManager.LastFirmware=true
FREERTOS.INCLUDE_eTaskGetState=0
RCC.VCOOutput2Freq_Value=8000000
NVIC.SavedSystickIrqHandlerGenerated=true
RCC.APB2Freq_Value=72000000
PA1.Mode=IN2-Single-Ended
MxCube.Version=5.3.0
PB4.GPIO_Label=IMU_PIN_1
RCC.I2C1Freq_Value=8000000
FREERTOS.configUSE_CO_ROUTINES=0
PA1.GPIO_Label=UNUSED_ANALOG_IN2
NVIC.NonMaskableInt_IRQn=true\:0\:0\:false\:false\:true\:false\:false\:false
FREERTOS.configUSE_MUTEXES=1
FREERTOS.INCLUDE_xEventGroupSetBitFromISR=0
PA4.GPIOParameters=PinState,GPIO_Label
CAN.IPParameters=Prescaler,BS1,BS2,SJW,TTCM,ABOM,AWUM,NART,RFLM,TXFP,Mode,CalculateTimeQuantum
ADC1.DMAContinuousRequests=DISABLE
FREERTOS.configMAX_CO_ROUTINE_PRIORITIES=2
ADC1.NbrOfConversion=1
FREERTOS.INCLUDE_uxTaskPriorityGet=1
PA13.Mode=Serial_Wire
ProjectManager.FreePins=true
RCC.IPParameters=ADC12outputFreq_Value,AHBFreq_Value,APB1CLKDivider,APB1Freq_Value,APB1TimFreq_Value,APB2Freq_Value,APB2TimFreq_Value,CortexFreq_Value,FCLKCortexFreq_Value,FamilyName,HCLKFreq_Value,HSEPLLFreq_Value,HSE_VALUE,HSIPLLFreq_Value,HSI_VALUE,I2C1Freq_Value,I2C2Freq_Value,LSE_VALUE,LSI_VALUE,MCOFreq_Value,PLLCLKFreq_Value,PLLMCOFreq_Value,PLLMUL,PLLSourceVirtual,RTCFreq_Value,RTCHSEDivFreq_Value,SYSCLKFreq_VALUE,SYSCLKSourceVirtual,TIM1Freq_Value,TIM2Freq_Value,USART1Freq_Value,USART2Freq_Value,USART3Freq_Value,USBFreq_Value,VCOOutput2Freq_Value
IWDG.IPParameters=Prescaler,Window,Reload
ProjectManager.AskForMigrate=true
Mcu.Name=STM32F302C(B-C)Tx
FREERTOS.INCLUDE_xTaskResumeFromISR=1
FREERTOS.INCLUDE_xSemaphoreGetMutexHolder=0
NVIC.SavedPendsvIrqHandlerGenerated=true
RCC.RTCHSEDivFreq_Value=250000
ProjectManager.UnderRoot=true
ADC1.ExternalTrigConv=ADC_SOFTWARE_START
Mcu.IP6=SYS
ProjectManager.CoupleFile=false
PB4.Locked=true
PB3.Signal=SYS_JTDO-TRACESWO
PA4.Signal=GPIO_Output
RCC.SYSCLKFreq_VALUE=72000000
FREERTOS.configLIBRARY_MAX_SYSCALL_INTERRUPT_PRIORITY=5
Mcu.Pin22=VP_SYS_VS_tim2
PB5.Signal=GPXTI5
PA1.Locked=true
Mcu.Pin20=VP_FREERTOS_VS_CMSIS_V1
ADC1.master=1
Mcu.Pin21=VP_IWDG_VS_IWDG
PA3.Locked=true
FREERTOS.configUSE_COUNTING_SEMAPHORES=0
PA12.Mode=Master
SH.GPXTI4.0=GPIO_EXTI4
PA5.GPIO_Label=RGB_BLUE
NVIC.ForceEnableDMAVector=true
KeepUserPlacement=false
NVIC.MemoryManagement_IRQn=true\:0\:0\:false\:false\:true\:false\:false\:false
PA13.Locked=true
ProjectManager.CompilerOptimize=6
PA11.Signal=CAN_RX
VP_IWDG_VS_IWDG.Signal=IWDG_VS_IWDG
PA14.Signal=SYS_JTCK-SWCLK
ProjectManager.HeapSize=0x0
PA0.GPIOParameters=GPIO_Label
Mcu.Pin15=PB4
NVIC.HardFault_IRQn=true\:0\:0\:false\:false\:true\:false\:false\:false
Mcu.Pin16=PB5
Mcu.Pin13=PA14
SH.GPXTI4.ConfNb=1
FREERTOS.INCLUDE_xTaskGetHandle=0
Mcu.Pin14=PB3
FREERTOS.configUSE_RECURSIVE_MUTEXES=0
Mcu.Pin19=PB9
ProjectManager.ComputerToolchain=false
Mcu.Pin17=PB6
RCC.HSI_VALUE=8000000
Mcu.Pin18=PB7
NVIC.PriorityGroup=NVIC_PRIORITYGROUP_4
Mcu.Pin11=PA12
Mcu.Pin12=PA13
Mcu.Pin10=PA11
IWDG.Prescaler=IWDG_PRESCALER_4
PB7.Locked=true
ADC1.EnableRegularConversion=ENABLE
CAN.TXFP=ENABLE
PA3.PinState=GPIO_PIN_SET
PF0-OSC_IN.Signal=RCC_OSC_IN
ADC1.DataAlign=ADC_DATAALIGN_RIGHT
RCC.I2C2Freq_Value=8000000
RCC.APB1Freq_Value=36000000
IWDG.Window=IWDG_WINDOW_DISABLE_VALUE
ADC1.ClockPrescaler=ADC_CLOCK_ASYNC_DIV1
PB11.Locked=true
ProjectManager.DeviceId=STM32F302CCTx
PB12.GPIOParameters=GPIO_Label
PB12.Signal=GPIO_Output
ProjectManager.LibraryCopy=1
PA3.GPIO_Label=RGB_RED
