#MicroXplorer Configuration settings - do not modify
Mcu.Family=STM32F3
NVIC.SysTick_IRQn=true\:15\:0\:false\:false\:true\:true\:false\:true
ProjectManager.LastFirmware=true
ProjectManager.MainLocation=Src
RCC.VCOOutput2Freq_Value=4000000
ProjectManager.FirmwarePackage=STM32Cube FW_F3 V1.11.0
MxDb.Version=DB.5.0.60
RCC.USART1Freq_Value=8000000
ProjectManager.ProjectFileName=DIM.ioc
RCC.APB2Freq_Value=8000000
RCC.CortexFreq_Value=8000000
ProjectManager.BackupPrevious=false
FREERTOS.Tasks01=defaultTask,0,128,StartDefaultTask,Default,NULL,Dynamic,NULL,NULL
MxCube.Version=5.6.0
RCC.I2C1Freq_Value=8000000
ProjectManager.KeepUserCode=true
Mcu.UserName=STM32F302CCTx
Mcu.PinsNb=2
ProjectManager.NoMain=false
File.Version=6
VP_SYS_VS_Systick.Mode=SysTick
RCC.PLLCLKFreq_Value=8000000
NVIC.NonMaskableInt_IRQn=true\:0\:0\:false\:false\:true\:false\:false\:false
NVIC.PendSV_IRQn=true\:15\:0\:false\:false\:false\:true\:false\:false
ProjectManager.functionlistsort=1-SystemClock_Config-RCC-false-HAL-false
RCC.RTCFreq_Value=40000
ProjectManager.FreePins=false
RCC.IPParameters=AHBFreq_Value,APB1Freq_Value,APB2Freq_Value,CortexFreq_Value,FamilyName,HSEPLLFreq_Value,HSE_VALUE,HSIPLLFreq_Value,HSI_VALUE,I2C1Freq_Value,I2C2Freq_Value,LSE_VALUE,LSI_VALUE,PLLCLKFreq_Value,PLLMCOFreq_Value,RTCFreq_Value,RTCHSEDivFreq_Value,SYSCLKFreq_VALUE,TIM2Freq_Value,USART1Freq_Value,USART2Freq_Value,USART3Freq_Value,VCOOutput2Freq_Value
ProjectManager.DefaultFWLocation=true
ProjectManager.AskForMigrate=true
Mcu.Name=STM32F302C(B-C)Tx
RCC.HSEPLLFreq_Value=8000000
RCC.USART2Freq_Value=8000000
ProjectManager.HalAssertFull=false
RCC.RTCHSEDivFreq_Value=250000
ProjectManager.DeletePrevious=true
RCC.HSIPLLFreq_Value=4000000
ProjectManager.ProjectName=DIM
ProjectManager.UnderRoot=true
VP_FREERTOS_VS_CMSIS_V2.Signal=FREERTOS_VS_CMSIS_V2
RCC.PLLMCOFreq_Value=4000000
ProjectManager.CoupleFile=false
RCC.SYSCLKFreq_VALUE=8000000
PinOutPanel.RotationAngle=0
Mcu.Package=LQFP48
RCC.FamilyName=M
ProjectManager.StackSize=0x400
VP_FREERTOS_VS_CMSIS_V2.Mode=CMSIS_V2
NVIC.ForceEnableDMAVector=true
KeepUserPlacement=false
NVIC.MemoryManagement_IRQn=true\:0\:0\:false\:false\:true\:false\:false\:false
ProjectManager.CompilerOptimize=6
NVIC.SVCall_IRQn=true\:0\:0\:false\:false\:false\:false\:false\:false
Mcu.IP2=RCC
ProjectManager.ToolChainLocation=
RCC.LSI_VALUE=40000
Mcu.IP3=SYS
VP_SYS_VS_Systick.Signal=SYS_VS_Systick
Mcu.IP0=FREERTOS
Mcu.IP1=NVIC
ProjectManager.HeapSize=0x200
NVIC.HardFault_IRQn=true\:0\:0\:false\:false\:true\:false\:false\:false
Mcu.UserConstants=
ProjectManager.TargetToolchain=SW4STM32
ProjectManager.ComputerToolchain=false
RCC.HSI_VALUE=8000000
Mcu.ThirdPartyNb=0
NVIC.PriorityGroup=NVIC_PRIORITYGROUP_4
Mcu.IPNb=4
ProjectManager.PreviousToolchain=SW4STM32
NVIC.BusFault_IRQn=true\:0\:0\:false\:false\:true\:false\:false\:false
FREERTOS.IPParameters=Tasks01
RCC.I2C2Freq_Value=8000000
RCC.APB1Freq_Value=8000000
RCC.LSE_VALUE=32768
RCC.AHBFreq_Value=8000000
RCC.TIM2Freq_Value=8000000
Mcu.Pin0=VP_FREERTOS_VS_CMSIS_V2
Mcu.Pin1=VP_SYS_VS_Systick
GPIO.groupedBy=
ProjectManager.CustomerFirmwarePackage=
RCC.USART3Freq_Value=8000000
ProjectManager.DeviceId=STM32F302CCTx
ProjectManager.LibraryCopy=1
ProjectManager.ProjectBuild=false
RCC.HSE_VALUE=8000000
NVIC.UsageFault_IRQn=true\:0\:0\:false\:false\:true\:false\:false\:false
NVIC.DebugMonitor_IRQn=true\:0\:0\:false\:false\:true\:false\:false\:false
board=custom
