#MicroXplorer Configuration settings - do not modify
Mcu.Family=STM32F3
ProjectManager.MainLocation=Src
RCC.MCOFreq_Value=72000000
PB13.GPIOParameters=GPIO_Label
RCC.USART1Freq_Value=36000000
RCC.CortexFreq_Value=72000000
RCC.TIM17Freq_Value=72000000
ProjectManager.KeepUserCode=true
Mcu.UserName=STM32F302CCTx
RCC.PLLCLKFreq_Value=72000000
PB14.GPIO_Label=DRIVE_MODE5
VP_IWDG_VS_IWDG.Mode=IWDG_Activate
PA14.GPIO_Label=SWCLK
PA0.GPIO_Label=DCM_B
ProjectManager.functionlistsort=
PA9.GPIOParameters=GPIO_Label
PA11.Mode=Master
RCC.RTCFreq_Value=40000
PA3.GPIOParameters=GPIO_Label
PA6.GPIO_Label=FSM_G
PB0.GPIO_Label=DCM_R
PB6.GPIO_Label=TRAC_CTRL
RCC.HSEPLLFreq_Value=8000000
RCC.USART2Freq_Value=8000000
PC13.GPIO_Label=BSPD_LED
PB13.GPIO_Label=SEG_SRCK
PB11.Signal=GPIO_Output
PB13.Signal=GPIO_Output
PB15.Signal=GPIO_Output
PA2.GPIOParameters=GPIO_Label
PC15-OSC32_OUT.GPIO_Label=PDM_G
PinOutPanel.RotationAngle=0
ProjectManager.StackSize=0x400
PB5.GPIOParameters=GPIO_Label
RCC.I2C3Freq_Value=8000000
Mcu.IP4=RCC
RCC.FCLKCortexFreq_Value=72000000
Mcu.IP5=SYS
Mcu.IP2=IWDG
NVIC.SVCall_IRQn=true\:0\:0\:false\:false\:false\:false\:false\:false
Mcu.IP3=NVIC
PA15.GPIO_Label=SEG_DIMMING
PB4.GPIOParameters=GPIO_Label
Mcu.IP0=CAN
PA12.Locked=true
Mcu.IP1=FREERTOS
PA12.Signal=CAN_TX
Mcu.UserConstants=IWDG_WINDOW_DISABLE_VALUE,4095;IWDG_PRESCALER,4;IWDG_RESET_FREQUENCY,5;LSI_FREQUENCY,40000;TASK1HZ_STACK_SIZE,128;TASK1KHZ_STACK_SIZE,128;TASKCANTX_STACK_SIZE,128;TASKCANRX_STACK_SIZE,128
Mcu.ThirdPartyNb=0
RCC.HCLKFreq_Value=72000000
Mcu.IPNb=6
RCC.I2SClocksFreq_Value=72000000
ProjectManager.PreviousToolchain=
RCC.APB2TimFreq_Value=72000000
PB6.Signal=GPIO_Input
PA8.GPIOParameters=GPIO_Label
Mcu.Pin6=PA1
Mcu.Pin7=PA2
Mcu.Pin8=PA3
Mcu.Pin9=PA4
FREERTOS.IPParameters=Tasks01
RCC.AHBFreq_Value=72000000
PB13.Locked=true
RCC.TIM2Freq_Value=72000000
Mcu.Pin0=PC13
Mcu.Pin1=PC14-OSC32_IN
GPIO.groupedBy=
Mcu.Pin2=PC15-OSC32_OUT
Mcu.Pin3=PF0-OSC_IN
RCC.USART3Freq_Value=8000000
Mcu.Pin4=PF1-OSC_OUT
Mcu.Pin5=PA0
ProjectManager.ProjectBuild=false
RCC.HSE_VALUE=8000000
NVIC.UsageFault_IRQn=true\:0\:0\:false\:false\:true\:false\:false\:false
PA0.Locked=true
PF0-OSC_IN.GPIO_Label=OSC_IN
NVIC.DebugMonitor_IRQn=true\:0\:0\:false\:false\:true\:false\:false\:false
PB2.Signal=GPIO_Input
PB3.Mode=Trace_Asynchronous_SW
PA8.Locked=true
PA4.Locked=true
NVIC.SysTick_IRQn=true\:15\:0\:false\:false\:false\:true\:false\:false
RCC.PLLMUL=RCC_PLL_MUL9
PB12.GPIO_Label=BMS_R
ProjectManager.FirmwarePackage=STM32Cube FW_F3 V1.11.0
MxDb.Version=DB.5.0.60
PB0.GPIOParameters=GPIO_Label
PA1.GPIOParameters=GPIO_Label
ProjectManager.BackupPrevious=false
VP_SYS_VS_tim2.Signal=SYS_VS_tim2
PF0-OSC_IN.Locked=true
PA14.Mode=Trace_Asynchronous_SW
PB1.GPIO_Label=BMS_G
NVIC.TIM2_IRQn=true\:0\:0\:false\:false\:true\:false\:false\:true
File.Version=6
PA10.GPIO_Label=DRIVE_MODE2
PB3.GPIOParameters=GPIO_Label
PB7.Signal=GPIO_Input
PA8.Signal=GPIO_Input
PB8.Locked=true
PB6.Locked=true
NVIC.PendSV_IRQn=true\:15\:0\:false\:false\:false\:true\:false\:false
VP_FREERTOS_VS_CMSIS_V1.Mode=CMSIS_V1
PB6.GPIOParameters=GPIO_Label
CAN.CalculateTimeQuantum=444.44444444444446
ProjectManager.HalAssertFull=false
PB0.Locked=true
PC14-OSC32_IN.GPIOParameters=GPIO_Label
ProjectManager.ProjectName=DIM
PA0.Signal=GPIO_Output
RCC.TIM1Freq_Value=72000000
PA13.GPIOParameters=GPIO_Label
RCC.PLLMCOFreq_Value=72000000
PB7.GPIO_Label=TORQ_VECT
Mcu.Package=LQFP48
PB9.Signal=GPIO_Input
PB1.Signal=GPIO_Output
PA6.Signal=GPIO_Output
RCC.TIM15Freq_Value=72000000
PA7.Locked=true
PA5.Locked=true
NVIC.TimeBase=TIM2_IRQn
PA14.Locked=true
ProjectManager.ToolChainLocation=
PA2.GPIO_Label=DIM_B
RCC.LSI_VALUE=40000
VP_SYS_VS_Systick.Signal=SYS_VS_Systick
IWDG.Reload=IWDG_WINDOW_DISABLE_VALUE
NVIC.TimeBaseIP=TIM2
PA10.Signal=GPIO_Input
PA15.Signal=GPIO_Output
PA5.GPIOParameters=GPIO_Label
PB14.GPIOParameters=GPIO_Label
RCC.TIM16Freq_Value=72000000
PB5.GPIO_Label=DRIVE_MODE1
RCC.APB1TimFreq_Value=16000000
NVIC.BusFault_IRQn=true\:0\:0\:false\:false\:true\:false\:false\:false
PC14-OSC32_IN.GPIO_Label=PDM_R
PB10.GPIOParameters=GPIO_Label
PC15-OSC32_OUT.GPIOParameters=GPIO_Label
PF1-OSC_OUT.Mode=HSE-External-Oscillator
PA4.GPIO_Label=DCM_G
ProjectManager.CustomerFirmwarePackage=
PC14-OSC32_IN.Locked=true
PF1-OSC_OUT.Signal=RCC_OSC_OUT
PB15.Locked=true
PB3.Locked=true
PB4.Signal=GPIO_Output
PA3.Signal=GPIO_Output
PA2.Locked=true
PB3.GPIO_Label=SWO
PA6.GPIOParameters=GPIO_Label
ProjectManager.ProjectFileName=DIM.ioc
RCC.ADC12outputFreq_Value=72000000
FREERTOS.Tasks01=defaultTask,0,128,StartDefaultTask,Default,NULL,Dynamic,NULL,NULL
PB8.GPIOParameters=GPIO_Label
PB9.GPIO_Label=IGNTN
PA15.GPIOParameters=GPIO_Label
Mcu.PinsNb=41
ProjectManager.NoMain=false
PC13.Locked=true
PC13.Signal=GPIO_Output
PA9.GPIO_Label=DRIVE_MODE3
PB11.GPIO_Label=FSM_B
ProjectManager.DefaultFWLocation=true
PB12.Locked=true
ProjectManager.DeletePrevious=true
PF1-OSC_OUT.Locked=true
RCC.HSIPLLFreq_Value=4000000
PB14.Locked=true
RCC.APB1CLKDivider=RCC_HCLK_DIV2
PB10.Locked=true
PC14-OSC32_IN.Signal=GPIO_Output
RCC.FamilyName=M
PB9.GPIOParameters=GPIO_Label
PA13.Signal=SYS_JTMS-SWDIO
VP_FREERTOS_VS_CMSIS_V1.Signal=FREERTOS_VS_CMSIS_V1
PB8.GPIO_Label=IMD_LED
PA11.Locked=true
PA15.Locked=true
PA8.GPIO_Label=DRIVE_MODE4
PC15-OSC32_OUT.Locked=true
ProjectManager.TargetToolchain=EWARM V8.32
PB10.GPIO_Label=FSM_R
PB7.GPIOParameters=GPIO_Label
PB2.GPIOParameters=GPIO_Label
PA9.Signal=GPIO_Input
PB11.GPIOParameters=GPIO_Label
PB5.Locked=true
PB9.Locked=true
RCC.USBFreq_Value=72000000
RCC.LSE_VALUE=32768
PC15-OSC32_OUT.Signal=GPIO_Output
PF1-OSC_OUT.GPIOParameters=GPIO_Label
PA1.Signal=GPIO_Output
PB1.Locked=true
PF0-OSC_IN.Mode=HSE-External-Oscillator
PB10.Signal=GPIO_Output
PB14.Signal=GPIO_Input
PA5.Signal=GPIO_Output
Mcu.Pin40=VP_SYS_VS_Systick
board=custom
ProjectManager.LastFirmware=true
RCC.VCOOutput2Freq_Value=8000000
RCC.APB2Freq_Value=72000000
MxCube.Version=5.6.0
PB4.GPIO_Label=SEG_RCK
Mcu.Pin37=VP_FREERTOS_VS_CMSIS_V1
Mcu.Pin38=VP_IWDG_VS_IWDG
PB15.GPIO_Label=SEG_SEROUT
Mcu.Pin35=PB8
RCC.I2C1Freq_Value=8000000
Mcu.Pin36=PB9
PC13.GPIOParameters=GPIO_Label
Mcu.Pin39=VP_SYS_VS_tim2
Mcu.Pin30=PB3
PA1.GPIO_Label=DIM_G
PF1-OSC_OUT.GPIO_Label=OSC_OUT
PA10.GPIOParameters=GPIO_Label
VP_SYS_VS_Systick.Mode=SysTick
Mcu.Pin33=PB6
Mcu.Pin34=PB7
Mcu.Pin31=PB4
Mcu.Pin32=PB5
PA9.Locked=true
NVIC.NonMaskableInt_IRQn=true\:0\:0\:false\:false\:true\:false\:false\:false
PA4.GPIOParameters=GPIO_Label
CAN.IPParameters=CalculateTimeQuantum
PB15.GPIOParameters=GPIO_Label
PA13.Mode=Trace_Asynchronous_SW
ProjectManager.FreePins=false
RCC.IPParameters=ADC12outputFreq_Value,AHBFreq_Value,APB1CLKDivider,APB1Freq_Value,APB1TimFreq_Value,APB2Freq_Value,APB2TimFreq_Value,CortexFreq_Value,FCLKCortexFreq_Value,FamilyName,HCLKFreq_Value,HSEPLLFreq_Value,HSE_VALUE,HSIPLLFreq_Value,HSI_VALUE,I2C1Freq_Value,I2C2Freq_Value,I2C3Freq_Value,I2SClocksFreq_Value,LSE_VALUE,LSI_VALUE,MCOFreq_Value,PLLCLKFreq_Value,PLLMCOFreq_Value,PLLMUL,RTCFreq_Value,RTCHSEDivFreq_Value,SYSCLKFreq_VALUE,TIM15Freq_Value,TIM16Freq_Value,TIM17Freq_Value,TIM1Freq_Value,TIM2Freq_Value,USART1Freq_Value,USART2Freq_Value,USART3Freq_Value,USBFreq_Value,VCOOutput2Freq_Value
IWDG.IPParameters=Window,Reload
ProjectManager.AskForMigrate=true
Mcu.Name=STM32F302C(B-C)Tx
Mcu.Pin26=PA12
Mcu.Pin27=PA13
RCC.RTCHSEDivFreq_Value=250000
PA2.Signal=GPIO_Output
Mcu.Pin24=PA10
PA13.GPIO_Label=SWDIO
ProjectManager.UnderRoot=false
Mcu.Pin25=PA11
PB2.Locked=true
Mcu.Pin28=PA14
Mcu.Pin29=PA15
ProjectManager.CoupleFile=false
PB4.Locked=true
PB3.Signal=SYS_JTDO-TRACESWO
PA4.Signal=GPIO_Output
RCC.SYSCLKFreq_VALUE=72000000
PB5.Signal=GPIO_Input
Mcu.Pin22=PA8
Mcu.Pin23=PA9
PA1.Locked=true
PA7.GPIO_Label=BMS_B
Mcu.Pin20=PB14
PA3.Locked=true
Mcu.Pin21=PB15
PA12.Mode=Master
PA5.GPIO_Label=PDM_B
PA10.Locked=true
NVIC.ForceEnableDMAVector=true
KeepUserPlacement=false
PA14.GPIOParameters=GPIO_Label
NVIC.MemoryManagement_IRQn=true\:0\:0\:false\:false\:true\:false\:false\:false
PA13.Locked=true
ProjectManager.CompilerOptimize=6
PA11.Signal=CAN_RX
VP_IWDG_VS_IWDG.Signal=IWDG_VS_IWDG
PA14.Signal=SYS_JTCK-SWCLK
PB2.GPIO_Label=REGEN
ProjectManager.HeapSize=0x200
PA0.GPIOParameters=GPIO_Label
Mcu.Pin15=PB2
NVIC.HardFault_IRQn=true\:0\:0\:false\:false\:true\:false\:false\:false
Mcu.Pin16=PB10
Mcu.Pin13=PB0
Mcu.Pin14=PB1
Mcu.Pin19=PB13
ProjectManager.ComputerToolchain=false
Mcu.Pin17=PB11
RCC.HSI_VALUE=8000000
Mcu.Pin18=PB12
NVIC.PriorityGroup=NVIC_PRIORITYGROUP_4
Mcu.Pin11=PA6
Mcu.Pin12=PA7
Mcu.Pin10=PA5
PB7.Locked=true
PB8.Signal=GPIO_Output
PF0-OSC_IN.Signal=RCC_OSC_IN
PF0-OSC_IN.GPIOParameters=GPIO_Label
RCC.I2C2Freq_Value=8000000
RCC.APB1Freq_Value=36000000
PB0.Signal=GPIO_Output
IWDG.Window=IWDG_WINDOW_DISABLE_VALUE
PA7.GPIOParameters=GPIO_Label
PB11.Locked=true
ProjectManager.DeviceId=STM32F302CCTx
PB12.GPIOParameters=GPIO_Label
PB12.Signal=GPIO_Output
ProjectManager.LibraryCopy=0
PA3.GPIO_Label=PDM_R
PB1.GPIOParameters=GPIO_Label
PA7.Signal=GPIO_Output
PA6.Locked=true
