#MicroXplorer Configuration settings - do not modify
CAD.formats=
CAD.pinconfig=
CAD.provider=
FDCAN1.AutoRetransmission=ENABLE
FDCAN1.CalculateBaudRateNominal=1000000
FDCAN1.CalculateTimeBitNominal=1000
FDCAN1.CalculateTimeQuantumNominal=62.5
FDCAN1.DataPrescaler=3
FDCAN1.DataSyncJumpWidth=2
FDCAN1.DataTimeSeg1=5
FDCAN1.DataTimeSeg2=2
FDCAN1.ExtFiltersNbr=1
FDCAN1.FrameFormat=FDCAN_FRAME_FD_NO_BRS
FDCAN1.IPParameters=CalculateTimeQuantumNominal,CalculateTimeBitNominal,CalculateBaudRateNominal,RxFifo0ElmtsNbr,TxFifoQueueElmtsNbr,RxFifo1ElmtsNbr,FrameFormat,AutoRetransmission,ProtocolException,NominalSyncJumpWidth,DataSyncJumpWidth,DataTimeSeg1,DataTimeSeg2,NominalPrescaler,NominalTimeSeg1,NominalTimeSeg2,DataPrescaler,ExtFiltersNbr,RxFifo0ElmtSize,RxFifo1ElmtSize,RxBufferSize,TxElmtSize,StdFiltersNbr
FDCAN1.NominalPrescaler=6
FDCAN1.NominalSyncJumpWidth=2
FDCAN1.NominalTimeSeg1=12
FDCAN1.NominalTimeSeg2=3
FDCAN1.ProtocolException=DISABLE
FDCAN1.RxBufferSize=FDCAN_DATA_BYTES_64
FDCAN1.RxFifo0ElmtSize=FDCAN_DATA_BYTES_64
FDCAN1.RxFifo0ElmtsNbr=1
FDCAN1.RxFifo1ElmtSize=FDCAN_DATA_BYTES_64
FDCAN1.RxFifo1ElmtsNbr=0
FDCAN1.StdFiltersNbr=1
FDCAN1.TxElmtSize=FDCAN_DATA_BYTES_64
FDCAN1.TxFifoQueueElmtsNbr=1
FREERTOS.FootprintOK=true
FREERTOS.IPParameters=Tasks01,configUSE_NEWLIB_REENTRANT,FootprintOK
FREERTOS.Tasks01=interfaceTask,48,512,runInterfaceTask,Default,NULL,Static,InterfaceTaskBuffer,InterfaceTaskControlBlock;canTx,40,512,runCanTxTask,Default,NULL,Static,canTxTaskBuffer,canTxTaskControlBlock;tickTask,8,512,runTickTask,Default,NULL,Static,tickTaskBuffer,tickTaskControlBlock
FREERTOS.configUSE_NEWLIB_REENTRANT=1
File.Version=6
GPIO.groupedBy=Group By Peripherals
KeepUserPlacement=false
MMTAppRegionsCount=0
MMTConfigApplied=false
Mcu.CPN=STM32H733VGT6
Mcu.Family=STM32H7
Mcu.IP0=CORTEX_M7
Mcu.IP1=DEBUG
Mcu.IP2=FDCAN1
Mcu.IP3=FREERTOS
Mcu.IP4=MEMORYMAP
Mcu.IP5=NVIC
Mcu.IP6=RCC
Mcu.IP7=SYS
Mcu.IPNb=8
Mcu.Name=STM32H733VGTx
Mcu.Package=LQFP100
Mcu.Pin0=PH0-OSC_IN
Mcu.Pin1=PH1-OSC_OUT
Mcu.Pin10=PE11
Mcu.Pin11=PE12
Mcu.Pin12=PE13
Mcu.Pin13=PE14
Mcu.Pin14=PE15
Mcu.Pin15=PB12
Mcu.Pin16=PB13
Mcu.Pin17=PB14
Mcu.Pin18=PB15
Mcu.Pin19=PD9
Mcu.Pin2=PC0
Mcu.Pin20=PD10
Mcu.Pin21=PC6
Mcu.Pin22=PC8
Mcu.Pin23=PA9
Mcu.Pin24=PA10
Mcu.Pin25=PA13(JTMS/SWDIO)
Mcu.Pin26=PA14(JTCK/SWCLK)
Mcu.Pin27=PC12
Mcu.Pin28=PD0
Mcu.Pin29=PD1
Mcu.Pin3=PC1
Mcu.Pin30=PD2
Mcu.Pin31=PD3
Mcu.Pin32=PD4
Mcu.Pin33=PD5
Mcu.Pin34=PD6
Mcu.Pin35=PD7
Mcu.Pin36=PB3(JTDO/TRACESWO)
Mcu.Pin37=PB7
Mcu.Pin38=VP_FREERTOS_VS_CMSIS_V2
Mcu.Pin39=VP_SYS_VS_tim2
Mcu.Pin4=PA7
Mcu.Pin40=VP_MEMORYMAP_VS_MEMORYMAP
Mcu.Pin5=PB2
Mcu.Pin6=PE7
Mcu.Pin7=PE8
Mcu.Pin8=PE9
Mcu.Pin9=PE10
Mcu.PinsNb=41
Mcu.ThirdPartyNb=0
Mcu.UserConstants=LSI_FREQUENCY,32000;IWDG_PRESCALER,4;IWDG_RESET_FREQUENCY,4
Mcu.UserName=STM32H733VGTx
MxCube.Version=6.12.0
MxDb.Version=DB.6.0.120
NVIC.BusFault_IRQn=true\:0\:0\:false\:false\:true\:false\:false\:false\:false
NVIC.DebugMonitor_IRQn=true\:0\:0\:false\:false\:true\:false\:false\:false\:false
NVIC.FDCAN1_IT0_IRQn=true\:5\:0\:false\:false\:true\:true\:true\:true\:true
NVIC.FDCAN1_IT1_IRQn=true\:5\:0\:false\:false\:true\:true\:true\:true\:true
NVIC.ForceEnableDMAVector=true
NVIC.HardFault_IRQn=true\:0\:0\:false\:false\:true\:false\:false\:false\:false
NVIC.MemoryManagement_IRQn=true\:0\:0\:false\:false\:true\:false\:false\:false\:false
NVIC.NonMaskableInt_IRQn=true\:0\:0\:false\:false\:true\:false\:false\:false\:false
NVIC.PendSV_IRQn=true\:15\:0\:false\:false\:false\:true\:false\:false\:false
NVIC.PriorityGroup=NVIC_PRIORITYGROUP_4
NVIC.SVCall_IRQn=true\:0\:0\:false\:false\:false\:false\:false\:false\:false
NVIC.SavedPendsvIrqHandlerGenerated=true
NVIC.SavedSvcallIrqHandlerGenerated=true
NVIC.SavedSystickIrqHandlerGenerated=true
NVIC.SysTick_IRQn=true\:15\:0\:false\:false\:false\:true\:false\:true\:false
NVIC.TIM2_IRQn=true\:15\:0\:false\:false\:true\:false\:false\:true\:true
NVIC.TimeBase=TIM2_IRQn
NVIC.TimeBaseIP=TIM2
NVIC.UsageFault_IRQn=true\:0\:0\:false\:false\:true\:false\:false\:false\:false
PA10.GPIOParameters=GPIO_Label
PA10.GPIO_Label=DAM_EN
PA10.Locked=true
PA10.Signal=GPIO_Output
PA13(JTMS/SWDIO).GPIOParameters=GPIO_Label
PA13(JTMS/SWDIO).GPIO_Label=SWDIO_1
PA13(JTMS/SWDIO).Locked=true
PA13(JTMS/SWDIO).Mode=Trace_Asynchronous_SW
PA13(JTMS/SWDIO).Signal=DEBUG_JTMS-SWDIO
PA14(JTCK/SWCLK).GPIOParameters=GPIO_Label
PA14(JTCK/SWCLK).GPIO_Label=SWCLK_1
PA14(JTCK/SWCLK).Locked=true
PA14(JTCK/SWCLK).Mode=Trace_Asynchronous_SW
PA14(JTCK/SWCLK).Signal=DEBUG_JTCK-SWCLK
PA7.GPIOParameters=GPIO_Label
PA7.GPIO_Label=FR_STBY_INV
PA7.Locked=true
PA7.Signal=GPIO_Output
PA9.GPIOParameters=GPIO_Label
PA9.GPIO_Label=F_INV_EN
PA9.Locked=true
PA9.Signal=GPIO_Output
PB12.GPIOParameters=GPIO_Label
PB12.GPIO_Label=BAT_MTR_nALERT
PB12.Locked=true
PB12.Signal=GPXTI12
PB13.GPIOParameters=GPIO_Label
PB13.GPIO_Label=FR_STBY_REAR
PB13.Locked=true
PB13.Signal=GPIO_Output
PB14.GPIOParameters=GPIO_Label
PB14.GPIO_Label=FRONT_EN
PB14.Locked=true
PB14.Signal=GPIO_Output
PB15.GPIOParameters=GPIO_Label
PB15.GPIO_Label=RSM_EN
PB15.Locked=true
PB15.Signal=GPIO_Output
PB2.GPIOParameters=GPIO_Label
PB2.GPIO_Label=TSMS_3V3_OUT
PB2.Locked=true
PB2.Signal=GPIO_Input
PB3(JTDO/TRACESWO).GPIOParameters=GPIO_Label
PB3(JTDO/TRACESWO).GPIO_Label=SWO1
PB3(JTDO/TRACESWO).Locked=true
PB3(JTDO/TRACESWO).Mode=Trace_Asynchronous_SW
PB3(JTDO/TRACESWO).Signal=DEBUG_JTDO-SWO
PB7.GPIOParameters=GPIO_Label
PB7.GPIO_Label=L_RAD_FAN_EN
PB7.Locked=true
PB7.Signal=GPIO_Output
PC0.GPIOParameters=GPIO_Label
PC0.GPIO_Label=SB_SHDN_3V3_OUT
PC0.Locked=true
PC0.Signal=GPIO_Input
PC1.GPIOParameters=GPIO_Label
PC1.GPIO_Label=INTERIA_3V3_OUT
PC1.Locked=true
PC1.Signal=GPIO_Input
PC12.GPIOParameters=GPIO_Label
PC12.GPIO_Label=RR_PUMP_EN
PC12.Locked=true
PC12.Signal=GPIO_Output
PC6.GPIOParameters=GPIO_Label
PC6.GPIO_Label=RAD_FAN_FR_STBY
PC6.Locked=true
PC6.Signal=GPIO_Output
PC8.GPIOParameters=GPIO_Label
PC8.GPIO_Label=RL_PUMP_PGOOD
PC8.Locked=true
PC8.Signal=GPIO_Input
PD0.GPIOParameters=GPIO_Label
PD0.GPIO_Label=CAN1_RX
PD0.Locked=true
PD0.Mode=FDCAN_Activate
PD0.Signal=FDCAN1_RX
PD1.GPIOParameters=GPIO_Label
PD1.GPIO_Label=CAN1_TX
PD1.Locked=true
PD1.Mode=FDCAN_Activate
PD1.Signal=FDCAN1_TX
PD10.GPIOParameters=GPIO_Label
PD10.GPIO_Label=IMU_INT2
PD10.Locked=true
PD10.Signal=GPXTI10
PD2.GPIOParameters=GPIO_Label
PD2.GPIO_Label=RR_PUMP_PGOOD
PD2.Locked=true
PD2.Signal=GPIO_Input
PD3.GPIOParameters=GPIO_Label
PD3.GPIO_Label=PCM_EN
PD3.Locked=true
PD3.Signal=GPIO_Output
PD4.GPIOParameters=GPIO_Label
PD4.GPIO_Label=F_PUMP_PGOOD
PD4.Locked=true
PD4.Signal=GPIO_Input
PD5.GPIOParameters=GPIO_Label
PD5.GPIO_Label=F_PUMP_EN
PD5.Locked=true
PD5.Signal=GPIO_Input
PD6.GPIOParameters=GPIO_Label
PD6.GPIO_Label=R_RAD_FAN_EN
PD6.Locked=true
PD6.Signal=GPIO_Output
PD7.GPIOParameters=GPIO_Label
PD7.GPIO_Label=RL_PUMP_EN
PD7.Locked=true
PD7.Signal=GPIO_Output
PD9.GPIOParameters=GPIO_Label
PD9.GPIO_Label=IMU_INT1
PD9.Locked=true
PD9.Signal=GPXTI9
PE10.GPIOParameters=PinState,GPIO_Label
PE10.GPIO_Label=BOOT_LED
PE10.Locked=true
PE10.PinState=GPIO_PIN_SET
PE10.Signal=GPIO_Output
PE11.GPIOParameters=GPIO_Label
PE11.GPIO_Label=BMS_EN
PE11.Locked=true
PE11.Signal=GPIO_Output
PE12.GPIOParameters=GPIO_Label
PE12.GPIO_Label=FR_STBY_FRONT
PE12.Locked=true
PE12.Signal=GPIO_Output
PE13.GPIOParameters=GPIO_Label
PE13.GPIO_Label=PGOOD
PE13.Locked=true
PE13.Signal=GPIO_Input
PE14.GPIOParameters=GPIO_Label
PE14.GPIO_Label=BAT_CHRG_MODE
PE14.Locked=true
PE14.Signal=GPIO_Input
PE15.GPIOParameters=PinState,GPIO_Label
PE15.GPIO_Label=BAT_CHRG_nSHDN
PE15.Locked=true
PE15.PinState=GPIO_PIN_SET
PE15.Signal=GPIO_Output
PE7.GPIOParameters=GPIO_Label
PE7.GPIO_Label=RR_ILCK_3V3_OUT
PE7.Locked=true
PE7.Signal=GPIO_Input
PE8.GPIOParameters=GPIO_Label
PE8.GPIO_Label=R_INV_EN
PE8.Locked=true
PE8.Signal=GPIO_Output
PE9.GPIOParameters=GPIO_Label
PE9.GPIO_Label=LED
PE9.Locked=true
PE9.Signal=GPIO_Output
PH0-OSC_IN.Locked=true
PH0-OSC_IN.Mode=HSE-External-Oscillator
PH0-OSC_IN.Signal=RCC_OSC_IN
PH1-OSC_OUT.Locked=true
PH1-OSC_OUT.Mode=HSE-External-Oscillator
PH1-OSC_OUT.Signal=RCC_OSC_OUT
PinOutPanel.RotationAngle=270
ProjectManager.AskForMigrate=true
ProjectManager.BackupPrevious=false
ProjectManager.CompilerOptimize=6
ProjectManager.ComputerToolchain=false
ProjectManager.CoupleFile=false
ProjectManager.CustomerFirmwarePackage=
ProjectManager.DefaultFWLocation=true
ProjectManager.DeletePrevious=true
ProjectManager.DeviceId=STM32H733VGTx
ProjectManager.FirmwarePackage=STM32Cube FW_H7 V1.11.2
ProjectManager.FreePins=false
ProjectManager.HalAssertFull=false
ProjectManager.HeapSize=0x200
ProjectManager.KeepUserCode=true
ProjectManager.LastFirmware=true
ProjectManager.LibraryCopy=0
ProjectManager.MainLocation=Core/Src
ProjectManager.NoMain=false
ProjectManager.PreviousToolchain=
ProjectManager.ProjectBuild=false
ProjectManager.ProjectFileName=VC_boot.ioc
ProjectManager.ProjectName=VC_boot
ProjectManager.ProjectStructure=
ProjectManager.RegisterCallBack=
ProjectManager.StackSize=0x400
ProjectManager.TargetToolchain=EWARM V8.50
ProjectManager.ToolChainLocation=
ProjectManager.UAScriptAfterPath=
ProjectManager.UAScriptBeforePath=
ProjectManager.UnderRoot=false
ProjectManager.functionlistsort=1-SystemClock_Config-RCC-false-HAL-false,2-MX_GPIO_Init-GPIO-false-HAL-true,3-MX_FDCAN1_Init-FDCAN1-false-HAL-true,4-MX_FDCAN2_Init-FDCAN2-false-HAL-true,5-MX_FDCAN3_Init-FDCAN3-false-HAL-true,0-MX_CORTEX_M7_Init-CORTEX_M7-false-HAL-true
RCC.ADCCLockSelection=RCC_ADCCLKSOURCE_PLL3
RCC.ADCFreq_Value=96000000
RCC.AHB12Freq_Value=256000000
RCC.AHB4Freq_Value=256000000
RCC.APB1Freq_Value=128000000
RCC.APB2Freq_Value=128000000
RCC.APB3Freq_Value=128000000
RCC.APB4Freq_Value=128000000
RCC.AXIClockFreq_Value=256000000
RCC.CECFreq_Value=32000
RCC.CKPERFreq_Value=64000000
RCC.CortexFreq_Value=512000000
RCC.CpuClockFreq_Value=512000000
RCC.D1CPREFreq_Value=512000000
RCC.D1PPRE=RCC_APB3_DIV2
RCC.D2PPRE1=RCC_APB1_DIV2
RCC.D2PPRE2=RCC_APB2_DIV2
RCC.D3PPRE=RCC_APB4_DIV2
RCC.DFSDMACLkFreq_Value=256000000
RCC.DFSDMFreq_Value=128000000
RCC.DIVM1=1
RCC.DIVM2=1
RCC.DIVM3=1
RCC.DIVN1=64
RCC.DIVN2=24
RCC.DIVN3=24
RCC.DIVP1=1
RCC.DIVP1Freq_Value=512000000
RCC.DIVP2Freq_Value=96000000
RCC.DIVP3Freq_Value=96000000
RCC.DIVQ1Freq_Value=256000000
RCC.DIVQ2Freq_Value=96000000
RCC.DIVQ3=4
RCC.DIVQ3Freq_Value=48000000
RCC.DIVR1Freq_Value=256000000
RCC.DIVR2Freq_Value=96000000
RCC.DIVR3Freq_Value=96000000
RCC.FDCANCLockSelection=RCC_FDCANCLKSOURCE_PLL2
RCC.FDCANFreq_Value=96000000
RCC.FMCFreq_Value=256000000
RCC.FamilyName=M
RCC.HCLK3ClockFreq_Value=256000000
RCC.HCLKFreq_Value=256000000
RCC.HPRE=RCC_HCLK_DIV2
RCC.HSE_VALUE=8000000
RCC.I2C123Freq_Value=128000000
RCC.I2C4Freq_Value=128000000
RCC.IPParameters=ADCCLockSelection,ADCFreq_Value,AHB12Freq_Value,AHB4Freq_Value,APB1Freq_Value,APB2Freq_Value,APB3Freq_Value,APB4Freq_Value,AXIClockFreq_Value,CECFreq_Value,CKPERFreq_Value,CortexFreq_Value,CpuClockFreq_Value,D1CPREFreq_Value,D1PPRE,D2PPRE1,D2PPRE2,D3PPRE,DFSDMACLkFreq_Value,DFSDMFreq_Value,DIVM1,DIVM2,DIVM3,DIVN1,DIVN2,DIVN3,DIVP1,DIVP1Freq_Value,DIVP2Freq_Value,DIVP3Freq_Value,DIVQ1Freq_Value,DIVQ2Freq_Value,DIVQ3,DIVQ3Freq_Value,DIVR1Freq_Value,DIVR2Freq_Value,DIVR3Freq_Value,FDCANCLockSelection,FDCANFreq_Value,FMCFreq_Value,FamilyName,HCLK3ClockFreq_Value,HCLKFreq_Value,HPRE,HSE_VALUE,I2C123Freq_Value,I2C4Freq_Value,LPTIM1Freq_Value,LPTIM2Freq_Value,LPTIM345Freq_Value,LPUART1Freq_Value,LTDCFreq_Value,MCO1PinFreq_Value,MCO2PinFreq_Value,PLL2FRACN,PLL3FRACN,PLLSourceVirtual,QSPIFreq_Value,RNGFreq_Value,RTCFreq_Value,SAI1Freq_Value,SAI4AFreq_Value,SAI4BFreq_Value,SDMMCFreq_Value,SPDIFRXFreq_Value,SPI123Freq_Value,SPI45Freq_Value,SPI6Freq_Value,SWPMI1Freq_Value,SYSCLKFreq_VALUE,SYSCLKSource,Tim1OutputFreq_Value,Tim2OutputFreq_Value,TraceFreq_Value,USART16Freq_Value,USART234578Freq_Value,USBCLockSelection,USBFreq_Value,VCO1OutputFreq_Value,VCO2OutputFreq_Value,VCO3OutputFreq_Value,VCOInput1Freq_Value,VCOInput2Freq_Value,VCOInput3Freq_Value
RCC.LPTIM1Freq_Value=128000000
RCC.LPTIM2Freq_Value=128000000
RCC.LPTIM345Freq_Value=128000000
RCC.LPUART1Freq_Value=128000000
RCC.LTDCFreq_Value=96000000
RCC.MCO1PinFreq_Value=64000000
RCC.MCO2PinFreq_Value=512000000
RCC.PLL2FRACN=0
RCC.PLL3FRACN=0
RCC.PLLSourceVirtual=RCC_PLLSOURCE_HSE
RCC.QSPIFreq_Value=256000000
RCC.RNGFreq_Value=48000000
RCC.RTCFreq_Value=32000
RCC.SAI1Freq_Value=256000000
RCC.SAI4AFreq_Value=256000000
RCC.SAI4BFreq_Value=256000000
RCC.SDMMCFreq_Value=256000000
RCC.SPDIFRXFreq_Value=256000000
RCC.SPI123Freq_Value=256000000
RCC.SPI45Freq_Value=128000000
RCC.SPI6Freq_Value=128000000
RCC.SWPMI1Freq_Value=128000000
RCC.SYSCLKFreq_VALUE=512000000
RCC.SYSCLKSource=RCC_SYSCLKSOURCE_PLLCLK
RCC.Tim1OutputFreq_Value=256000000
RCC.Tim2OutputFreq_Value=256000000
RCC.TraceFreq_Value=256000000
RCC.USART16Freq_Value=128000000
RCC.USART234578Freq_Value=128000000
RCC.USBCLockSelection=RCC_USBCLKSOURCE_PLL3
RCC.USBFreq_Value=48000000
RCC.VCO1OutputFreq_Value=512000000
RCC.VCO2OutputFreq_Value=192000000
RCC.VCO3OutputFreq_Value=192000000
RCC.VCOInput1Freq_Value=8000000
RCC.VCOInput2Freq_Value=8000000
RCC.VCOInput3Freq_Value=8000000
SH.GPXTI10.0=GPIO_EXTI10
SH.GPXTI10.ConfNb=1
SH.GPXTI12.0=GPIO_EXTI12
SH.GPXTI12.ConfNb=1
SH.GPXTI9.0=GPIO_EXTI9
SH.GPXTI9.ConfNb=1
VP_FREERTOS_VS_CMSIS_V2.Mode=CMSIS_V2
VP_FREERTOS_VS_CMSIS_V2.Signal=FREERTOS_VS_CMSIS_V2
VP_MEMORYMAP_VS_MEMORYMAP.Mode=CurAppReg
VP_MEMORYMAP_VS_MEMORYMAP.Signal=MEMORYMAP_VS_MEMORYMAP
VP_SYS_VS_tim2.Mode=TIM2
VP_SYS_VS_tim2.Signal=SYS_VS_tim2
board=custom
rtos.0.ip=FREERTOS
