#MicroXplorer Configuration settings - do not modify
CAD.formats=
CAD.pinconfig=
CAD.provider=
CORTEX_M7.IPParameters=default_mode_Activation
CORTEX_M7.default_mode_Activation=0
FDCAN1.AutoRetransmission=ENABLE
FDCAN1.CalculateBaudRateNominal=1000000
FDCAN1.CalculateTimeBitNominal=1000
FDCAN1.CalculateTimeQuantumNominal=62.5
FDCAN1.DataSyncJumpWidth=6
FDCAN1.DataTimeSeg1=17
FDCAN1.DataTimeSeg2=6
FDCAN1.ExtFiltersNbr=1
FDCAN1.FrameFormat=FDCAN_FRAME_FD_BRS
FDCAN1.IPParameters=CalculateTimeQuantumNominal,CalculateTimeBitNominal,CalculateBaudRateNominal,FrameFormat,AutoRetransmission,NominalSyncJumpWidth,ExtFiltersNbr,RxFifo0ElmtsNbr,TxFifoQueueElmtsNbr,NominalPrescaler,NominalTimeSeg1,NominalTimeSeg2,ProtocolException,DataSyncJumpWidth,DataTimeSeg1,DataTimeSeg2,RxFifo1ElmtsNbr,RxFifo0ElmtSize,RxFifo1ElmtSize,RxBufferSize,TxElmtSize,StdFiltersNbr
FDCAN1.NominalPrescaler=6
FDCAN1.NominalSyncJumpWidth=2
FDCAN1.NominalTimeSeg1=13
FDCAN1.NominalTimeSeg2=2
FDCAN1.ProtocolException=DISABLE
FDCAN1.RxBufferSize=FDCAN_DATA_BYTES_64
FDCAN1.RxFifo0ElmtSize=FDCAN_DATA_BYTES_64
FDCAN1.RxFifo0ElmtsNbr=32
FDCAN1.RxFifo1ElmtSize=FDCAN_DATA_BYTES_64
FDCAN1.RxFifo1ElmtsNbr=0
FDCAN1.StdFiltersNbr=1
FDCAN1.TxElmtSize=FDCAN_DATA_BYTES_64
FDCAN1.TxFifoQueueElmtsNbr=32
FREERTOS.FootprintOK=true
FREERTOS.IPParameters=Tasks01,configENABLE_FPU,configUSE_NEWLIB_REENTRANT,FootprintOK
FREERTOS.Tasks01=interfaceTask,48,512,runInterfaceTask,Default,NULL,Static,interfaceTaskBuffer,interfaceTaskControlBlock;canTxTask,40,512,runCanTxTask,Default,NULL,Static,canTxTaskBuffer,canTxTaskControlBlock;tickTask,16,512,runTickTask,Default,NULL,Static,tickTaskBuffer,tickTaskControlBlock
FREERTOS.configENABLE_FPU=1
FREERTOS.configUSE_NEWLIB_REENTRANT=1
File.Version=6
GPIO.groupedBy=Group By Peripherals
KeepUserPlacement=false
MMTAppRegionsCount=0
MMTConfigApplied=false
Mcu.CPN=STM32H733VGT6
Mcu.Family=STM32H7
Mcu.IP0=CORTEX_M7
Mcu.IP1=DEBUG
Mcu.IP2=FDCAN1
Mcu.IP3=FREERTOS
Mcu.IP4=MEMORYMAP
Mcu.IP5=NVIC
Mcu.IP6=RCC
Mcu.IP7=SYS
Mcu.IPNb=8
Mcu.Name=STM32H733VGTx
Mcu.Package=LQFP100
Mcu.Pin0=PE3
Mcu.Pin1=PE4
Mcu.Pin10=PC4
Mcu.Pin11=PC5
Mcu.Pin12=PB2
Mcu.Pin13=PE7
Mcu.Pin14=PE8
Mcu.Pin15=PE9
Mcu.Pin16=PE11
Mcu.Pin17=PE13
Mcu.Pin18=PE14
Mcu.Pin19=PE15
Mcu.Pin2=PC13
Mcu.Pin20=PB12
Mcu.Pin21=PB13
Mcu.Pin22=PB14
Mcu.Pin23=PD9
Mcu.Pin24=PD13
Mcu.Pin25=PD14
Mcu.Pin26=PA13(JTMS/SWDIO)
Mcu.Pin27=PA14(JTCK/SWCLK)
Mcu.Pin28=PD0
Mcu.Pin29=PD1
Mcu.Pin3=PC14-OSC32_IN
Mcu.Pin30=PD5
Mcu.Pin31=PD6
Mcu.Pin32=PD7
Mcu.Pin33=PB3(JTDO/TRACESWO)
Mcu.Pin34=PB5
Mcu.Pin35=PB6
Mcu.Pin36=PE0
Mcu.Pin37=PE1
Mcu.Pin38=VP_FREERTOS_VS_CMSIS_V2
Mcu.Pin39=VP_SYS_VS_tim2
Mcu.Pin4=PH0-OSC_IN
Mcu.Pin40=VP_MEMORYMAP_VS_MEMORYMAP
Mcu.Pin5=PH1-OSC_OUT
Mcu.Pin6=PC0
Mcu.Pin7=PC1
Mcu.Pin8=PC2_C
Mcu.Pin9=PA0
Mcu.PinsNb=41
Mcu.ThirdPartyNb=0
Mcu.UserConstants=TIM3_PRESCALER,10;ADC_FREQUENCY,1000;TASKCANTX_STACK_SIZE,512;TIM1_AUTO_RELOAD_REG,0xFFFF;TIMx_FREQUENCY,550000000;IWDG_RESET_FREQUENCY,5;TASK1KHZ_STACK_SIZE,512;TIM1_FREQUENCY,275000000;TIM3_FREQUENCY,275000000;TASK100HZ_STACK_SIZE,512;TASK1HZ_STACK_SIZE,512;IWDG_WINDOW_DISABLE_VALUE,4095;IWDG_PRESCALER,4;TASKCANRX_STACK_SIZE,512;TIM1_PWM_MIN_FREQUENCY,1;LSI_FREQUENCY,32000;TIM1_PRESCALER,(TIM1_FREQUENCY / TIM1_AUTO_RELOAD_REG / TIM1_PWM_MIN_FREQUENCY);TIM5_FREQUENCY,275000000;TIM5_AUTO_RELOAD_REG,0xFFFF;TIM5_PWM_MIN_FREQUENCY,1;TIM5_PRESCALER,(TIM5_FREQUENCY / TIM5_AUTO_RELOAD_REG / TIM5_PWM_MIN_FREQUENCY)
Mcu.UserName=STM32H733VGTx
MxCube.Version=6.12.0
MxDb.Version=DB.6.0.120
NVIC.BusFault_IRQn=true\:0\:0\:false\:false\:true\:false\:false\:false\:false
NVIC.DebugMonitor_IRQn=true\:0\:0\:false\:false\:true\:false\:false\:false\:false
NVIC.FDCAN1_IT0_IRQn=true\:5\:0\:false\:false\:true\:true\:true\:true\:true
NVIC.FDCAN1_IT1_IRQn=true\:5\:0\:false\:false\:true\:true\:true\:true\:true
NVIC.ForceEnableDMAVector=true
NVIC.HardFault_IRQn=true\:0\:0\:false\:false\:true\:false\:false\:false\:false
NVIC.MemoryManagement_IRQn=true\:0\:0\:false\:false\:true\:false\:false\:false\:false
NVIC.NonMaskableInt_IRQn=true\:0\:0\:false\:false\:true\:false\:false\:false\:false
NVIC.PendSV_IRQn=true\:15\:0\:false\:false\:false\:true\:false\:false\:false
NVIC.PriorityGroup=NVIC_PRIORITYGROUP_4
NVIC.SVCall_IRQn=true\:0\:0\:false\:false\:false\:false\:false\:false\:false
NVIC.SavedPendsvIrqHandlerGenerated=true
NVIC.SavedSvcallIrqHandlerGenerated=true
NVIC.SavedSystickIrqHandlerGenerated=true
NVIC.SysTick_IRQn=true\:15\:0\:false\:false\:false\:true\:false\:true\:false
NVIC.TIM2_IRQn=true\:15\:0\:false\:false\:true\:false\:false\:true\:true
NVIC.TimeBase=TIM2_IRQn
NVIC.TimeBaseIP=TIM2
NVIC.UsageFault_IRQn=true\:0\:0\:false\:false\:true\:false\:false\:false\:false
PA0.GPIOParameters=PinState,GPIO_Label
PA0.GPIO_Label=LEDB
PA0.Locked=true
PA0.PinState=GPIO_PIN_SET
PA0.Signal=GPIO_Output
PA13(JTMS/SWDIO).GPIOParameters=GPIO_Label
PA13(JTMS/SWDIO).GPIO_Label=SWDIO
PA13(JTMS/SWDIO).Locked=true
PA13(JTMS/SWDIO).Mode=Trace_Asynchronous_SW
PA13(JTMS/SWDIO).Signal=DEBUG_JTMS-SWDIO
PA14(JTCK/SWCLK).GPIOParameters=GPIO_Label
PA14(JTCK/SWCLK).GPIO_Label=SWCLK
PA14(JTCK/SWCLK).Locked=true
PA14(JTCK/SWCLK).Mode=Trace_Asynchronous_SW
PA14(JTCK/SWCLK).Signal=DEBUG_JTCK-SWCLK
PB12.GPIOParameters=GPIO_Label
PB12.GPIO_Label=ACCEL_BRAKE_OK
PB12.Locked=true
PB12.Signal=GPIO_Input
PB13.GPIOParameters=GPIO_Label
PB13.GPIO_Label=nBRAKE_PRESS_3V3
PB13.Locked=true
PB13.Signal=GPIO_Input
PB14.GPIOParameters=GPIO_Label
PB14.GPIO_Label=nHIGH_CURRENT_BSPD
PB14.Locked=true
PB14.Signal=GPIO_Input
PB2.GPIOParameters=GPIO_Label
PB2.GPIO_Label=BSPD_OK
PB2.Locked=true
PB2.Signal=GPIO_Input
PB3(JTDO/TRACESWO).GPIOParameters=GPIO_Label
PB3(JTDO/TRACESWO).GPIO_Label=SWO
PB3(JTDO/TRACESWO).Locked=true
PB3(JTDO/TRACESWO).Mode=Trace_Asynchronous_SW
PB3(JTDO/TRACESWO).Signal=DEBUG_JTDO-SWO
PB5.Locked=true
PB5.Signal=FDCAN2_RX
PB6.Locked=true
PB6.Signal=FDCAN2_TX
PC0.GPIOParameters=GPIO_Label
PC0.GPIO_Label=MSD_SHDN_SNS
PC0.Locked=true
PC0.Signal=GPIO_Input
PC1.GPIOParameters=GPIO_Label
PC1.GPIO_Label=HV_P_INTLCK_SNS
PC1.Locked=true
PC1.Signal=GPIO_Input
PC13.GPIOParameters=GPIO_Label
PC13.GPIO_Label=LED
PC13.Locked=true
PC13.Signal=GPIO_Output
PC14-OSC32_IN.GPIOParameters=GPIO_Speed,PinState,GPIO_PuPd,GPIO_Label
PC14-OSC32_IN.GPIO_Label=SPI_CS_LS
PC14-OSC32_IN.GPIO_PuPd=GPIO_NOPULL
PC14-OSC32_IN.GPIO_Speed=GPIO_SPEED_FREQ_LOW
PC14-OSC32_IN.Locked=true
PC14-OSC32_IN.PinState=GPIO_PIN_SET
PC14-OSC32_IN.Signal=GPIO_Output
PC2_C.GPIOParameters=GPIO_Label
PC2_C.GPIO_Label=HV_N_INTLCK_SNS
PC2_C.Locked=true
PC2_C.Signal=GPIO_Input
PC4.GPIOParameters=GPIO_Label
PC4.GPIO_Label=IMD_LATCH
PC4.Locked=true
PC4.Signal=GPIO_Input
PC5.GPIOParameters=GPIO_Label
PC5.GPIO_Label=DIAG
PC5.Locked=true
PC5.Signal=GPIO_Input
PD0.Locked=true
PD0.Mode=FDCAN_Activate
PD0.Signal=FDCAN1_RX
PD1.Locked=true
PD1.Mode=FDCAN_Activate
PD1.Signal=FDCAN1_TX
PD13.GPIOParameters=GPIO_Label
PD13.GPIO_Label=TS_ISENSE_OCSC_OK_3V3
PD13.Locked=true
PD13.Signal=GPIO_Input
PD14.GPIOParameters=GPIO_Speed,PinState,GPIO_PuPd,GPIO_Label
PD14.GPIO_Label=SPI_CS_HS
PD14.GPIO_PuPd=GPIO_NOPULL
PD14.GPIO_Speed=GPIO_SPEED_FREQ_LOW
PD14.Locked=true
PD14.PinState=GPIO_PIN_SET
PD14.Signal=GPIO_Output
PD5.GPIOParameters=GPIO_Label
PD5.GPIO_Label=TSENSE_SEL0
PD5.Locked=true
PD5.Signal=GPIO_Output
PD6.GPIOParameters=GPIO_Label
PD6.GPIO_Label=TSENSE_SEL1
PD6.Locked=true
PD6.Signal=GPIO_Output
PD7.GPIOParameters=GPIO_Label
PD7.GPIO_Label=TSENSE_SEL2
PD7.Locked=true
PD7.Signal=GPIO_Output
PD9.GPIOParameters=GPIO_Label
PD9.GPIO_Label=BSPD_TEST_EN
PD9.Locked=true
PD9.Signal=GPIO_Output
PE0.GPIOParameters=GPIO_Label
PE0.GPIO_Label=BMS_OK
PE0.Locked=true
PE0.Signal=GPIO_Output
PE1.GPIOParameters=GPIO_Label
PE1.GPIO_Label=nEVSE_I_LIM_GPIO
PE1.Locked=true
PE1.Signal=GPIO_Input
PE11.GPIOParameters=GPIO_PuPd,GPIO_Label
PE11.GPIO_Label=PRE_CHARGE_EN
PE11.GPIO_PuPd=GPIO_PULLDOWN
PE11.Locked=true
PE11.Signal=GPIO_Output
PE13.GPIOParameters=GPIO_Label
PE13.GPIO_Label=FB_STBY_SHDN
PE13.Locked=true
PE13.Signal=GPIO_Output
PE14.GPIOParameters=GPIO_PuPd,GPIO_Label,GPIO_ModeDefaultOutputPP
PE14.GPIO_Label=FAN_EN
PE14.GPIO_ModeDefaultOutputPP=GPIO_MODE_OUTPUT_OD
PE14.GPIO_PuPd=GPIO_NOPULL
PE14.Locked=true
PE14.Signal=GPIO_Output
PE15.GPIOParameters=GPIO_Label
PE15.GPIO_Label=FAN_PGOOD
PE15.Locked=true
PE15.Signal=GPIO_Input
PE3.GPIOParameters=GPIO_Label
PE3.GPIO_Label=IR_P_EN
PE3.Locked=true
PE3.Signal=GPIO_Output
PE4.GPIOParameters=GPIO_Label
PE4.GPIO_Label=SHDN_EN
PE4.Locked=true
PE4.Signal=GPIO_Output
PE7.GPIOParameters=GPIO_Label
PE7.GPIO_Label=BMS_LATCH
PE7.Locked=true
PE7.Signal=GPIO_Input
PE8.GPIOParameters=GPIO_Label
PE8.GPIO_Label=IMD_OK
PE8.Locked=true
PE8.Signal=GPIO_Input
PE9.GPIOParameters=GPIO_Label
PE9.GPIO_Label=BSPD_LATCH
PE9.Locked=true
PE9.Signal=GPIO_Input
PH0-OSC_IN.Locked=true
PH0-OSC_IN.Mode=HSE-External-Oscillator
PH0-OSC_IN.Signal=RCC_OSC_IN
PH1-OSC_OUT.Locked=true
PH1-OSC_OUT.Mode=HSE-External-Oscillator
PH1-OSC_OUT.Signal=RCC_OSC_OUT
PinOutPanel.RotationAngle=90
ProjectManager.AskForMigrate=true
ProjectManager.BackupPrevious=false
ProjectManager.CompilerOptimize=6
ProjectManager.ComputerToolchain=false
ProjectManager.CoupleFile=false
ProjectManager.CustomerFirmwarePackage=
ProjectManager.DefaultFWLocation=true
ProjectManager.DeletePrevious=true
ProjectManager.DeviceId=STM32H733VGTx
ProjectManager.FirmwarePackage=STM32Cube FW_H7 V1.11.2
ProjectManager.FreePins=false
ProjectManager.HalAssertFull=false
ProjectManager.HeapSize=0x200
ProjectManager.KeepUserCode=true
ProjectManager.LastFirmware=true
ProjectManager.LibraryCopy=1
ProjectManager.MainLocation=Core/Src
ProjectManager.NoMain=false
ProjectManager.PreviousToolchain=STM32CubeIDE
ProjectManager.ProjectBuild=false
ProjectManager.ProjectFileName=BMS_boot.ioc
ProjectManager.ProjectName=BMS_boot
ProjectManager.ProjectStructure=
ProjectManager.RegisterCallBack=
ProjectManager.StackSize=0x400
ProjectManager.TargetToolchain=STM32CubeIDE
ProjectManager.ToolChainLocation=
ProjectManager.UAScriptAfterPath=
ProjectManager.UAScriptBeforePath=
ProjectManager.UnderRoot=true
ProjectManager.functionlistsort=1-SystemClock_Config-RCC-false-HAL-false,2-MX_GPIO_Init-GPIO-false-HAL-true,3-MX_FDCAN1_Init-FDCAN1-false-HAL-true,0-MX_CORTEX_M7_Init-CORTEX_M7-false-HAL-true
RCC.ADCFreq_Value=96000000
RCC.AHB12Freq_Value=256000000
RCC.AHB4Freq_Value=256000000
RCC.APB1Freq_Value=128000000
RCC.APB2Freq_Value=128000000
RCC.APB3Freq_Value=128000000
RCC.APB4Freq_Value=128000000
RCC.AXIClockFreq_Value=256000000
RCC.CECFreq_Value=32000
RCC.CKPERFreq_Value=8000000
RCC.CortexFreq_Value=512000000
RCC.CpuClockFreq_Value=512000000
RCC.D1CPREFreq_Value=512000000
RCC.D1PPRE=RCC_APB3_DIV2
RCC.D2PPRE1=RCC_APB1_DIV2
RCC.D2PPRE2=RCC_APB2_DIV2
RCC.D3PPRE=RCC_APB4_DIV2
RCC.DFSDMACLkFreq_Value=128000000
RCC.DFSDMFreq_Value=128000000
RCC.DIVM1=1
RCC.DIVM2=1
RCC.DIVM3=1
RCC.DIVN1=64
RCC.DIVN2=24
RCC.DIVN3=24
RCC.DIVP1=1
RCC.DIVP1Freq_Value=512000000
RCC.DIVP2Freq_Value=96000000
RCC.DIVP3Freq_Value=96000000
RCC.DIVQ1=4
RCC.DIVQ1Freq_Value=128000000
RCC.DIVQ2Freq_Value=96000000
RCC.DIVQ3=4
RCC.DIVQ3Freq_Value=48000000
RCC.DIVR1Freq_Value=256000000
RCC.DIVR2Freq_Value=96000000
RCC.DIVR3Freq_Value=96000000
RCC.FDCANCLockSelection=RCC_FDCANCLKSOURCE_PLL2
RCC.FDCANFreq_Value=96000000
RCC.FMCFreq_Value=256000000
RCC.FamilyName=M
RCC.HCLK3ClockFreq_Value=256000000
RCC.HCLKFreq_Value=256000000
RCC.HPRE=RCC_HCLK_DIV2
RCC.HSE_VALUE=8000000
RCC.HSIDiv=RCC_PLLSAIDIVR_8
RCC.I2C123Freq_Value=128000000
RCC.I2C4Freq_Value=128000000
RCC.IPParameters=ADCFreq_Value,AHB12Freq_Value,AHB4Freq_Value,APB1Freq_Value,APB2Freq_Value,APB3Freq_Value,APB4Freq_Value,AXIClockFreq_Value,CECFreq_Value,CKPERFreq_Value,CortexFreq_Value,CpuClockFreq_Value,D1CPREFreq_Value,D1PPRE,D2PPRE1,D2PPRE2,D3PPRE,DFSDMACLkFreq_Value,DFSDMFreq_Value,DIVM1,DIVM2,DIVM3,DIVN1,DIVN2,DIVN3,DIVP1,DIVP1Freq_Value,DIVP2Freq_Value,DIVP3Freq_Value,DIVQ1,DIVQ1Freq_Value,DIVQ2Freq_Value,DIVQ3,DIVQ3Freq_Value,DIVR1Freq_Value,DIVR2Freq_Value,DIVR3Freq_Value,FDCANCLockSelection,FDCANFreq_Value,FMCFreq_Value,FamilyName,HCLK3ClockFreq_Value,HCLKFreq_Value,HPRE,HSE_VALUE,HSIDiv,I2C123Freq_Value,I2C4Freq_Value,LPTIM1Freq_Value,LPTIM2Freq_Value,LPTIM345Freq_Value,LPUART1Freq_Value,LTDCFreq_Value,MCO1PinFreq_Value,MCO2PinFreq_Value,PLL2FRACN,PLL3FRACN,PLLFRACN,PLLSourceVirtual,QSPIFreq_Value,RNGFreq_Value,RTCFreq_Value,SAI1Freq_Value,SAI4AFreq_Value,SAI4BFreq_Value,SDMMCFreq_Value,SPDIFRXFreq_Value,SPI123Freq_Value,SPI45Freq_Value,SPI6Freq_Value,SWPMI1Freq_Value,SYSCLKFreq_VALUE,SYSCLKSource,Spi45ClockSelection,Tim1OutputFreq_Value,Tim2OutputFreq_Value,TraceFreq_Value,USART16Freq_Value,USART234578Freq_Value,USBCLockSelection,USBFreq_Value,VCO1OutputFreq_Value,VCO2OutputFreq_Value,VCO3OutputFreq_Value,VCOInput1Freq_Value,VCOInput2Freq_Value,VCOInput3Freq_Value
RCC.LPTIM1Freq_Value=128000000
RCC.LPTIM2Freq_Value=128000000
RCC.LPTIM345Freq_Value=128000000
RCC.LPUART1Freq_Value=128000000
RCC.LTDCFreq_Value=96000000
RCC.MCO1PinFreq_Value=8000000
RCC.MCO2PinFreq_Value=512000000
RCC.PLL2FRACN=0
RCC.PLL3FRACN=0
RCC.PLLFRACN=0
RCC.PLLSourceVirtual=RCC_PLLSOURCE_HSE
RCC.QSPIFreq_Value=256000000
RCC.RNGFreq_Value=48000000
RCC.RTCFreq_Value=32000
RCC.SAI1Freq_Value=128000000
RCC.SAI4AFreq_Value=128000000
RCC.SAI4BFreq_Value=128000000
RCC.SDMMCFreq_Value=128000000
RCC.SPDIFRXFreq_Value=128000000
RCC.SPI123Freq_Value=128000000
RCC.SPI45Freq_Value=96000000
RCC.SPI6Freq_Value=128000000
RCC.SWPMI1Freq_Value=128000000
RCC.SYSCLKFreq_VALUE=512000000
RCC.SYSCLKSource=RCC_SYSCLKSOURCE_PLLCLK
RCC.Spi45ClockSelection=RCC_SPI45CLKSOURCE_PLL2
RCC.Tim1OutputFreq_Value=256000000
RCC.Tim2OutputFreq_Value=256000000
RCC.TraceFreq_Value=256000000
RCC.USART16Freq_Value=128000000
RCC.USART234578Freq_Value=128000000
RCC.USBCLockSelection=RCC_USBCLKSOURCE_PLL3
RCC.USBFreq_Value=48000000
RCC.VCO1OutputFreq_Value=512000000
RCC.VCO2OutputFreq_Value=192000000
RCC.VCO3OutputFreq_Value=192000000
RCC.VCOInput1Freq_Value=8000000
RCC.VCOInput2Freq_Value=8000000
RCC.VCOInput3Freq_Value=8000000
VP_FREERTOS_VS_CMSIS_V2.Mode=CMSIS_V2
VP_FREERTOS_VS_CMSIS_V2.Signal=FREERTOS_VS_CMSIS_V2
VP_MEMORYMAP_VS_MEMORYMAP.Mode=CurAppReg
VP_MEMORYMAP_VS_MEMORYMAP.Signal=MEMORYMAP_VS_MEMORYMAP
VP_SYS_VS_tim2.Mode=TIM2
VP_SYS_VS_tim2.Signal=SYS_VS_tim2
board=custom
rtos.0.ip=FREERTOS
