#MicroXplorer Configuration settings - do not modify
CAD.formats=
CAD.pinconfig=
CAD.provider=
CORTEX_M7.CPU_DCache=Disabled
CORTEX_M7.CPU_ICache=Disabled
CORTEX_M7.IPParameters=default_mode_Activation,CPU_DCache,CPU_ICache
CORTEX_M7.default_mode_Activation=0
CRC.IPParameters=InputDataInversionMode,OutputDataInversionMode
CRC.InputDataInversionMode=CRC_INPUTDATA_INVERSION_BYTE
CRC.OutputDataInversionMode=CRC_OUTPUTDATA_INVERSION_ENABLE
FDCAN2.AutoRetransmission=ENABLE
FDCAN2.CalculateBaudRateNominal=1000000
FDCAN2.CalculateTimeBitNominal=1000
FDCAN2.CalculateTimeQuantumNominal=62.5
FDCAN2.DataPrescaler=3
FDCAN2.DataSyncJumpWidth=2
FDCAN2.DataTimeSeg1=5
FDCAN2.DataTimeSeg2=2
FDCAN2.ExtFiltersNbr=1
FDCAN2.FrameFormat=FDCAN_FRAME_FD_NO_BRS
FDCAN2.IPParameters=CalculateTimeQuantumNominal,CalculateTimeBitNominal,CalculateBaudRateNominal,FrameFormat,AutoRetransmission,NominalPrescaler,NominalTimeSeg1,NominalSyncJumpWidth,TxElmtSize,TxFifoQueueElmtsNbr,RxFifo0ElmtSize,RxFifo1ElmtSize,RxBufferSize,RxFifo0ElmtsNbr,DataPrescaler,DataSyncJumpWidth,DataTimeSeg1,DataTimeSeg2,RxFifo1ElmtsNbr,NominalTimeSeg2,StdFiltersNbr,ExtFiltersNbr
FDCAN2.NominalPrescaler=6
FDCAN2.NominalSyncJumpWidth=2
FDCAN2.NominalTimeSeg1=13
FDCAN2.NominalTimeSeg2=2
FDCAN2.RxBufferSize=FDCAN_DATA_BYTES_64
FDCAN2.RxFifo0ElmtSize=FDCAN_DATA_BYTES_64
FDCAN2.RxFifo0ElmtsNbr=32
FDCAN2.RxFifo1ElmtSize=FDCAN_DATA_BYTES_64
FDCAN2.RxFifo1ElmtsNbr=0
FDCAN2.StdFiltersNbr=1
FDCAN2.TxElmtSize=FDCAN_DATA_BYTES_64
FDCAN2.TxFifoQueueElmtsNbr=32
FREERTOS.FootprintOK=true
FREERTOS.IPParameters=Tasks01,FootprintOK
FREERTOS.Tasks01=Task100Hz,40,8096,RunTask100Hz,Default,NULL,Static,Task100HzBuffer,Task100HzControlBlock;TaskCanTx,16,512,RunCanTxTask,Default,NULL,Static,canTxTaskBuffer,canTxTaskControlBlock;TaskCanRx,16,512,RunCanRxTask,Default,NULL,Static,canRxTaskBuffer,canRxTaskControlBlock;Task1kHz,48,512,RunTask1kHz,Default,NULL,Static,Task1kHzBuffer,Task1kHzControlBlock;Task1Hz,32,512,RunTask1Hz,Default,NULL,Static,Task1HzBuffer,Task1HzControlBlock;TaskLogging,8,1024,RunTaskLogging,Default,NULL,Static,TaskLoggingBuffer,TaskLoggingControlBlock;TaskTelem,8,512,RunTaskTelem,Default,NULL,Static,TaskTelemBuffer,TaskTelemControlBlock;TaskTelemRx,8,512,RunTaskTelemRx,Default,NULL,Static,TaskTelemRxBuffer,TaskTelemRxControlBlock
File.Version=6
GPIO.groupedBy=Group By Peripherals
I2C1.IPParameters=Timing
I2C1.Timing=0x20A0C4DF
IWDG1.IPParameters=Reload
IWDG1.Reload=LSI_FREQUENCY / IWDG_PRESCALER / IWDG_RESET_FREQUENCY
KeepUserPlacement=false
MMTAppRegionsCount=0
MMTConfigApplied=false
Mcu.CPN=STM32H733VGT6
Mcu.Family=STM32H7
Mcu.IP0=CORTEX_M7
Mcu.IP1=CRC
Mcu.IP10=SDMMC1
Mcu.IP11=SYS
Mcu.IP12=TIM15
Mcu.IP13=USART2
Mcu.IP14=USB_DEVICE
Mcu.IP15=USB_OTG_HS
Mcu.IP2=DEBUG
Mcu.IP3=FDCAN2
Mcu.IP4=FREERTOS
Mcu.IP5=I2C1
Mcu.IP6=IWDG1
Mcu.IP7=MEMORYMAP
Mcu.IP8=NVIC
Mcu.IP9=RCC
Mcu.IPNb=16
Mcu.Name=STM32H733VGTx
Mcu.Package=LQFP100
Mcu.Pin0=PE5
Mcu.Pin1=PH0-OSC_IN
Mcu.Pin10=PA4
Mcu.Pin11=PE9
Mcu.Pin12=PE15
Mcu.Pin13=PB12
Mcu.Pin14=PB13
Mcu.Pin15=PD13
Mcu.Pin16=PD15
Mcu.Pin17=PC6
Mcu.Pin18=PC7
Mcu.Pin19=PC8
Mcu.Pin2=PH1-OSC_OUT
Mcu.Pin20=PC9
Mcu.Pin21=PA8
Mcu.Pin22=PA11
Mcu.Pin23=PA12
Mcu.Pin24=PA13(JTMS/SWDIO)
Mcu.Pin25=PA14(JTCK/SWCLK)
Mcu.Pin26=PC10
Mcu.Pin27=PC11
Mcu.Pin28=PC12
Mcu.Pin29=PD2
Mcu.Pin3=PC0
Mcu.Pin30=PB3(JTDO/TRACESWO)
Mcu.Pin31=PB6
Mcu.Pin32=PB7
Mcu.Pin33=VP_CRC_VS_CRC
Mcu.Pin34=VP_FREERTOS_VS_CMSIS_V2
Mcu.Pin35=VP_IWDG1_VS_IWDG
Mcu.Pin36=VP_SYS_VS_tim2
Mcu.Pin37=VP_USB_DEVICE_VS_USB_DEVICE_CDC_HS
Mcu.Pin38=VP_MEMORYMAP_VS_MEMORYMAP
Mcu.Pin4=PC1
Mcu.Pin5=PC3_C
Mcu.Pin6=PA0
Mcu.Pin7=PA1
Mcu.Pin8=PA2
Mcu.Pin9=PA3
Mcu.PinsNb=39
Mcu.ThirdPartyNb=0
Mcu.UserConstants=IWDG_RESET_FREQUENCY,5;IWDG_PRESCALER,4;LSI_FREQUENCY,32000
Mcu.UserName=STM32H733VGTx
MxCube.Version=6.12.0
MxDb.Version=DB.6.0.120
NVIC.BusFault_IRQn=true\:0\:0\:false\:false\:true\:false\:false\:false\:false
NVIC.DebugMonitor_IRQn=true\:0\:0\:false\:false\:true\:false\:false\:false\:false
NVIC.FDCAN2_IT0_IRQn=true\:5\:0\:false\:false\:true\:true\:true\:true\:true
NVIC.FDCAN2_IT1_IRQn=true\:5\:0\:false\:false\:true\:true\:true\:true\:true
NVIC.ForceEnableDMAVector=true
NVIC.HardFault_IRQn=true\:0\:0\:false\:false\:true\:false\:false\:false\:false
NVIC.I2C1_ER_IRQn=true\:5\:0\:false\:false\:true\:true\:true\:true\:true
NVIC.I2C1_EV_IRQn=true\:5\:0\:false\:false\:true\:true\:true\:true\:true
NVIC.MemoryManagement_IRQn=true\:0\:0\:false\:false\:true\:false\:false\:false\:false
NVIC.NonMaskableInt_IRQn=true\:0\:0\:false\:false\:true\:false\:false\:false\:false
NVIC.OTG_HS_IRQn=true\:5\:0\:false\:false\:true\:true\:false\:true\:true
NVIC.PendSV_IRQn=true\:15\:0\:false\:false\:false\:true\:false\:false\:false
NVIC.PriorityGroup=NVIC_PRIORITYGROUP_4
NVIC.SVCall_IRQn=true\:0\:0\:false\:false\:false\:false\:false\:false\:false
NVIC.SavedPendsvIrqHandlerGenerated=true
NVIC.SavedSvcallIrqHandlerGenerated=true
NVIC.SavedSystickIrqHandlerGenerated=true
NVIC.SysTick_IRQn=true\:15\:0\:false\:false\:false\:true\:false\:true\:false
NVIC.TIM2_IRQn=true\:15\:0\:false\:false\:true\:false\:false\:true\:true
NVIC.TimeBase=TIM2_IRQn
NVIC.TimeBaseIP=TIM2
NVIC.USART2_IRQn=true\:5\:0\:false\:false\:true\:true\:true\:true\:true
NVIC.UsageFault_IRQn=true\:0\:0\:false\:false\:true\:false\:false\:false\:false
PA0.GPIOParameters=GPIO_Label
PA0.GPIO_Label=FROM_900M_CTS
PA0.Locked=true
PA0.Mode=CTS_RTS
PA0.Signal=USART2_CTS
PA1.GPIOParameters=GPIO_Label
PA1.GPIO_Label=TO_900M_RTS
PA1.Locked=true
PA1.Mode=CTS_RTS
PA1.Signal=USART2_RTS
PA11.GPIOParameters=GPIO_Label
PA11.GPIO_Label=USB_D_N
PA11.Locked=true
PA11.Mode=Device_Only_FS
PA11.Signal=USB_OTG_HS_DM
PA12.GPIOParameters=GPIO_Label
PA12.GPIO_Label=USB_D_P
PA12.Locked=true
PA12.Mode=Device_Only_FS
PA12.Signal=USB_OTG_HS_DP
PA13(JTMS/SWDIO).GPIOParameters=GPIO_Label
PA13(JTMS/SWDIO).GPIO_Label=SWDIO
PA13(JTMS/SWDIO).Locked=true
PA13(JTMS/SWDIO).Mode=Trace_Asynchronous_SW
PA13(JTMS/SWDIO).Signal=DEBUG_JTMS-SWDIO
PA14(JTCK/SWCLK).GPIOParameters=GPIO_Label
PA14(JTCK/SWCLK).GPIO_Label=SWCLK
PA14(JTCK/SWCLK).Locked=true
PA14(JTCK/SWCLK).Mode=Trace_Asynchronous_SW
PA14(JTCK/SWCLK).Signal=DEBUG_JTCK-SWCLK
PA2.GPIOParameters=GPIO_Label
PA2.GPIO_Label=TO_900M_TX
PA2.Locked=true
PA2.Mode=Asynchronous
PA2.Signal=USART2_TX
PA3.GPIOParameters=GPIO_Label
PA3.GPIO_Label=FROM_900M_RX
PA3.Locked=true
PA3.Mode=Asynchronous
PA3.Signal=USART2_RX
PA4.GPIOParameters=GPIO_Label
PA4.GPIO_Label=_900M_GPIO
PA4.Locked=true
PA4.Signal=GPIO_Output
PA8.GPIOParameters=GPIO_Label
PA8.GPIO_Label=SD_CD
PA8.Locked=true
PA8.Signal=GPIO_Input
PB12.Locked=true
PB12.Mode=FDCAN_Activate
PB12.Signal=FDCAN2_RX
PB13.Locked=true
PB13.Mode=FDCAN_Activate
PB13.Signal=FDCAN2_TX
PB3(JTDO/TRACESWO).GPIOParameters=GPIO_Label
PB3(JTDO/TRACESWO).GPIO_Label=SWO
PB3(JTDO/TRACESWO).Locked=true
PB3(JTDO/TRACESWO).Mode=Trace_Asynchronous_SW
PB3(JTDO/TRACESWO).Signal=DEBUG_JTDO-SWO
PB6.GPIOParameters=GPIO_Label
PB6.GPIO_Label=RTC_I2C_SCL
PB6.Locked=true
PB6.Mode=I2C
PB6.Signal=I2C1_SCL
PB7.GPIOParameters=GPIO_Label
PB7.GPIO_Label=RTC_I2C_SDA
PB7.Locked=true
PB7.Mode=I2C
PB7.Signal=I2C1_SDA
PC0.GPIOParameters=GPIO_Label
PC0.GPIO_Label=LED
PC0.Locked=true
PC0.Signal=GPIO_Output
PC1.GPIOParameters=GPIO_Label
PC1.GPIO_Label=BOOT_LED
PC1.Locked=true
PC1.Signal=GPIO_Output
PC10.Locked=true
PC10.Mode=SD_4_bits_Wide_bus
PC10.Signal=SDMMC1_D2
PC11.Locked=true
PC11.Mode=SD_4_bits_Wide_bus
PC11.Signal=SDMMC1_D3
PC12.Locked=true
PC12.Mode=SD_4_bits_Wide_bus
PC12.Signal=SDMMC1_CK
PC3_C.GPIOParameters=GPIO_Label
PC3_C.GPIO_Label=SD_FAIL
PC3_C.Locked=true
PC3_C.Signal=GPIO_Output
PC6.GPIOParameters=GPIO_Label
PC6.GPIO_Label=SPLITTER_SHDN_SENSE
PC6.Locked=true
PC6.Signal=GPIO_Input
PC7.GPIOParameters=GPIO_Label
PC7.GPIO_Label=L_SHDN_SENSE
PC7.Locked=true
PC7.Signal=GPIO_Input
PC8.Locked=true
PC8.Mode=SD_4_bits_Wide_bus
PC8.Signal=SDMMC1_D0
PC9.Locked=true
PC9.Mode=SD_4_bits_Wide_bus
PC9.Signal=SDMMC1_D1
PD13.GPIOParameters=PinState,GPIO_Label
PD13.GPIO_Label=nTSIM_GRN_EN
PD13.Locked=true
PD13.PinState=GPIO_PIN_RESET
PD13.Signal=GPIO_Output
PD15.GPIOParameters=PinState,GPIO_Label
PD15.GPIO_Label=TSIM_RED_EN
PD15.Locked=true
PD15.PinState=GPIO_PIN_SET
PD15.Signal=GPIO_Output
PD2.Locked=true
PD2.Mode=SD_4_bits_Wide_bus
PD2.Signal=SDMMC1_CMD
PE15.GPIOParameters=GPIO_Label
PE15.GPIO_Label=BUZZER_PWR_EN
PE15.Locked=true
PE15.Signal=GPIO_Output
PE5.GPIOParameters=GPIO_Label
PE5.GPIO_Label=nRTC_INT1
PE5.Locked=true
PE5.Signal=S_TIM15_CH1
PE9.GPIOParameters=GPIO_Label
PE9.GPIO_Label=TELEM_PWR_EN
PE9.Locked=true
PE9.Signal=GPIO_Output
PH0-OSC_IN.Locked=true
PH0-OSC_IN.Mode=HSE-External-Oscillator
PH0-OSC_IN.Signal=RCC_OSC_IN
PH1-OSC_OUT.Locked=true
PH1-OSC_OUT.Mode=HSE-External-Oscillator
PH1-OSC_OUT.Signal=RCC_OSC_OUT
PinOutPanel.RotationAngle=270
ProjectManager.AskForMigrate=true
ProjectManager.BackupPrevious=false
ProjectManager.CompilerOptimize=6
ProjectManager.ComputerToolchain=false
ProjectManager.CoupleFile=false
ProjectManager.CustomerFirmwarePackage=
ProjectManager.DefaultFWLocation=true
ProjectManager.DeletePrevious=true
ProjectManager.DeviceId=STM32H733VGTx
ProjectManager.FirmwarePackage=STM32Cube FW_H7 V1.11.2
ProjectManager.FreePins=false
ProjectManager.HalAssertFull=false
ProjectManager.HeapSize=0x200
ProjectManager.KeepUserCode=true
ProjectManager.LastFirmware=true
ProjectManager.LibraryCopy=1
ProjectManager.MainLocation=Core/Src
ProjectManager.NoMain=false
ProjectManager.PreviousToolchain=STM32CubeIDE
ProjectManager.ProjectBuild=false
ProjectManager.ProjectFileName=DAM.ioc
ProjectManager.ProjectName=DAM
ProjectManager.ProjectStructure=
ProjectManager.RegisterCallBack=
ProjectManager.StackSize=0x400
ProjectManager.TargetToolchain=STM32CubeIDE
ProjectManager.ToolChainLocation=
ProjectManager.UAScriptAfterPath=
ProjectManager.UAScriptBeforePath=
ProjectManager.UnderRoot=true
ProjectManager.functionlistsort=1-SystemClock_Config-RCC-false-HAL-false,2-MX_GPIO_Init-GPIO-false-HAL-true,3-MX_SDMMC1_SD_Init-SDMMC1-false-HAL-true,4-MX_FDCAN2_Init-FDCAN2-false-HAL-true,5-MX_USART2_UART_Init-USART2-false-HAL-true,6-MX_USB_DEVICE_Init-USB_DEVICE-false-HAL-false,7-MX_I2C1_Init-I2C1-false-HAL-true,8-MX_TIM15_Init-TIM15-false-HAL-true,9-MX_IWDG1_Init-IWDG1-false-HAL-true,10-MX_CRC_Init-CRC-false-HAL-true,0-MX_CORTEX_M7_Init-CORTEX_M7-false-HAL-true
RCC.ADCFreq_Value=96000000
RCC.AHB12Freq_Value=256000000
RCC.AHB4Freq_Value=256000000
RCC.APB1Freq_Value=128000000
RCC.APB2Freq_Value=128000000
RCC.APB3Freq_Value=128000000
RCC.APB4Freq_Value=128000000
RCC.AXIClockFreq_Value=256000000
RCC.CECFreq_Value=32000
RCC.CKPERFreq_Value=64000000
RCC.CortexFreq_Value=512000000
RCC.CpuClockFreq_Value=512000000
RCC.D1CPREFreq_Value=512000000
RCC.D1PPRE=RCC_APB3_DIV2
RCC.D2PPRE1=RCC_APB1_DIV2
RCC.D2PPRE2=RCC_APB2_DIV2
RCC.D3PPRE=RCC_APB4_DIV2
RCC.DFSDMACLkFreq_Value=128000000
RCC.DFSDMFreq_Value=128000000
RCC.DIVM1=1
RCC.DIVM2=1
RCC.DIVM3=8
RCC.DIVN1=64
RCC.DIVN2=24
RCC.DIVN3=194
RCC.DIVP1=1
RCC.DIVP1Freq_Value=512000000
RCC.DIVP2Freq_Value=96000000
RCC.DIVP3Freq_Value=97000000
RCC.DIVQ1=4
RCC.DIVQ1Freq_Value=128000000
RCC.DIVQ2Freq_Value=96000000
RCC.DIVQ3Freq_Value=97000000
RCC.DIVR1Freq_Value=256000000
RCC.DIVR2Freq_Value=96000000
RCC.DIVR3Freq_Value=97000000
RCC.FDCANCLockSelection=RCC_FDCANCLKSOURCE_PLL2
RCC.FDCANFreq_Value=96000000
RCC.FMCFreq_Value=256000000
RCC.FamilyName=M
RCC.HCLK3ClockFreq_Value=256000000
RCC.HCLKFreq_Value=256000000
RCC.HPRE=RCC_HCLK_DIV2
RCC.HSE_VALUE=8000000
RCC.I2C123Freq_Value=128000000
RCC.I2C4Freq_Value=128000000
RCC.IPParameters=ADCFreq_Value,AHB12Freq_Value,AHB4Freq_Value,APB1Freq_Value,APB2Freq_Value,APB3Freq_Value,APB4Freq_Value,AXIClockFreq_Value,CECFreq_Value,CKPERFreq_Value,CortexFreq_Value,CpuClockFreq_Value,D1CPREFreq_Value,D1PPRE,D2PPRE1,D2PPRE2,D3PPRE,DFSDMACLkFreq_Value,DFSDMFreq_Value,DIVM1,DIVM2,DIVM3,DIVN1,DIVN2,DIVN3,DIVP1,DIVP1Freq_Value,DIVP2Freq_Value,DIVP3Freq_Value,DIVQ1,DIVQ1Freq_Value,DIVQ2Freq_Value,DIVQ3Freq_Value,DIVR1Freq_Value,DIVR2Freq_Value,DIVR3Freq_Value,FDCANCLockSelection,FDCANFreq_Value,FMCFreq_Value,FamilyName,HCLK3ClockFreq_Value,HCLKFreq_Value,HPRE,HSE_VALUE,I2C123Freq_Value,I2C4Freq_Value,LPTIM1Freq_Value,LPTIM2Freq_Value,LPTIM345Freq_Value,LPUART1Freq_Value,LTDCFreq_Value,MCO1PinFreq_Value,MCO2PinFreq_Value,PLL3FRACN,PLLFRACN,PLLSourceVirtual,QSPIFreq_Value,RNGFreq_Value,RTCFreq_Value,SAI1Freq_Value,SAI4AFreq_Value,SAI4BFreq_Value,SDMMCFreq_Value,SPDIFRXFreq_Value,SPI123Freq_Value,SPI45Freq_Value,SPI6Freq_Value,SWPMI1Freq_Value,SYSCLKFreq_VALUE,SYSCLKSource,Tim1OutputFreq_Value,Tim2OutputFreq_Value,TraceFreq_Value,USART16Freq_Value,USART234578Freq_Value,USBCLockSelection,USBFreq_Value,VCO1OutputFreq_Value,VCO2OutputFreq_Value,VCO3OutputFreq_Value,VCOInput1Freq_Value,VCOInput2Freq_Value,VCOInput3Freq_Value
RCC.LPTIM1Freq_Value=128000000
RCC.LPTIM2Freq_Value=128000000
RCC.LPTIM345Freq_Value=128000000
RCC.LPUART1Freq_Value=128000000
RCC.LTDCFreq_Value=97000000
RCC.MCO1PinFreq_Value=64000000
RCC.MCO2PinFreq_Value=512000000
RCC.PLL3FRACN=0
RCC.PLLFRACN=0
RCC.PLLSourceVirtual=RCC_PLLSOURCE_HSE
RCC.QSPIFreq_Value=256000000
RCC.RNGFreq_Value=48000000
RCC.RTCFreq_Value=32000
RCC.SAI1Freq_Value=128000000
RCC.SAI4AFreq_Value=128000000
RCC.SAI4BFreq_Value=128000000
RCC.SDMMCFreq_Value=128000000
RCC.SPDIFRXFreq_Value=128000000
RCC.SPI123Freq_Value=128000000
RCC.SPI45Freq_Value=128000000
RCC.SPI6Freq_Value=128000000
RCC.SWPMI1Freq_Value=128000000
RCC.SYSCLKFreq_VALUE=512000000
RCC.SYSCLKSource=RCC_SYSCLKSOURCE_PLLCLK
RCC.Tim1OutputFreq_Value=256000000
RCC.Tim2OutputFreq_Value=256000000
RCC.TraceFreq_Value=256000000
RCC.USART16Freq_Value=128000000
RCC.USART234578Freq_Value=128000000
RCC.USBCLockSelection=RCC_USBCLKSOURCE_PLL3
RCC.USBFreq_Value=97000000
RCC.VCO1OutputFreq_Value=512000000
RCC.VCO2OutputFreq_Value=192000000
RCC.VCO3OutputFreq_Value=194000000
RCC.VCOInput1Freq_Value=8000000
RCC.VCOInput2Freq_Value=8000000
RCC.VCOInput3Freq_Value=1000000
SDMMC1.ClockDiv=9
SDMMC1.HardwareFlowControl=SDMMC_HARDWARE_FLOW_CONTROL_ENABLE
SDMMC1.IPParameters=ClockDiv,HardwareFlowControl
SH.S_TIM15_CH1.0=TIM15_CH1,Input_Capture1_from_TI1
SH.S_TIM15_CH1.ConfNb=1
TIM15.Channel-Input_Capture1_from_TI1=TIM_CHANNEL_1
TIM15.IPParameters=Channel-Input_Capture1_from_TI1
USART2.BaudRate=57600
USART2.IPParameters=VirtualMode-Asynchronous,BaudRate
USART2.VirtualMode-Asynchronous=VM_ASYNC
USB_DEVICE.CLASS_NAME_HS=CDC
USB_DEVICE.IPParameters=VirtualMode,VirtualModeHS,CLASS_NAME_HS,MANUFACTURER_STRING,PRODUCT_STRING_CDC_HS
USB_DEVICE.MANUFACTURER_STRING=ubc_formula_electric
USB_DEVICE.PRODUCT_STRING_CDC_HS=dam
USB_DEVICE.VirtualMode=Cdc
USB_DEVICE.VirtualModeHS=Cdc_HS
USB_OTG_HS.IPParameters=VirtualMode-Device_Only_FS
USB_OTG_HS.VirtualMode-Device_Only_FS=Device_Only_FS
VP_CRC_VS_CRC.Mode=CRC_Activate
VP_CRC_VS_CRC.Signal=CRC_VS_CRC
VP_FREERTOS_VS_CMSIS_V2.Mode=CMSIS_V2
VP_FREERTOS_VS_CMSIS_V2.Signal=FREERTOS_VS_CMSIS_V2
VP_IWDG1_VS_IWDG.Mode=IWDG_Activate
VP_IWDG1_VS_IWDG.Signal=IWDG1_VS_IWDG
VP_MEMORYMAP_VS_MEMORYMAP.Mode=CurAppReg
VP_MEMORYMAP_VS_MEMORYMAP.Signal=MEMORYMAP_VS_MEMORYMAP
VP_SYS_VS_tim2.Mode=TIM2
VP_SYS_VS_tim2.Signal=SYS_VS_tim2
VP_USB_DEVICE_VS_USB_DEVICE_CDC_HS.Mode=CDC_HS
VP_USB_DEVICE_VS_USB_DEVICE_CDC_HS.Signal=USB_DEVICE_VS_USB_DEVICE_CDC_HS
board=custom
rtos.0.ip=FREERTOS
