#MicroXplorer Configuration settings - do not modify
BOOTPATH.BootPathName=LEGACY
BOOTPATH.IPParameters=BootPathName
BOOTPATH.UserSelectedBootPath=LEGACY
CAD.formats=
CAD.pinconfig=
CAD.provider=
CORTEX_M33_NS.userName=CORTEX_M33
FDCAN1.AutoRetransmission=ENABLE
FDCAN1.CalculateBaudRateNominal=1000000
FDCAN1.CalculateTimeBitNominal=1000
FDCAN1.CalculateTimeQuantumNominal=62.5
FDCAN1.DataPrescaler=3
FDCAN1.DataSyncJumpWidth=2
FDCAN1.DataTimeSeg1=5
FDCAN1.DataTimeSeg2=2
FDCAN1.ExtFiltersNbr=1
FDCAN1.FrameFormat=FDCAN_FRAME_FD_NO_BRS
FDCAN1.IPParameters=CalculateTimeQuantumNominal,CalculateTimeBitNominal,CalculateBaudRateNominal,NominalPrescaler,NominalTimeSeg1,FrameFormat,NominalTimeSeg2,NominalSyncJumpWidth,DataPrescaler,DataSyncJumpWidth,DataTimeSeg2,DataTimeSeg1,StdFiltersNbr,ExtFiltersNbr,AutoRetransmission
FDCAN1.NominalPrescaler=6
FDCAN1.NominalSyncJumpWidth=2
FDCAN1.NominalTimeSeg1=13
FDCAN1.NominalTimeSeg2=2
FDCAN1.StdFiltersNbr=1
File.Version=6
GPIO.groupedBy=Group By Peripherals
KeepUserPlacement=false
MMTAppRegionsCount=0
MMTConfigApplied=false
Mcu.CPN=STM32H562RIT6
Mcu.ContextProject=TrustZoneDisabled
Mcu.Family=STM32H5
Mcu.IP0=BOOTPATH
Mcu.IP1=CORTEX_M33_NS
Mcu.IP2=DEBUG
Mcu.IP3=FDCAN1
Mcu.IP4=MEMORYMAP
Mcu.IP5=NVIC
Mcu.IP6=PWR
Mcu.IP7=RCC
Mcu.IP8=SYS
Mcu.IPNb=9
Mcu.Name=STM32H562RITx
Mcu.Package=LQFP64
Mcu.Pin0=PH0-OSC_IN(PH0)
Mcu.Pin1=PH1-OSC_OUT(PH1)
Mcu.Pin10=VP_PWR_VS_SECSignals
Mcu.Pin11=VP_PWR_VS_LPOM
Mcu.Pin12=VP_SYS_VS_tim6
Mcu.Pin13=VP_BOOTPATH_VS_BOOTPATH
Mcu.Pin14=VP_MEMORYMAP_VS_MEMORYMAP
Mcu.Pin15=VP_STMicroelectronics.X-CUBE-FREERTOS_VS_CMSISJjRTOS2_10.6.2_1.3.1
Mcu.Pin2=PA13(JTMS/SWDIO)
Mcu.Pin3=PA14(JTCK/SWCLK)
Mcu.Pin4=PB3(JTDO/TRACESWO)
Mcu.Pin5=PB4(NJTRST)
Mcu.Pin6=PB5
Mcu.Pin7=PB7
Mcu.Pin8=PB8
Mcu.Pin9=VP_CORTEX_M33_NS_VS_Ext
Mcu.PinsNb=16
Mcu.ThirdParty0=STMicroelectronics.X-CUBE-FREERTOS.1.3.1
Mcu.ThirdPartyNb=1
Mcu.UserConstants=
Mcu.UserName=STM32H562RITx
MxCube.Version=6.15.0
MxDb.Version=DB.6.0.150
NVIC.BusFault_IRQn=true\:0\:0\:false\:false\:true\:false\:false\:false\:false
NVIC.DebugMonitor_IRQn=true\:0\:0\:false\:false\:true\:false\:false\:false\:false
NVIC.FDCAN1_IT0_IRQn=true\:5\:0\:false\:false\:true\:true\:true\:true\:true
NVIC.FDCAN1_IT1_IRQn=true\:5\:0\:false\:false\:true\:true\:true\:true\:true
NVIC.ForceEnableDMAVector=true
NVIC.HardFault_IRQn=true\:0\:0\:false\:false\:true\:false\:false\:false\:false
NVIC.MemoryManagement_IRQn=true\:0\:0\:false\:false\:true\:false\:false\:false\:false
NVIC.NonMaskableInt_IRQn=true\:0\:0\:false\:false\:true\:false\:false\:false\:false
NVIC.PendSV_IRQn=true\:15\:0\:false\:false\:false\:true\:false\:false\:false
NVIC.PriorityGroup=NVIC_PRIORITYGROUP_4
NVIC.RCC_IRQn=true\:5\:0\:false\:false\:true\:true\:true\:false\:true
NVIC.SVCall_IRQn=true\:0\:0\:false\:false\:false\:false\:false\:false\:false
NVIC.SavedPendsvIrqHandlerGenerated=false
NVIC.SavedSvcallIrqHandlerGenerated=false
NVIC.SavedSystickIrqHandlerGenerated=false
NVIC.SysTick_IRQn=true\:15\:0\:false\:false\:false\:true\:false\:true\:false
NVIC.TIM6_IRQn=true\:15\:0\:false\:false\:true\:false\:false\:true\:true
NVIC.TimeBase=TIM6_IRQn
NVIC.TimeBaseIP=TIM6
NVIC.UsageFault_IRQn=true\:0\:0\:false\:false\:true\:false\:false\:false\:false
PA13(JTMS/SWDIO).Mode=Trace_Asynchronous_SW
PA13(JTMS/SWDIO).Signal=DEBUG_JTMS-SWDIO
PA14(JTCK/SWCLK).Mode=Trace_Asynchronous_SW
PA14(JTCK/SWCLK).Signal=DEBUG_JTCK-SWCLK
PB3(JTDO/TRACESWO).Mode=Trace_Asynchronous_SW
PB3(JTDO/TRACESWO).Signal=DEBUG_JTDO-SWO
PB4(NJTRST).GPIOParameters=PinState,GPIO_Label
PB4(NJTRST).GPIO_Label=LED
PB4(NJTRST).Locked=true
PB4(NJTRST).PinState=GPIO_PIN_RESET
PB4(NJTRST).Signal=GPIO_Output
PB5.GPIOParameters=PinState,GPIO_Label
PB5.GPIO_Label=BOOT
PB5.Locked=true
PB5.PinState=GPIO_PIN_RESET
PB5.Signal=GPIO_Output
PB7.Mode=FDCAN_Activate
PB7.Signal=FDCAN1_TX
PB8.Mode=FDCAN_Activate
PB8.Signal=FDCAN1_RX
PH0-OSC_IN(PH0).Mode=HSE-External-Oscillator
PH0-OSC_IN(PH0).Signal=RCC_OSC_IN
PH1-OSC_OUT(PH1).Mode=HSE-External-Oscillator
PH1-OSC_OUT(PH1).Signal=RCC_OSC_OUT
PinOutPanel.RotationAngle=0
ProjectManager.AskForMigrate=true
ProjectManager.BackupPrevious=false
ProjectManager.CompilerLinker=GCC
ProjectManager.CompilerOptimize=6
ProjectManager.ComputerToolchain=false
ProjectManager.CoupleFile=false
ProjectManager.CustomerFirmwarePackage=
ProjectManager.DefaultFWLocation=true
ProjectManager.DeletePrevious=true
ProjectManager.DeviceId=STM32H562RITx
ProjectManager.FirmwarePackage=STM32Cube FW_H5 V1.5.0
ProjectManager.FreePins=false
ProjectManager.HalAssertFull=false
ProjectManager.HeapSize=0x200
ProjectManager.KeepUserCode=true
ProjectManager.LastFirmware=false
ProjectManager.LibraryCopy=0
ProjectManager.MainLocation=Core/Src
ProjectManager.NoMain=false
ProjectManager.PreviousToolchain=
ProjectManager.ProjectBuild=false
ProjectManager.ProjectFileName=h5dev.ioc
ProjectManager.ProjectName=h5dev
ProjectManager.ProjectStructure=
ProjectManager.RegisterCallBack=
ProjectManager.StackSize=0x400
ProjectManager.TargetToolchain=EWARM V9.20
ProjectManager.ToolChainLocation=
ProjectManager.UAScriptAfterPath=
ProjectManager.UAScriptBeforePath=
ProjectManager.UnderRoot=false
ProjectManager.functionlistsort=1-SystemClock_Config-RCC-false-HAL-false,2-MX_GPIO_Init-GPIO-false-HAL-true,3-MX_FDCAN1_Init-FDCAN1-false-HAL-true,0-MX_CORTEX_M33_NS_Init-CORTEX_M33_NS-false-HAL-true,0-MX_PWR_Init-PWR-false-HAL-true
RCC.ADCFreq_Value=250000000
RCC.AHBFreq_Value=250000000
RCC.APB1Freq_Value=250000000
RCC.APB1TimFreq_Value=250000000
RCC.APB2Freq_Value=250000000
RCC.APB2TimFreq_Value=250000000
RCC.APB3Freq_Value=250000000
RCC.CECFreq_Value=32000
RCC.CKPERFreq_Value=64000000
RCC.CRSFreq_Value=48000000
RCC.CSI_VALUE=4000000
RCC.CortexFreq_Value=250000000
RCC.DACFreq_Value=32768
RCC.EPOD_VALUE=8000000
RCC.FCLKCortexFreq_Value=250000000
RCC.FDCANClockSelection=RCC_FDCANCLKSOURCE_PLL2Q
RCC.FDCANFreq_Value=96000000
RCC.FamilyName=M
RCC.HCLKFreq_Value=250000000
RCC.HSE_VALUE=8000000
RCC.HSI48_VALUE=48000000
RCC.HSIDiv=RCC_HSI_DIV1
RCC.HSI_VALUE=64000000
RCC.I2C1Freq_Value=250000000
RCC.I2C2Freq_Value=250000000
RCC.I2C3Freq_Value=250000000
RCC.I2C4Freq_Value=250000000
RCC.I3C1Freq_Value=250000000
RCC.IPParameters=ADCFreq_Value,AHBFreq_Value,APB1Freq_Value,APB1TimFreq_Value,APB2Freq_Value,APB2TimFreq_Value,APB3Freq_Value,CECFreq_Value,CKPERFreq_Value,CRSFreq_Value,CSI_VALUE,CortexFreq_Value,DACFreq_Value,EPOD_VALUE,FCLKCortexFreq_Value,FDCANClockSelection,FDCANFreq_Value,FamilyName,HCLKFreq_Value,HSE_VALUE,HSI48_VALUE,HSIDiv,HSI_VALUE,I2C1Freq_Value,I2C2Freq_Value,I2C3Freq_Value,I2C4Freq_Value,I3C1Freq_Value,LPTIM1Freq_Value,LPTIM2Freq_Value,LPTIM3Freq_Value,LPTIM4Freq_Value,LPTIM5Freq_Value,LPTIM6Freq_Value,LPUART1Freq_Value,LSCOPinFreq_Value,LSE_VALUE,LSIRC_VALUE,MCO1PinFreq_Value,MCO2PinFreq_Value,OCTOSPIMFreq_Value,PLL2FRACN,PLL2N,PLL2PoutputFreq_Value,PLL2QoutputFreq_Value,PLL2RoutputFreq_Value,PLL2Source,PLL3FRACN,PLL3PoutputFreq_Value,PLL3QoutputFreq_Value,PLL3RoutputFreq_Value,PLLFRACN,PLLN,PLLPoutputFreq_Value,PLLQoutputFreq_Value,PLLSourceVirtual,PWRFreq_Value,RNGFreq_Value,SAI1Freq_Value,SAI2Freq_Value,SDMMC1Freq_Value,SPI1Freq_Value,SPI2Freq_Value,SPI3Freq_Value,SPI6Freq_Value,SYSCLKFreq_VALUE,SYSCLKSource,UART4Freq_Value,UART5Freq_Value,UART7Freq_Value,UCPD1outputFreq_Value,USART11Freq_Value,USART1Freq_Value,USART2Freq_Value,USART3Freq_Value,USART6Freq_Value,USBFreq_Value,VCOInput2Freq_Value,VCOInput3Freq_Value,VCOInputFreq_Value,VCOOutputFreq_Value,VCOPLL2OutputFreq_Value,VCOPLL3OutputFreq_Value
RCC.LPTIM1Freq_Value=250000000
RCC.LPTIM2Freq_Value=250000000
RCC.LPTIM3Freq_Value=250000000
RCC.LPTIM4Freq_Value=250000000
RCC.LPTIM5Freq_Value=250000000
RCC.LPTIM6Freq_Value=250000000
RCC.LPUART1Freq_Value=250000000
RCC.LSCOPinFreq_Value=32000
RCC.LSE_VALUE=32768
RCC.LSIRC_VALUE=32000
RCC.MCO1PinFreq_Value=64000000
RCC.MCO2PinFreq_Value=250000000
RCC.OCTOSPIMFreq_Value=250000000
RCC.PLL2FRACN=0
RCC.PLL2N=24
RCC.PLL2PoutputFreq_Value=96000000
RCC.PLL2QoutputFreq_Value=96000000
RCC.PLL2RoutputFreq_Value=96000000
RCC.PLL2Source=RCC_PLL2_SOURCE_HSE
RCC.PLL3FRACN=0
RCC.PLL3PoutputFreq_Value=258000000
RCC.PLL3QoutputFreq_Value=258000000
RCC.PLL3RoutputFreq_Value=258000000
RCC.PLLFRACN=4096
RCC.PLLN=62
RCC.PLLPoutputFreq_Value=250000000
RCC.PLLQoutputFreq_Value=250000000
RCC.PLLSourceVirtual=RCC_PLL1_SOURCE_HSE
RCC.PWRFreq_Value=250000000
RCC.RNGFreq_Value=48000000
RCC.SAI1Freq_Value=96000000
RCC.SAI2Freq_Value=96000000
RCC.SDMMC1Freq_Value=250000000
RCC.SPI1Freq_Value=250000000
RCC.SPI2Freq_Value=250000000
RCC.SPI3Freq_Value=250000000
RCC.SPI6Freq_Value=250000000
RCC.SYSCLKFreq_VALUE=250000000
RCC.SYSCLKSource=RCC_SYSCLKSOURCE_PLLCLK
RCC.UART4Freq_Value=250000000
RCC.UART5Freq_Value=250000000
RCC.UART7Freq_Value=250000000
RCC.UCPD1outputFreq_Value=16000000
RCC.USART11Freq_Value=250000000
RCC.USART1Freq_Value=250000000
RCC.USART2Freq_Value=250000000
RCC.USART3Freq_Value=250000000
RCC.USART6Freq_Value=250000000
RCC.USBFreq_Value=48000000
RCC.VCOInput2Freq_Value=8000000
RCC.VCOInput3Freq_Value=4000000
RCC.VCOInputFreq_Value=8000000
RCC.VCOOutputFreq_Value=500000000
RCC.VCOPLL2OutputFreq_Value=192000000
RCC.VCOPLL3OutputFreq_Value=516000000
STMicroelectronics.X-CUBE-FREERTOS.1.3.1.CMSISJjRTOS2_Checked=true
STMicroelectronics.X-CUBE-FREERTOS.1.3.1.IPParameters=configMINIMAL_SECURE_STACK_SIZE,RTOS2CcCMSISJjRTOS2JjCore,RTOS2CcCMSISJjRTOS2JjHeap,configTIMER_TASK_STACK_DEPTH,configTOTAL_HEAP_SIZE
STMicroelectronics.X-CUBE-FREERTOS.1.3.1.RTOS2CcCMSISJjRTOS2JjCore=TZIiNonIiSupported
STMicroelectronics.X-CUBE-FREERTOS.1.3.1.RTOS2CcCMSISJjRTOS2JjHeap=HeapIi4
STMicroelectronics.X-CUBE-FREERTOS.1.3.1.configMINIMAL_SECURE_STACK_SIZE=512
STMicroelectronics.X-CUBE-FREERTOS.1.3.1.configTIMER_TASK_STACK_DEPTH=256
STMicroelectronics.X-CUBE-FREERTOS.1.3.1.configTOTAL_HEAP_SIZE=15360
STMicroelectronics.X-CUBE-FREERTOS.1.3.1_SwParameter=RTOS2CcCMSISJjRTOS2JjHeap\:HeapIi4;RTOS2CcCMSISJjRTOS2JjCore\:TZIiNonIiSupported;
VP_BOOTPATH_VS_BOOTPATH.Mode=BP_Activate
VP_BOOTPATH_VS_BOOTPATH.Signal=BOOTPATH_VS_BOOTPATH
VP_CORTEX_M33_NS_VS_Ext.Mode=External_Mode
VP_CORTEX_M33_NS_VS_Ext.Signal=CORTEX_M33_NS_VS_Ext
VP_MEMORYMAP_VS_MEMORYMAP.Mode=CurAppReg
VP_MEMORYMAP_VS_MEMORYMAP.Signal=MEMORYMAP_VS_MEMORYMAP
VP_PWR_VS_LPOM.Mode=PowerOptimisation
VP_PWR_VS_LPOM.Signal=PWR_VS_LPOM
VP_PWR_VS_SECSignals.Mode=Security/Privilege
VP_PWR_VS_SECSignals.Signal=PWR_VS_SECSignals
VP_STMicroelectronics.X-CUBE-FREERTOS_VS_CMSISJjRTOS2_10.6.2_1.3.1.Mode=CMSISJjRTOS2
VP_STMicroelectronics.X-CUBE-FREERTOS_VS_CMSISJjRTOS2_10.6.2_1.3.1.Signal=STMicroelectronics.X-CUBE-FREERTOS_VS_CMSISJjRTOS2_10.6.2_1.3.1
VP_SYS_VS_tim6.Mode=TIM6
VP_SYS_VS_tim6.Signal=SYS_VS_tim6
board=custom
rtos.0.ip=STMicroelectronics.X-CUBE-FREERTOS.1.3.1
rtos.0.tasks.0=allocationType,Static;bufferName,TaskDefaultBuffer;codeGen,Default;controlBlockName,TaskDefaultControlBlock;entry,StartDefaultTask;name,TaskDefault;parameter,NULL;priority,osPriorityNormal;stackSize,512
