#MicroXplorer Configuration settings - do not modify
ADC1.Channel-0\#ChannelRegularConversion=ADC_CHANNEL_0
ADC1.Channel-1\#ChannelRegularConversion=ADC_CHANNEL_5
ADC1.Channel-2\#ChannelRegularConversion=ADC_CHANNEL_6
ADC1.Channel-3\#ChannelRegularConversion=ADC_CHANNEL_12
ADC1.ContinuousConvMode=DISABLE
ADC1.DMAContinuousRequests=ENABLE
ADC1.EOCSelection=ADC_EOC_SINGLE_CONV
ADC1.ExternalTrigConv=ADC_EXTERNALTRIGCONV_T2_TRGO
ADC1.IPParameters=Rank-0\#ChannelRegularConversion,master,Channel-0\#ChannelRegularConversion,SamplingTime-0\#ChannelRegularConversion,NbrOfConversionFlag,ContinuousConvMode,DMAContinuousRequests,NbrOfConversion,Rank-1\#ChannelRegularConversion,Channel-1\#ChannelRegularConversion,SamplingTime-1\#ChannelRegularConversion,Rank-2\#ChannelRegularConversion,Channel-2\#ChannelRegularConversion,SamplingTime-2\#ChannelRegularConversion,Rank-3\#ChannelRegularConversion,Channel-3\#ChannelRegularConversion,SamplingTime-3\#ChannelRegularConversion,EOCSelection,ExternalTrigConv
ADC1.NbrOfConversion=4
ADC1.NbrOfConversionFlag=1
ADC1.Rank-0\#ChannelRegularConversion=1
ADC1.Rank-1\#ChannelRegularConversion=2
ADC1.Rank-2\#ChannelRegularConversion=3
ADC1.Rank-3\#ChannelRegularConversion=4
ADC1.SamplingTime-0\#ChannelRegularConversion=ADC_SAMPLETIME_3CYCLES
ADC1.SamplingTime-1\#ChannelRegularConversion=ADC_SAMPLETIME_3CYCLES
ADC1.SamplingTime-2\#ChannelRegularConversion=ADC_SAMPLETIME_3CYCLES
ADC1.SamplingTime-3\#ChannelRegularConversion=ADC_SAMPLETIME_3CYCLES
ADC1.master=1
CAD.formats=[]
CAD.pinconfig=Dual
CAD.provider=
CAN2.ABOM=ENABLE
CAN2.BS1=CAN_BS1_12TQ
CAN2.BS2=CAN_BS2_3TQ
CAN2.CalculateBaudRate=1000000
CAN2.CalculateTimeBit=1000
CAN2.CalculateTimeQuantum=62.5
CAN2.IPParameters=CalculateTimeQuantum,CalculateTimeBit,CalculateBaudRate,BS1,Prescaler,BS2,SJW,ABOM,NART,RFLM,TXFP
CAN2.NART=ENABLE
CAN2.Prescaler=3
CAN2.RFLM=ENABLE
CAN2.SJW=CAN_SJW_3TQ
CAN2.TXFP=ENABLE
Dma.ADC1.0.Direction=DMA_PERIPH_TO_MEMORY
Dma.ADC1.0.FIFOMode=DMA_FIFOMODE_DISABLE
Dma.ADC1.0.Instance=DMA2_Stream0
Dma.ADC1.0.MemDataAlignment=DMA_MDATAALIGN_HALFWORD
Dma.ADC1.0.MemInc=DMA_MINC_ENABLE
Dma.ADC1.0.Mode=DMA_CIRCULAR
Dma.ADC1.0.PeriphDataAlignment=DMA_PDATAALIGN_HALFWORD
Dma.ADC1.0.PeriphInc=DMA_PINC_DISABLE
Dma.ADC1.0.Priority=DMA_PRIORITY_LOW
Dma.ADC1.0.RequestParameters=Instance,Direction,PeriphInc,MemInc,PeriphDataAlignment,MemDataAlignment,Mode,Priority,FIFOMode
Dma.Request0=ADC1
Dma.RequestsNb=1
FREERTOS.FootprintOK=true
FREERTOS.IPParameters=Tasks01,FootprintOK
FREERTOS.Tasks01=Task1KHz,48,512,RunTask1KHz,Default,NULL,Static,Task1KHzBuffer,Task1KHzControlBlock;Task100Hz,40,512,RunTask100Hz,Default,NULL,Static,Task100HzBuffer,Task100HzControlBlock;Task1Hz,32,512,RunTask1Hz,Default,NULL,Static,Task1HzBuffer,Task1HzControlBlock;TaskCanTx,24,512,RunTaskCanTx,Default,NULL,Static,TaskCanTxBuffer,TaskCanTxControlBlock;TaskCanRx,8,512,RunTaskCanRx,Default,NULL,Static,TaskCanRxBuffer,TaskCanRxControlBlock;TaskChimera,40,512,RunTaskChimera,Default,NULL,Static,TaskChimeraBuffer,TaskChimeraControlBlock
File.Version=6
GPIO.groupedBy=Group By Peripherals
I2C1.I2C_Mode=I2C_Fast
I2C1.IPParameters=I2C_Mode
I2C3.I2C_Mode=I2C_Standard
I2C3.IPParameters=I2C_Mode
IWDG.IPParameters=Reload
IWDG.Reload=LSI_FREQUENCY / IWDG_PRESCALER / IWDG_RESET_FREQUENCY
KeepUserPlacement=false
Mcu.CPN=STM32F412RGT6
Mcu.Family=STM32F4
Mcu.IP0=ADC1
Mcu.IP1=CAN2
Mcu.IP10=TIM2
Mcu.IP11=TIM4
Mcu.IP12=USB_DEVICE
Mcu.IP13=USB_OTG_FS
Mcu.IP2=DMA
Mcu.IP3=FREERTOS
Mcu.IP4=I2C1
Mcu.IP5=I2C3
Mcu.IP6=IWDG
Mcu.IP7=NVIC
Mcu.IP8=RCC
Mcu.IP9=SYS
Mcu.IPNb=14
Mcu.Name=STM32F412R(E-G)Tx
Mcu.Package=LQFP64
Mcu.Pin0=PH0 - OSC_IN
Mcu.Pin1=PH1 - OSC_OUT
Mcu.Pin10=PB1
Mcu.Pin11=PB12
Mcu.Pin12=PB13
Mcu.Pin13=PC9
Mcu.Pin14=PA8
Mcu.Pin15=PA11
Mcu.Pin16=PA12
Mcu.Pin17=PA13
Mcu.Pin18=PA14
Mcu.Pin19=PC11
Mcu.Pin2=PC2
Mcu.Pin20=PC12
Mcu.Pin21=PB3
Mcu.Pin22=PB5
Mcu.Pin23=PB6
Mcu.Pin24=PB7
Mcu.Pin25=PB8
Mcu.Pin26=VP_FREERTOS_VS_CMSIS_V2
Mcu.Pin27=VP_IWDG_VS_IWDG
Mcu.Pin28=VP_SYS_VS_tim6
Mcu.Pin29=VP_TIM2_VS_ClockSourceINT
Mcu.Pin3=PA0
Mcu.Pin30=VP_TIM2_VS_no_output2
Mcu.Pin31=VP_TIM4_VS_ClockSourceINT
Mcu.Pin32=VP_USB_DEVICE_VS_USB_DEVICE_CDC_FS
Mcu.Pin4=PA4
Mcu.Pin5=PA5
Mcu.Pin6=PA6
Mcu.Pin7=PA7
Mcu.Pin8=PC4
Mcu.Pin9=PB0
Mcu.PinsNb=33
Mcu.ThirdPartyNb=0
Mcu.UserConstants=IWDG_RESET_FREQUENCY,5;TIM4_PRESCALER,256;ADC_FREQUENCY,1000;TIM2_ARR,TIMx_FREQUENCY / (TIM2_PRESCALER * TIM2_FREQUENCY);TIM2_PRESCALER,4;TIM4_ARR,TIMx_FREQUENCY / (TIM4_PRESCALER * TIM4_FREQUENCY);TIM4_FREQUENCY,10;IWDG_PRESCALER,4;LSI_FREQUENCY,32000;TIM2_FREQUENCY,100;TIMx_FREQUENCY,96000000
Mcu.UserName=STM32F412RGTx
MxCube.Version=6.12.0
MxDb.Version=DB.6.0.120
NVIC.ADC_IRQn=true\:5\:0\:true\:false\:true\:true\:true\:true\:true
NVIC.BusFault_IRQn=true\:0\:0\:false\:false\:true\:false\:false\:false\:false
NVIC.CAN2_RX0_IRQn=true\:5\:0\:false\:false\:true\:true\:true\:true\:true
NVIC.CAN2_RX1_IRQn=true\:5\:0\:false\:false\:true\:true\:true\:true\:true
NVIC.CAN2_SCE_IRQn=true\:5\:0\:false\:false\:true\:true\:true\:true\:true
NVIC.CAN2_TX_IRQn=true\:5\:0\:false\:false\:true\:true\:true\:true\:true
NVIC.DMA2_Stream0_IRQn=true\:5\:0\:false\:false\:true\:true\:false\:true\:true
NVIC.DebugMonitor_IRQn=true\:0\:0\:false\:false\:true\:false\:false\:false\:false
NVIC.EXTI15_10_IRQn=true\:5\:0\:false\:false\:true\:true\:true\:true\:true
NVIC.ForceEnableDMAVector=true
NVIC.HardFault_IRQn=true\:0\:0\:false\:false\:true\:false\:false\:false\:false
NVIC.I2C1_ER_IRQn=true\:5\:0\:false\:false\:true\:true\:true\:true\:true
NVIC.I2C1_EV_IRQn=true\:5\:0\:false\:false\:true\:true\:true\:true\:true
NVIC.I2C3_ER_IRQn=true\:5\:0\:false\:false\:true\:true\:true\:true\:true
NVIC.I2C3_EV_IRQn=true\:5\:0\:false\:false\:true\:true\:true\:true\:true
NVIC.MemoryManagement_IRQn=true\:0\:0\:false\:false\:true\:false\:false\:false\:false
NVIC.NonMaskableInt_IRQn=true\:0\:0\:false\:false\:true\:false\:false\:false\:false
NVIC.OTG_FS_IRQn=true\:5\:0\:false\:false\:true\:true\:false\:true\:true
NVIC.PendSV_IRQn=true\:15\:0\:false\:false\:false\:true\:false\:false\:false
NVIC.PriorityGroup=NVIC_PRIORITYGROUP_4
NVIC.SVCall_IRQn=true\:0\:0\:false\:false\:false\:false\:false\:false\:false
NVIC.SavedPendsvIrqHandlerGenerated=true
NVIC.SavedSvcallIrqHandlerGenerated=true
NVIC.SavedSystickIrqHandlerGenerated=true
NVIC.SysTick_IRQn=true\:15\:0\:false\:false\:false\:true\:false\:true\:false
NVIC.TIM2_IRQn=true\:5\:0\:false\:false\:true\:true\:true\:true\:true
NVIC.TIM4_IRQn=true\:5\:0\:false\:false\:true\:true\:true\:true\:true
NVIC.TIM6_IRQn=true\:15\:0\:false\:false\:true\:false\:false\:true\:true
NVIC.TimeBase=TIM6_IRQn
NVIC.TimeBaseIP=TIM6
NVIC.UsageFault_IRQn=true\:0\:0\:false\:false\:true\:false\:false\:false\:false
PA0.GPIOParameters=GPIO_Label
PA0.GPIO_Label=LC3_OUT
PA0.Locked=true
PA0.Signal=ADCx_IN0
PA11.GPIOParameters=GPIO_Label
PA11.GPIO_Label=USB_D_N
PA11.Locked=true
PA11.Mode=Device_Only
PA11.Signal=USB_OTG_FS_DM
PA12.GPIOParameters=GPIO_Label
PA12.GPIO_Label=USB_D_P
PA12.Locked=true
PA12.Mode=Device_Only
PA12.Signal=USB_OTG_FS_DP
PA13.GPIOParameters=GPIO_Label
PA13.GPIO_Label=SWDIO
PA13.Locked=true
PA13.Mode=Trace_Asynchronous_SW
PA13.Signal=SYS_JTMS-SWDIO
PA14.GPIOParameters=GPIO_Label
PA14.GPIO_Label=SWCLK
PA14.Locked=true
PA14.Mode=Trace_Asynchronous_SW
PA14.Signal=SYS_JTCK-SWCLK
PA4.GPIOParameters=GPIO_Label
PA4.GPIO_Label=RL_INT_3V3_SENS
PA4.Locked=true
PA4.Signal=GPIO_Input
PA5.GPIOParameters=GPIO_Label
PA5.GPIO_Label=SUSP_TRAVEL_RL_3V3
PA5.Locked=true
PA5.Signal=ADCx_IN5
PA6.GPIOParameters=GPIO_Label
PA6.GPIO_Label=SUSP_TRAVEL_RR_3V3
PA6.Locked=true
PA6.Signal=ADCx_IN6
PA7.GPIOParameters=GPIO_Label
PA7.GPIO_Label=SUSP_TRAVEL_RL_OCSC
PA7.Locked=true
PA7.Signal=GPIO_Input
PA8.GPIOParameters=GPIO_Label
PA8.GPIO_Label=R_PUMP_SCL
PA8.Locked=true
PA8.Mode=I2C
PA8.Signal=I2C3_SCL
PB0.GPIOParameters=GPIO_Label
PB0.GPIO_Label=BOOT
PB0.Locked=true
PB0.Signal=GPIO_Output
PB1.GPIOParameters=GPIO_Label
PB1.GPIO_Label=LED
PB1.Locked=true
PB1.Signal=GPIO_Output
PB12.Locked=true
PB12.Mode=CAN_Activate
PB12.Signal=CAN2_RX
PB13.Locked=true
PB13.Mode=CAN_Activate
PB13.Signal=CAN2_TX
PB3.GPIOParameters=GPIO_Label
PB3.GPIO_Label=SWO
PB3.Locked=true
PB3.Mode=Trace_Asynchronous_SW
PB3.Signal=SYS_JTDO-SWO
PB5.GPIOParameters=GPIO_Label
PB5.GPIO_Label=BRAKE_LIGHT_EN
PB5.Locked=true
PB5.Signal=GPIO_Output
PB6.GPIOParameters=GPIO_Label
PB6.GPIO_Label=IMU_SCL
PB6.Locked=true
PB6.Mode=I2C
PB6.Signal=I2C1_SCL
PB7.GPIOParameters=GPIO_Label
PB7.GPIO_Label=IMU_SDA
PB7.Locked=true
PB7.Mode=I2C
PB7.Signal=I2C1_SDA
PB8.GPIOParameters=GPIO_Label
PB8.GPIO_Label=FLOW_METER_5V
PB8.Signal=S_TIM4_CH3
PC11.GPIOParameters=GPIO_Label
PC11.GPIO_Label=IMU_INT1
PC11.Locked=true
PC11.Signal=GPXTI11
PC12.GPIOParameters=GPIO_Label
PC12.GPIO_Label=IMU_INT2
PC12.Locked=true
PC12.Signal=GPXTI12
PC2.GPIOParameters=GPIO_Label
PC2.GPIO_Label=BPS_R_3V3
PC2.Locked=true
PC2.Signal=ADCx_IN12
PC4.GPIOParameters=GPIO_Label
PC4.GPIO_Label=SUSP_TRAVEL_RR_OCSC
PC4.Locked=true
PC4.Signal=GPIO_Input
PC9.GPIOParameters=GPIO_Label
PC9.GPIO_Label=R_PUMP_SDA
PC9.Locked=true
PC9.Mode=I2C
PC9.Signal=I2C3_SDA
PH0\ -\ OSC_IN.Locked=true
PH0\ -\ OSC_IN.Mode=HSE-External-Oscillator
PH0\ -\ OSC_IN.Signal=RCC_OSC_IN
PH1\ -\ OSC_OUT.Locked=true
PH1\ -\ OSC_OUT.Mode=HSE-External-Oscillator
PH1\ -\ OSC_OUT.Signal=RCC_OSC_OUT
PinOutPanel.RotationAngle=0
ProjectManager.AskForMigrate=true
ProjectManager.BackupPrevious=false
ProjectManager.CompilerOptimize=6
ProjectManager.ComputerToolchain=false
ProjectManager.CoupleFile=false
ProjectManager.CustomerFirmwarePackage=
ProjectManager.DefaultFWLocation=true
ProjectManager.DeletePrevious=true
ProjectManager.DeviceId=STM32F412RGTx
ProjectManager.FirmwarePackage=STM32Cube FW_F4 V1.28.1
ProjectManager.FreePins=false
ProjectManager.HalAssertFull=false
ProjectManager.HeapSize=0x200
ProjectManager.KeepUserCode=true
ProjectManager.LastFirmware=false
ProjectManager.LibraryCopy=1
ProjectManager.MainLocation=Core/Src
ProjectManager.NoMain=false
ProjectManager.PreviousToolchain=STM32CubeIDE
ProjectManager.ProjectBuild=false
ProjectManager.ProjectFileName=RSM.ioc
ProjectManager.ProjectName=RSM
ProjectManager.ProjectStructure=
ProjectManager.RegisterCallBack=
ProjectManager.StackSize=0x400
ProjectManager.TargetToolchain=STM32CubeIDE
ProjectManager.ToolChainLocation=
ProjectManager.UAScriptAfterPath=
ProjectManager.UAScriptBeforePath=
ProjectManager.UnderRoot=true
ProjectManager.functionlistsort=1-SystemClock_Config-RCC-false-HAL-false,2-MX_GPIO_Init-GPIO-false-HAL-true,3-MX_DMA_Init-DMA-false-HAL-true,4-MX_ADC1_Init-ADC1-false-HAL-true,5-MX_CAN2_Init-CAN2-false-HAL-true,6-MX_I2C1_Init-I2C1-false-HAL-true,7-MX_I2C3_Init-I2C3-false-HAL-true,8-MX_TIM4_Init-TIM4-false-HAL-true,9-MX_USB_DEVICE_Init-USB_DEVICE-false-HAL-false,10-MX_TIM2_Init-TIM2-false-HAL-true,11-MX_IWDG_Init-IWDG-false-HAL-true
RCC.AHBFreq_Value=96000000
RCC.APB1CLKDivider=RCC_HCLK_DIV2
RCC.APB1Freq_Value=48000000
RCC.APB1TimFreq_Value=96000000
RCC.APB2Freq_Value=96000000
RCC.APB2TimFreq_Value=96000000
RCC.CortexFreq_Value=96000000
RCC.DFSDMAudioFreq_Value=48000000
RCC.DFSDMFreq_Value=96000000
RCC.FCLKCortexFreq_Value=96000000
RCC.FMPI2C1Freq_Value=48000000
RCC.FamilyName=M
RCC.HCLKFreq_Value=96000000
RCC.HSE_VALUE=8000000
RCC.I2S1Freq_Value=48000000
RCC.I2S2Freq_Value=48000000
RCC.IPParameters=AHBFreq_Value,APB1CLKDivider,APB1Freq_Value,APB1TimFreq_Value,APB2Freq_Value,APB2TimFreq_Value,CortexFreq_Value,DFSDMAudioFreq_Value,DFSDMFreq_Value,FCLKCortexFreq_Value,FMPI2C1Freq_Value,FamilyName,HCLKFreq_Value,HSE_VALUE,I2S1Freq_Value,I2S2Freq_Value,MCO2PinFreq_Value,PLLCLKFreq_Value,PLLI2SPCLKFreq_Value,PLLI2SQCLKFreq_Value,PLLI2SQoutputFreq_Value,PLLI2SRCLKFreq_Value,PLLI2SoutputFreq_Value,PLLM,PLLN,PLLQ,PLLQCLKFreq_Value,PLLQoutputFreq_Value,PLLRCLKFreq_Value,PLLRoutputFreq_Value,RNGFreq_Value,SDIOFreq_Value,SYSCLKFreq_VALUE,SYSCLKSource,USBFreq_Value,VCOI2SInputFreq_Value,VCOI2SOutputFreq_Value,VCOInputFreq_Value,VCOOutputFreq_Value
RCC.MCO2PinFreq_Value=96000000
RCC.PLLCLKFreq_Value=96000000
RCC.PLLI2SPCLKFreq_Value=48000000
RCC.PLLI2SQCLKFreq_Value=48000000
RCC.PLLI2SQoutputFreq_Value=48000000
RCC.PLLI2SRCLKFreq_Value=48000000
RCC.PLLI2SoutputFreq_Value=48000000
RCC.PLLM=4
RCC.PLLN=96
RCC.PLLQ=4
RCC.PLLQCLKFreq_Value=48000000
RCC.PLLQoutputFreq_Value=48000000
RCC.PLLRCLKFreq_Value=96000000
RCC.PLLRoutputFreq_Value=96000000
RCC.RNGFreq_Value=48000000
RCC.SDIOFreq_Value=48000000
RCC.SYSCLKFreq_VALUE=96000000
RCC.SYSCLKSource=RCC_SYSCLKSOURCE_PLLCLK
RCC.USBFreq_Value=48000000
RCC.VCOI2SInputFreq_Value=500000
RCC.VCOI2SOutputFreq_Value=96000000
RCC.VCOInputFreq_Value=2000000
RCC.VCOOutputFreq_Value=192000000
SH.ADCx_IN0.0=ADC1_IN0,IN0
SH.ADCx_IN0.ConfNb=1
SH.ADCx_IN12.0=ADC1_IN12,IN12
SH.ADCx_IN12.ConfNb=1
SH.ADCx_IN5.0=ADC1_IN5,IN5
SH.ADCx_IN5.ConfNb=1
SH.ADCx_IN6.0=ADC1_IN6,IN6
SH.ADCx_IN6.ConfNb=1
SH.GPXTI11.0=GPIO_EXTI11
SH.GPXTI11.ConfNb=1
SH.GPXTI12.0=GPIO_EXTI12
SH.GPXTI12.ConfNb=1
SH.S_TIM4_CH3.0=TIM4_CH3,Input_Capture3_from_TI3
SH.S_TIM4_CH3.ConfNb=1
TIM2.Channel-Input_Capture3_from_TI3=TIM_CHANNEL_3
TIM2.Channel-Output\ Compare2\ No\ Output=TIM_CHANNEL_2
TIM2.IPParameters=Prescaler,Period,Channel-Output Compare2 No Output,TIM_MasterOutputTrigger,Channel-Input_Capture3_from_TI3
TIM2.Period=TIM2_ARR - 1
TIM2.Prescaler=TIM2_PRESCALER - 1
TIM2.TIM_MasterOutputTrigger=TIM_TRGO_UPDATE
TIM4.Channel-Input_Capture3_from_TI3=TIM_CHANNEL_3
TIM4.IPParameters=Channel-Input_Capture3_from_TI3,Prescaler,Period
TIM4.Period=TIM4_ARR - 1
TIM4.Prescaler=TIM4_PRESCALER-1
USB_DEVICE.CLASS_NAME_FS=CDC
USB_DEVICE.IPParameters=VirtualMode,VirtualModeFS,CLASS_NAME_FS,MANUFACTURER_STRING,PRODUCT_STRING_CDC_FS
USB_DEVICE.MANUFACTURER_STRING=ubc_formula_electric
USB_DEVICE.PRODUCT_STRING_CDC_FS=rsm
USB_DEVICE.VirtualMode=Cdc
USB_DEVICE.VirtualModeFS=Cdc_FS
USB_OTG_FS.IPParameters=VirtualMode
USB_OTG_FS.VirtualMode=Device_Only
VP_FREERTOS_VS_CMSIS_V2.Mode=CMSIS_V2
VP_FREERTOS_VS_CMSIS_V2.Signal=FREERTOS_VS_CMSIS_V2
VP_IWDG_VS_IWDG.Mode=IWDG_Activate
VP_IWDG_VS_IWDG.Signal=IWDG_VS_IWDG
VP_SYS_VS_tim6.Mode=TIM6
VP_SYS_VS_tim6.Signal=SYS_VS_tim6
VP_TIM2_VS_ClockSourceINT.Mode=Internal
VP_TIM2_VS_ClockSourceINT.Signal=TIM2_VS_ClockSourceINT
VP_TIM2_VS_no_output2.Mode=Output Compare2 No Output
VP_TIM2_VS_no_output2.Signal=TIM2_VS_no_output2
VP_TIM4_VS_ClockSourceINT.Mode=Internal
VP_TIM4_VS_ClockSourceINT.Signal=TIM4_VS_ClockSourceINT
VP_USB_DEVICE_VS_USB_DEVICE_CDC_FS.Mode=CDC_FS
VP_USB_DEVICE_VS_USB_DEVICE_CDC_FS.Signal=USB_DEVICE_VS_USB_DEVICE_CDC_FS
board=custom
rtos.0.ip=FREERTOS
