#MicroXplorer Configuration settings - do not modify
RCC.USART1Freq_Value=72000000
VP_SYS_VS_tim6.Mode=TIM6
VP_TIM17_VS_ClockSourceINT.Mode=Enable_Timer
ADC2.SamplingTime-1\#ChannelRegularConversion=ADC_SAMPLETIME_61CYCLES_5
FREERTOS.configUSE_DAEMON_TASK_STARTUP_HOOK=0
NVIC.TIM6_DAC_IRQn=true\:0\:0\:false\:false\:true\:false\:false\:true
TIM1.IPParameters=EncoderMode,Period,AutoReloadPreload,Prescaler,IC1Filter,IC2Filter,IC1Prescaler,IC2Prescaler,IC1Polarity,ClockDivision
RCC.PLLCLKFreq_Value=72000000
CAN.RFLM=ENABLE
PA3.GPIO_PuPd=GPIO_NOPULL
RCC.RTCFreq_Value=40000
PA3.GPIOParameters=GPIO_PuPd,GPIO_Label
PA6.GPIO_Label=BRAKE_PRESS_BUFF
PB6.GPIO_Label=BRAKE_OC_SC_OK
RCC.HSEPLLFreq_Value=8000000
SH.S_TIM1_CH1.ConfNb=1
PA5.PinState=GPIO_PIN_SET
PinOutPanel.RotationAngle=0
TIM4.TIM_MasterOutputTrigger=TIM_TRGO_RESET
CAN.TTCM=DISABLE
NVIC.SVCall_IRQn=true\:0\:0\:false\:false\:false\:false\:false\:false
FREERTOS.INCLUDE_pcTaskGetTaskName=0
CAN.Prescaler=9
SH.S_TIM16_CH1.ConfNb=1
PA4.Mode=IN1-Single-Ended
TIM2.IPParameters=CounterMode,EncoderMode,Period,Prescaler,IC1Filter,IC2Filter,IC2Prescaler
RCC.APB2TimFreq_Value=72000000
Dma.ADC2.0.Direction=DMA_PERIPH_TO_MEMORY
PB6.Signal=GPIO_Input
TIM17.IPParameters=Channel,Prescaler,Period
ADC2.EOCSelection=ADC_EOC_SINGLE_CONV
FREERTOS.configMINIMAL_STACK_SIZE=128
RCC.USART3Freq_Value=36000000
ProjectManager.ProjectBuild=false
NVIC.UsageFault_IRQn=true\:0\:0\:false\:false\:true\:false\:false\:false
PA0.Locked=true
PB3.Mode=Trace_Asynchronous_SW
PA8.Locked=true
PA4.Locked=true
TIM17.Channel=TIM_CHANNEL_1
ProjectManager.FirmwarePackage=STM32Cube FW_F3 V1.10.0
MxDb.Version=DB.5.0.30
PB0.GPIOParameters=PinState,GPIO_Label
PA1.GPIOParameters=GPIO_Label
ProjectManager.BackupPrevious=false
FREERTOS.INCLUDE_xQueueGetMutexHolder=0
CAN.NART=ENABLE
SH.S_TIM4_CH2.0=TIM4_CH2,Input_Capture2_from_TI2
PA8.Signal=S_TIM1_CH1
PB6.Locked=true
NVIC.PendSV_IRQn=true\:15\:0\:false\:false\:false\:true\:false\:false
TIM4.Period=TIM4_AUTO_RELOAD_REG
VP_FREERTOS_VS_CMSIS_V1.Mode=CMSIS_V1
ProjectManager.HalAssertFull=false
PA0.Signal=S_TIM2_CH1_ETR
RCC.TIM1Freq_Value=72000000
RCC.PLLMCOFreq_Value=36000000
PB9.Signal=CAN_TX
Mcu.Package=LQFP48
TIM2.Prescaler=1
PA5.Locked=true
NVIC.TimeBase=TIM6_DAC_IRQn
FREERTOS.INCLUDE_vTaskSuspend=1
PA14.Locked=true
ADC2.Channel-1\#ChannelRegularConversion=ADC_CHANNEL_3
NVIC.TimeBaseIP=TIM6
PA10.Signal=GPIO_Input
FREERTOS.FootprintOK=true
PA5.GPIOParameters=PinState,GPIO_Label
Dma.ADC2.0.Mode=DMA_CIRCULAR
FREERTOS.INCLUDE_vTaskPrioritySet=1
ADC2.SubFamily=STM32F302xC
RCC.APB1TimFreq_Value=72000000
FREERTOS.configGENERATE_RUN_TIME_STATS=0
NVIC.BusFault_IRQn=true\:0\:0\:false\:false\:true\:false\:false\:false
NVIC.USB_HP_CAN_TX_IRQn=true\:5\:0\:false\:false\:true\:true\:true\:true
TIM1.Period=TIM1_AUTO_RELOAD_REG
TIM16.Prescaler=TIM16_PRESCALER
PA12.GPIO_PuPd=GPIO_PULLDOWN
PA4.GPIO_Label=STEERING_ANGLE_BUFF
ProjectManager.CustomerFirmwarePackage=
PF1-OSC_OUT.Signal=RCC_OSC_OUT
PA6.GPIOParameters=GPIO_Label
TIM1.IC1Prescaler=TIM_ICPSC_DIV1
NVIC.CAN_RX1_IRQn=true\:5\:0\:false\:false\:true\:true\:true\:true
ProjectManager.ProjectFileName=FSM.ioc
FREERTOS.configIDLE_SHOULD_YIELD=1
RCC.ADC12outputFreq_Value=72000000
FREERTOS.Tasks01=Task1Hz,-2,TASK1HZ_STACK_SIZE,RunTask1Hz,Default,NULL,Static,Task1HzBuffer,Task1HzControlBlock;Task1kHz,1,TASK1KHZ_STACK_SIZE,RunTask1kHz,Default,NULL,Static,Task1kHzBuffer,Task1kHzControlBlock;TaskCanRx,-3,TASKCANRX_STACK_SIZE,RunTaskCanRx,Default,NULL,Static,TaskCanRxBuffer,TaskCanRxControlBlock;TaskCanTx,-3,TASKCANTX_STACK_SIZE,RunTaskCanTx,Default,NULL,Static,TaskCanTxBuffer,TaskCanTxControlBlock;Task100Hz,-1,TASK100HZ_STACK_SIZE,RunTask100Hz,Default,NULL,Static,Task100HzBuffer,Task100HzControlBlock
PA15.GPIOParameters=GPIO_Label
Mcu.PinsNb=29
FREERTOS.INCLUDE_xTaskGetCurrentTaskHandle=0
TIM2.IC1Filter=0
FREERTOS.configLIBRARY_LOWEST_INTERRUPT_PRIORITY=15
PA9.GPIO_Label=PRIMARY_APPS_B
FREERTOS.INCLUDE_vTaskDelayUntil=1
FREERTOS.configCHECK_FOR_STACK_OVERFLOW=2
NVIC.USB_LP_CAN_RX0_IRQn=true\:5\:0\:false\:false\:true\:true\:true\:true
SH.S_TIM16_CH1.0=TIM16_CH1,Input_Capture1_from_TI1
VP_TIM16_VS_ClockSourceINT.Mode=Enable_Timer
RCC.APB1CLKDivider=RCC_HCLK_DIV2
VP_TIM17_VS_ClockSourceINT.Signal=TIM17_VS_ClockSourceINT
SH.S_TIM2_CH1_ETR.ConfNb=1
TIM1.AutoReloadPreload=TIM_AUTORELOAD_PRELOAD_DISABLE
PA15.Locked=true
CAN.BS2=CAN_BS2_1TQ
PA8.GPIO_Label=PRIMARY_APPS_A
CAN.BS1=CAN_BS1_6TQ
FREERTOS.configMAX_PRIORITIES=7
TIM4.IPParameters=Channel-Input_Capture2_from_TI2,Period,Prescaler,TIM_MasterOutputTrigger
ADC2.IPParameters=Rank-0\#ChannelRegularConversion,Channel-0\#ChannelRegularConversion,SamplingTime-0\#ChannelRegularConversion,OffsetNumber-0\#ChannelRegularConversion,Offset-0\#ChannelRegularConversion,NbrOfConversionFlag,ExternalTrigConv,NbrOfConversion,DMAContinuousRequests,Rank-1\#ChannelRegularConversion,Channel-1\#ChannelRegularConversion,SamplingTime-1\#ChannelRegularConversion,OffsetNumber-1\#ChannelRegularConversion,Offset-1\#ChannelRegularConversion,SubFamily,EOCSelection
Dma.ADC2.0.MemDataAlignment=DMA_MDATAALIGN_HALFWORD
PA9.Signal=S_TIM1_CH2
SH.S_TIM2_CH2.ConfNb=1
PB5.Locked=true
PB9.Locked=true
ADC2.OffsetNumber-1\#ChannelRegularConversion=ADC_OFFSET_NONE
PA5.Signal=GPIO_Output
FREERTOS.MEMORY_ALLOCATION=1
ADC2.OffsetNumber-0\#ChannelRegularConversion=ADC_OFFSET_NONE
ProjectManager.LastFirmware=true
NVIC.TIM3_IRQn=true\:5\:0\:false\:false\:true\:true\:true\:true
Dma.ADC2.0.PeriphInc=DMA_PINC_DISABLE
VP_SYS_VS_tim6.Signal=SYS_VS_tim6
PB4.GPIO_Label=FL_WHEEL_SPEED
RCC.I2C1Freq_Value=8000000
FREERTOS.configUSE_CO_ROUTINES=0
PA1.GPIO_Label=SECONDARY_APPS_B
TIM1.IC2Filter=3
TIM3.IPParameters=Prescaler,Period,TIM_MasterOutputTrigger
PA9.Locked=true
Dma.ADC2.0.RequestParameters=Instance,Direction,PeriphInc,MemInc,PeriphDataAlignment,MemDataAlignment,Mode,Priority
VP_TIM16_VS_ClockSourceINT.Signal=TIM16_VS_ClockSourceINT
NVIC.NonMaskableInt_IRQn=true\:0\:0\:false\:false\:true\:false\:false\:false
FREERTOS.configUSE_MUTEXES=1
FREERTOS.INCLUDE_xEventGroupSetBitFromISR=0
CAN.IPParameters=Prescaler,BS1,BS2,SJW,TTCM,ABOM,AWUM,NART,RFLM,TXFP,Mode,CalculateTimeQuantum
TIM2.Period=TIM2_AUTO_RELOAD_REG
FREERTOS.configMAX_CO_ROUTINE_PRIORITIES=2
PA13.Mode=Trace_Asynchronous_SW
ProjectManager.FreePins=true
IWDG.IPParameters=Prescaler,Window,Reload
FREERTOS.INCLUDE_xTaskResumeFromISR=1
Mcu.Pin26=VP_TIM3_VS_ClockSourceINT
Mcu.Pin27=VP_TIM16_VS_ClockSourceINT
RCC.RTCHSEDivFreq_Value=250000
Mcu.Pin24=VP_IWDG_VS_IWDG
ProjectManager.UnderRoot=true
Mcu.Pin25=VP_SYS_VS_tim6
Mcu.Pin28=VP_TIM17_VS_ClockSourceINT
PB4.Locked=true
PA4.Signal=ADC2_IN1
FREERTOS.configLIBRARY_MAX_SYSCALL_INTERRUPT_PRIORITY=5
PB5.Signal=S_TIM17_CH1
Mcu.Pin22=PB9
Mcu.Pin23=VP_FREERTOS_VS_CMSIS_V1
Mcu.Pin20=PB6
PA3.Locked=true
Mcu.Pin21=PB8
FREERTOS.configUSE_COUNTING_SEMAPHORES=0
PA5.GPIO_Label=STATUS_R
PA10.Locked=true
ADC2.NbrOfConversionFlag=1
TIM1.IC1Filter=3
NVIC.ForceEnableDMAVector=true
TIM1.IC1Polarity=TIM_ICPOLARITY_RISING
NVIC.MemoryManagement_IRQn=true\:0\:0\:false\:false\:true\:false\:false\:false
ProjectManager.CompilerOptimize=6
SH.S_TIM2_CH1_ETR.0=TIM2_CH1,Encoder_Interface
NVIC.DMA2_Channel1_IRQn=true\:5\:0\:false\:false\:true\:true\:false\:true
ProjectManager.HeapSize=0x400
PA0.GPIOParameters=GPIO_Label
Mcu.Pin15=PA14
NVIC.HardFault_IRQn=true\:0\:0\:false\:false\:true\:false\:false\:false
Mcu.Pin16=PA15
Mcu.Pin13=PA12
Mcu.Pin14=PA13
FREERTOS.configUSE_RECURSIVE_MUTEXES=0
Mcu.Pin19=PB5
SH.GPXTI15.ConfNb=1
ProjectManager.ComputerToolchain=false
Mcu.Pin17=PB3
Mcu.Pin18=PB4
SH.S_TIM17_CH1.0=TIM17_CH1,Input_Capture1_from_TI1
NVIC.PriorityGroup=NVIC_PRIORITYGROUP_4
Mcu.Pin11=PA9
Mcu.Pin12=PA10
PB8.Mode=Master
Mcu.Pin10=PA8
PF0-OSC_IN.Signal=RCC_OSC_IN
RCC.I2C2Freq_Value=8000000
PB0.Signal=GPIO_Output
IWDG.Window=IWDG_WINDOW_DISABLE_VALUE
PA7.GPIOParameters=PinState,GPIO_Label
TIM2.IC2Filter=0
Mcu.Family=STM32F3
ProjectManager.MainLocation=Src
RCC.MCOFreq_Value=72000000
ADC2.ExternalTrigConv=ADC_EXTERNALTRIGCONV_T3_TRGO
PA6.Mode=IN3-Single-Ended
SH.S_TIM4_CH2.ConfNb=1
TIM17.Prescaler=TIM17_PRESCALER
RCC.CortexFreq_Value=72000000
ProjectManager.KeepUserCode=true
Mcu.UserName=STM32F302CCTx
ADC2.Channel-0\#ChannelRegularConversion=ADC_CHANNEL_1
VP_IWDG_VS_IWDG.Mode=IWDG_Activate
RCC.SYSCLKSourceVirtual=RCC_SYSCLKSOURCE_PLLCLK
SH.S_TIM17_CH1.ConfNb=1
PA0.GPIO_Label=SECONDARY_APPS_A
PA12.GPIOParameters=GPIO_PuPd,GPIO_Label
ProjectManager.functionlistsort=1-MX_GPIO_Init-GPIO-false-HAL-true,2-SystemClock_Config-RCC-false-HAL-false,3-MX_CAN_Init-CAN-false-HAL-true,4-MX_IWDG_Init-IWDG-false-HAL-true,5-MX_ADC2_Init-ADC2-false-HAL-true,6-MX_DMA_Init-DMA-false-HAL-true,7-MX_TIM1_Init-TIM1-false-HAL-true,8-MX_TIM2_Init-TIM2-false-HAL-true,9-MX_TIM3_Init-TIM3-false-HAL-true,10-MX_TIM16_Init-TIM16-false-HAL-true,11-MX_TIM17_Init-TIM17-false-HAL-true,12-MX_TIM4_Init-TIM4-false-HAL-true
PA9.GPIOParameters=GPIO_Label
TIM1.EncoderMode=TIM_ENCODERMODE_TI1
PB0.GPIO_Label=STATUS_B
FREERTOS.configTICK_RATE_HZ=1000
TIM2.EncoderMode=TIM_ENCODERMODE_TI1
RCC.USART2Freq_Value=36000000
CAN.SJW=CAN_SJW_4TQ
FREERTOS.configUSE_TASK_NOTIFICATIONS=1
ProjectManager.StackSize=0x400
PB5.GPIOParameters=GPIO_Label
Mcu.IP4=IWDG
Mcu.IP5=NVIC
RCC.FCLKCortexFreq_Value=72000000
Mcu.IP2=DMA
Mcu.IP3=FREERTOS
PA15.GPIO_Label=BSPD_BRAKE_STATUS
PB4.GPIOParameters=GPIO_Label
Mcu.IP0=ADC2
Mcu.IP1=CAN
PA12.Locked=true
PA12.Signal=S_TIM4_CH2
TIM1.Prescaler=71
Mcu.UserConstants=IWDG_WINDOW_DISABLE_VALUE,4095;IWDG_PRESCALER,4;IWDG_RESET_FREQUENCY,5;LSI_FREQUENCY,40000;TASK1HZ_STACK_SIZE,512;TASK100HZ_STACK_SIZE,512;TASK1KHZ_STACK_SIZE,512;TASKCANRX_STACK_SIZE,512;TASKCANTX_STACK_SIZE,512;TIM4_AUTO_RELOAD_REG,0xFFFF;TIMx_FREQUENCY,72000000;TIM4_PWM_MINIMUM_FREQUENCY,1;TIM4_PRESCALER,(TIMx_FREQUENCY / TIM4_AUTO_RELOAD_REG / TIM4_PWM_MINIMUM_FREQUENCY);TIM16_AUTO_RELOAD_REG,0xFFFF;TIM17_AUTO_RELOAD_REG,0xFFFF;TIM16_PWM_MINIMUM_FREQUENCY,1;TIM17_PWM_MINIMUM_FREQUENCY,1;TIM16_PRESCALER,(TIMx_FREQUENCY / TIM16_AUTO_RELOAD_REG / TIM16_PWM_MINIMUM_FREQUENCY);TIM17_PRESCALER,(TIMx_FREQUENCY / TIM17_AUTO_RELOAD_REG / TIM17_PWM_MINIMUM_FREQUENCY);TIM3_PRESCALER,72;ADC_FREQUENCY,1000;TIM1_AUTO_RELOAD_REG,10000;TIM2_AUTO_RELOAD_REG,7200
PA7.PinState=GPIO_PIN_SET
ADC2.DMAContinuousRequests=ENABLE
PB0.PinState=GPIO_PIN_SET
Mcu.ThirdPartyNb=0
FREERTOS.configUSE_STATS_FORMATTING_FUNCTIONS=0
RCC.HCLKFreq_Value=72000000
Mcu.IPNb=14
ProjectManager.PreviousToolchain=SW4STM32
TIM2.IC2Prescaler=TIM_ICPSC_DIV1
TIM3.Period=(TIMx_FREQUENCY / TIM3_PRESCALER / ADC_FREQUENCY) - 1
Dma.ADC2.0.MemInc=DMA_MINC_ENABLE
PA8.GPIOParameters=GPIO_Label
FREERTOS.configUSE_MALLOC_FAILED_HOOK=0
Mcu.Pin6=PA5
FREERTOS.configQUEUE_REGISTRY_SIZE=8
Mcu.Pin7=PA6
Mcu.Pin8=PA7
Mcu.Pin9=PB0
FREERTOS.IPParameters=Tasks01,INCLUDE_vTaskDelayUntil,MEMORY_ALLOCATION,FootprintOK,INCLUDE_uxTaskGetStackHighWaterMark,configUSE_TRACE_FACILITY,configCHECK_FOR_STACK_OVERFLOW,configUSE_TICK_HOOK,configUSE_PREEMPTION,configTICK_RATE_HZ,configMAX_PRIORITIES,configMINIMAL_STACK_SIZE,configMAX_TASK_NAME_LEN,configIDLE_SHOULD_YIELD,configUSE_MUTEXES,configUSE_RECURSIVE_MUTEXES,configUSE_COUNTING_SEMAPHORES,configQUEUE_REGISTRY_SIZE,configUSE_APPLICATION_TASK_TAG,configUSE_IDLE_HOOK,configUSE_MALLOC_FAILED_HOOK,configUSE_DAEMON_TASK_STARTUP_HOOK,configGENERATE_RUN_TIME_STATS,configUSE_STATS_FORMATTING_FUNCTIONS,configUSE_CO_ROUTINES,configMAX_CO_ROUTINE_PRIORITIES,configUSE_TIMERS,configLIBRARY_LOWEST_INTERRUPT_PRIORITY,configLIBRARY_MAX_SYSCALL_INTERRUPT_PRIORITY,INCLUDE_vTaskPrioritySet,INCLUDE_uxTaskPriorityGet,INCLUDE_vTaskDelete,INCLUDE_vTaskCleanUpResources,INCLUDE_vTaskSuspend,INCLUDE_vTaskDelay,INCLUDE_xTaskResumeFromISR,INCLUDE_xQueueGetMutexHolder,INCLUDE_xSemaphoreGetMutexHolder,INCLUDE_pcTaskGetTaskName,INCLUDE_xTaskGetCurrentTaskHandle,INCLUDE_eTaskGetState,INCLUDE_xEventGroupSetBitFromISR,configENABLE_BACKWARD_COMPATIBILITY,configUSE_TICKLESS_IDLE,configUSE_TASK_NOTIFICATIONS,INCLUDE_xTaskAbortDelay,INCLUDE_xTaskGetHandle
RCC.AHBFreq_Value=72000000
RCC.TIM2Freq_Value=72000000
Mcu.Pin0=PF0-OSC_IN
Dma.ADC2.0.Priority=DMA_PRIORITY_LOW
Mcu.Pin1=PF1-OSC_OUT
Mcu.Pin2=PA0
FREERTOS.configUSE_PREEMPTION=1
Mcu.Pin3=PA1
Mcu.Pin4=PA3
Mcu.Pin5=PA4
RCC.HSE_VALUE=8000000
FREERTOS.configUSE_TIMERS=0
NVIC.DebugMonitor_IRQn=true\:0\:0\:false\:false\:true\:false\:false\:false
Mcu.IP10=TIM3
NVIC.SysTick_IRQn=true\:15\:0\:false\:false\:false\:true\:false\:true
Mcu.IP12=TIM16
RCC.PLLMUL=RCC_PLL_MUL9
Mcu.IP11=TIM4
FREERTOS.configENABLE_BACKWARD_COMPATIBILITY=1
TIM17.Period=TIM17_AUTO_RELOAD_REG
NVIC.TIM1_TRG_COM_TIM17_IRQn=true\:5\:0\:false\:false\:true\:true\:true\:true
Mcu.IP13=TIM17
PA14.Mode=Trace_Asynchronous_SW
TIM3.Prescaler=TIM3_PRESCALER - 1
File.Version=6
PA10.GPIO_Label=PRIMARY_APPS_ALARM
PB8.Locked=true
FREERTOS.INCLUDE_vTaskCleanUpResources=0
Dma.RequestsNb=1
PB6.GPIOParameters=GPIO_Label
CAN.CalculateTimeQuantum=250.0
PB0.Locked=true
ProjectManager.ProjectName=FSM
PA6.Signal=ADC2_IN3
ADC2.Offset-0\#ChannelRegularConversion=0
FREERTOS.INCLUDE_xTaskAbortDelay=0
PA7.Locked=true
ProjectManager.ToolChainLocation=
RCC.LSI_VALUE=40000
IWDG.Reload=LSI_FREQUENCY / IWDG_PRESCALER / IWDG_RESET_FREQUENCY
PA15.Signal=GPXTI15
ADC2.SamplingTime-0\#ChannelRegularConversion=ADC_SAMPLETIME_61CYCLES_5
Dma.ADC2.0.PeriphDataAlignment=DMA_PDATAALIGN_HALFWORD
PB5.GPIO_Label=FR_WHEEL_SPEED
ADC2.NbrOfConversion=2
TIM1.IC2Prescaler=TIM_ICPSC_DIV1
FREERTOS.configUSE_TICK_HOOK=1
CAN.AWUM=DISABLE
ADC2.Rank-0\#ChannelRegularConversion=1
FREERTOS.configMAX_TASK_NAME_LEN=16
PF1-OSC_OUT.Mode=HSE-External-Oscillator
Dma.Request0=ADC2
VP_TIM3_VS_ClockSourceINT.Mode=Internal
PB3.Locked=true
PB4.Signal=S_TIM16_CH1
PA3.Signal=GPIO_Input
RCC.PLLSourceVirtual=RCC_PLLSOURCE_HSE
TIM2.CounterMode=TIM_COUNTERMODE_UP
ProjectManager.NoMain=false
CAN.ABOM=ENABLE
NVIC.SavedSvcallIrqHandlerGenerated=true
FREERTOS.configUSE_TICKLESS_IDLE=0
ProjectManager.DefaultFWLocation=true
FREERTOS.INCLUDE_vTaskDelay=1
ProjectManager.DeletePrevious=true
PF1-OSC_OUT.Locked=true
RCC.HSIPLLFreq_Value=4000000
FREERTOS.configUSE_APPLICATION_TASK_TAG=0
TIM16.Channel=TIM_CHANNEL_1
TIM4.Channel-Input_Capture2_from_TI2=TIM_CHANNEL_2
PA12.GPIO_Label=FLOW1_BUFF
RCC.FamilyName=M
TIM1.ClockDivision=TIM_CLOCKDIVISION_DIV1
FREERTOS.INCLUDE_uxTaskGetStackHighWaterMark=1
FREERTOS.configUSE_IDLE_HOOK=0
PA13.Signal=SYS_JTMS-SWDIO
VP_FREERTOS_VS_CMSIS_V1.Signal=FREERTOS_VS_CMSIS_V1
FREERTOS.INCLUDE_vTaskDelete=1
SH.S_TIM2_CH2.0=TIM2_CH2,Encoder_Interface
SH.S_TIM1_CH1.0=TIM1_CH1,Encoder_Interface
ProjectManager.TargetToolchain=SW4STM32
FREERTOS.configUSE_TRACE_FACILITY=1
PB9.Mode=Master
ProjectManager.RegisterCallBack=
RCC.USBFreq_Value=72000000
CAN.Mode=CAN_MODE_NORMAL
VP_TIM3_VS_ClockSourceINT.Signal=TIM3_VS_ClockSourceINT
TIM4.Prescaler=TIM4_PRESCALER
RCC.LSE_VALUE=32768
PA1.Signal=S_TIM2_CH2
SH.S_TIM1_CH2.ConfNb=1
PF0-OSC_IN.Mode=HSE-External-Oscillator
board=custom
FREERTOS.INCLUDE_eTaskGetState=0
RCC.VCOOutput2Freq_Value=8000000
ADC2.Offset-1\#ChannelRegularConversion=0
TIM16.Period=TIM16_AUTO_RELOAD_REG
NVIC.SavedSystickIrqHandlerGenerated=true
RCC.APB2Freq_Value=72000000
MxCube.Version=5.3.0
SH.S_TIM1_CH2.0=TIM1_CH2,Encoder_Interface
PA10.GPIOParameters=GPIO_Label
PA4.GPIOParameters=GPIO_Label
FREERTOS.INCLUDE_uxTaskPriorityGet=1
RCC.IPParameters=ADC12outputFreq_Value,AHBFreq_Value,APB1CLKDivider,APB1Freq_Value,APB1TimFreq_Value,APB2Freq_Value,APB2TimFreq_Value,CortexFreq_Value,FCLKCortexFreq_Value,FamilyName,HCLKFreq_Value,HSEPLLFreq_Value,HSE_VALUE,HSIPLLFreq_Value,HSI_VALUE,I2C1Freq_Value,I2C2Freq_Value,LSE_VALUE,LSI_VALUE,MCOFreq_Value,PLLCLKFreq_Value,PLLMCOFreq_Value,PLLMUL,PLLSourceVirtual,RTCFreq_Value,RTCHSEDivFreq_Value,SYSCLKFreq_VALUE,SYSCLKSourceVirtual,TIM1Freq_Value,TIM2Freq_Value,USART1Freq_Value,USART2Freq_Value,USART3Freq_Value,USBFreq_Value,VCOOutput2Freq_Value
ProjectManager.AskForMigrate=true
Mcu.Name=STM32F302C(B-C)Tx
FREERTOS.INCLUDE_xSemaphoreGetMutexHolder=0
NVIC.SavedPendsvIrqHandlerGenerated=true
Mcu.IP8=TIM1
Mcu.IP9=TIM2
Mcu.IP6=RCC
Mcu.IP7=SYS
ProjectManager.CoupleFile=false
PB3.Signal=SYS_JTDO-TRACESWO
RCC.SYSCLKFreq_VALUE=72000000
PA7.GPIO_Label=STATUS_G
PA1.Locked=true
KeepUserPlacement=false
PA13.Locked=true
VP_IWDG_VS_IWDG.Signal=IWDG_VS_IWDG
PA14.Signal=SYS_JTCK-SWCLK
FREERTOS.INCLUDE_xTaskGetHandle=0
RCC.HSI_VALUE=8000000
NVIC.TIM1_UP_TIM16_IRQn=true\:5\:0\:false\:false\:true\:true\:true\:true
SH.GPXTI15.0=GPIO_EXTI15
IWDG.Prescaler=IWDG_PRESCALER_4
ADC2.Rank-1\#ChannelRegularConversion=2
CAN.TXFP=ENABLE
PB8.Signal=CAN_RX
TIM16.IPParameters=Channel,Period,Prescaler
TIM3.TIM_MasterOutputTrigger=TIM_TRGO_UPDATE
NVIC.TIM4_IRQn=true\:5\:0\:false\:false\:true\:true\:true\:true
RCC.APB1Freq_Value=36000000
Dma.ADC2.0.Instance=DMA2_Channel1
ProjectManager.DeviceId=STM32F302CCTx
ProjectManager.LibraryCopy=1
PA3.GPIO_Label=SECONDARY_APPS_ALARM
PA7.Signal=GPIO_Output
PA6.Locked=true
