#MicroXplorer Configuration settings - do not modify
CAN.ABOM=ENABLE
CAN.BS1=CAN_BS1_4TQ
CAN.BS2=CAN_BS2_2TQ
CAN.CalculateTimeQuantum=222.22222222222223
CAN.IPParameters=CalculateTimeQuantum,Prescaler,BS2,BS1,SJW,TTCM,RFLM,TXFP,ABOM,NART
CAN.NART=ENABLE
CAN.Prescaler=8
CAN.RFLM=ENABLE
CAN.SJW=CAN_SJW_2TQ
CAN.TTCM=DISABLE
CAN.TXFP=ENABLE
File.Version=6
I2C1.AddressingMode=I2C_ADDRESSINGMODE_7BIT
I2C1.I2C_Fall_Time=10
I2C1.I2C_Rise_Time=100
I2C1.I2C_Speed_Mode=I2C_Fast
I2C1.IPParameters=I2C_Speed_Mode,Timing,I2C_Rise_Time,I2C_Fall_Time,AddressingMode
I2C1.Timing=0x00E0257A
IWDG.IPParameters=Prescaler,Window,Reload
IWDG.Prescaler=IWDG_PRESCALER_32
IWDG.Reload=200
IWDG.Window=200
KeepUserPlacement=false
Mcu.Family=STM32F3
Mcu.IP0=CAN
Mcu.IP1=I2C1
Mcu.IP2=IWDG
Mcu.IP3=NVIC
Mcu.IP4=RCC
Mcu.IP5=SYS
Mcu.IP6=TIM6
Mcu.IPNb=7
Mcu.Name=STM32F302C(6-8)Tx
Mcu.Package=LQFP48
Mcu.Pin0=PC14 - OSC32_IN
Mcu.Pin1=PC15 - OSC32_OUT
Mcu.Pin10=PA7
Mcu.Pin11=PB0
Mcu.Pin12=PB1
Mcu.Pin13=PB2
Mcu.Pin14=PB10
Mcu.Pin15=PB11
Mcu.Pin16=PB14
Mcu.Pin17=PB15
Mcu.Pin18=PA8
Mcu.Pin19=PA9
Mcu.Pin2=PF0-OSC_IN
Mcu.Pin20=PA10
Mcu.Pin21=PA11
Mcu.Pin22=PA12
Mcu.Pin23=PA13
Mcu.Pin24=PA14
Mcu.Pin25=PA15
Mcu.Pin26=PB3
Mcu.Pin27=PB4
Mcu.Pin28=PB5
Mcu.Pin29=PB6
Mcu.Pin3=PF1-OSC_OUT
Mcu.Pin30=PB7
Mcu.Pin31=PB8
Mcu.Pin32=PB9
Mcu.Pin33=VP_IWDG_VS_IWDG
Mcu.Pin34=VP_SYS_VS_Systick
Mcu.Pin35=VP_TIM6_VS_ClockSourceINT
Mcu.Pin4=PA0
Mcu.Pin5=PA1
Mcu.Pin6=PA2
Mcu.Pin7=PA4
Mcu.Pin8=PA5
Mcu.Pin9=PA6
Mcu.PinsNb=36
Mcu.ThirdPartyNb=0
Mcu.UserConstants=
Mcu.UserName=STM32F302C8Tx
MxCube.Version=4.27.0
MxDb.Version=DB.4.0.270
NVIC.BusFault_IRQn=true\:0\:0\:false\:false\:true\:false
NVIC.DebugMonitor_IRQn=true\:0\:0\:false\:false\:true\:false
NVIC.EXTI15_10_IRQn=true\:1\:0\:true\:false\:true\:true
NVIC.EXTI9_5_IRQn=true\:1\:0\:true\:false\:true\:true
NVIC.HardFault_IRQn=true\:0\:0\:false\:false\:true\:false
NVIC.MemoryManagement_IRQn=true\:0\:0\:false\:false\:true\:false
NVIC.NonMaskableInt_IRQn=true\:0\:0\:false\:false\:true\:false
NVIC.PendSV_IRQn=true\:0\:0\:false\:false\:true\:false
NVIC.PriorityGroup=NVIC_PRIORITYGROUP_2
NVIC.SVCall_IRQn=true\:0\:0\:false\:false\:true\:false
NVIC.SysTick_IRQn=true\:0\:0\:false\:false\:true\:false
NVIC.TIM6_DAC_IRQn=true\:1\:0\:true\:false\:true\:true
NVIC.USB_HP_CAN_TX_IRQn=true\:0\:0\:false\:false\:true\:true
NVIC.USB_LP_CAN_RX0_IRQn=true\:0\:0\:false\:false\:true\:true
NVIC.UsageFault_IRQn=true\:0\:0\:false\:false\:true\:false
PA0.GPIOParameters=GPIO_Label
PA0.GPIO_Label=ANALOG_IN1
PA0.Locked=true
PA0.Signal=GPIO_Analog
PA1.GPIOParameters=GPIO_Label
PA1.GPIO_Label=ANALOG_IN2
PA1.Locked=true
PA1.Signal=GPIO_Analog
PA10.GPIOParameters=GPIO_Speed,GPIO_Label,GPIO_ModeDefaultOutputPP
PA10.GPIO_Label=STATUS_B
PA10.GPIO_ModeDefaultOutputPP=GPIO_MODE_OUTPUT_OD
PA10.GPIO_Speed=GPIO_SPEED_FREQ_LOW
PA10.Locked=true
PA10.Signal=GPIO_Output
PA11.GPIOParameters=GPIO_Speed
PA11.GPIO_Speed=GPIO_SPEED_FREQ_MEDIUM
PA11.Mode=Master
PA11.Signal=CAN_RX
PA12.GPIOParameters=GPIO_Speed
PA12.GPIO_Speed=GPIO_SPEED_FREQ_MEDIUM
PA12.Mode=Master
PA12.Signal=CAN_TX
PA13.GPIOParameters=GPIO_Label
PA13.GPIO_Label=SWDIO
PA13.Locked=true
PA13.Mode=Trace_Asynchronous_SW
PA13.Signal=SYS_JTMS-SWDIO
PA14.GPIOParameters=GPIO_Label
PA14.GPIO_Label=SWCLK
PA14.Locked=true
PA14.Mode=Trace_Asynchronous_SW
PA14.Signal=SYS_JTCK-SWCLK
PA15.GPIOParameters=GPIO_PuPd,GPIO_Label,GPIO_ModeDefaultEXTI
PA15.GPIO_Label=BSPD_BRAKE_THRES
PA15.GPIO_ModeDefaultEXTI=GPIO_MODE_IT_RISING_FALLING
PA15.GPIO_PuPd=GPIO_PULLUP
PA15.Locked=true
PA15.Signal=GPXTI15
PA2.GPIOParameters=GPIO_Label
PA2.GPIO_Label=ANALOG_IN3
PA2.Locked=true
PA2.Signal=GPIO_Analog
PA4.GPIOParameters=GPIO_Label
PA4.GPIO_Label=ANALOG_OUT
PA4.Locked=true
PA4.Signal=GPIO_Analog
PA5.GPIOParameters=GPIO_PuPd,GPIO_Label,GPIO_ModeDefaultEXTI
PA5.GPIO_Label=START_STOP_SWITCH
PA5.GPIO_ModeDefaultEXTI=GPIO_MODE_IT_RISING_FALLING
PA5.GPIO_PuPd=GPIO_PULLUP
PA5.Locked=true
PA5.Signal=GPXTI5
PA6.GPIOParameters=GPIO_PuPd,GPIO_Label,GPIO_ModeDefaultEXTI
PA6.GPIO_Label=TRACTION_CONTROL_SWITCH
PA6.GPIO_ModeDefaultEXTI=GPIO_MODE_IT_RISING_FALLING
PA6.GPIO_PuPd=GPIO_PULLUP
PA6.Locked=true
PA6.Signal=GPXTI6
PA7.GPIOParameters=GPIO_PuPd,GPIO_Label,GPIO_ModeDefaultEXTI
PA7.GPIO_Label=TORQUE_VECTORING_SWITCH
PA7.GPIO_ModeDefaultEXTI=GPIO_MODE_IT_RISING_FALLING
PA7.GPIO_PuPd=GPIO_PULLUP
PA7.Locked=true
PA7.Signal=GPXTI7
PA8.GPIOParameters=GPIO_Speed,GPIO_Label,GPIO_ModeDefaultOutputPP
PA8.GPIO_Label=STATUS_R
PA8.GPIO_ModeDefaultOutputPP=GPIO_MODE_OUTPUT_OD
PA8.GPIO_Speed=GPIO_SPEED_FREQ_LOW
PA8.Locked=true
PA8.Signal=GPIO_Output
PA9.GPIOParameters=GPIO_Speed,GPIO_Label,GPIO_ModeDefaultOutputPP
PA9.GPIO_Label=STATUS_G
PA9.GPIO_ModeDefaultOutputPP=GPIO_MODE_OUTPUT_OD
PA9.GPIO_Speed=GPIO_SPEED_FREQ_LOW
PA9.Locked=true
PA9.Signal=GPIO_Output
PB0.GPIOParameters=GPIO_Label
PB0.GPIO_Label=START_STOP_LED
PB0.Locked=true
PB0.Signal=GPIO_Output
PB1.GPIOParameters=GPIO_Label
PB1.GPIO_Label=TRACTION_CONTROL_LED
PB1.Locked=true
PB1.Signal=GPIO_Output
PB10.GPIOParameters=GPIO_Label
PB10.GPIO_Label=INVERTER_L_RUN
PB10.Locked=true
PB10.Signal=GPIO_Output
PB11.GPIOParameters=GPIO_Label
PB11.GPIO_Label=INVERTER_R_RUN
PB11.Locked=true
PB11.Signal=GPIO_Output
PB14.GPIOParameters=GPIO_Label,GPIO_ModeDefaultEXTI
PB14.GPIO_Label=IMU_INT
PB14.GPIO_ModeDefaultEXTI=GPIO_MODE_IT_RISING
PB14.Locked=true
PB14.Signal=GPXTI14
PB15.GPIOParameters=GPIO_Label
PB15.GPIO_Label=DCM_STATUS
PB15.Locked=true
PB15.Signal=GPIO_Output
PB2.GPIOParameters=GPIO_Label
PB2.GPIO_Label=TORQUE_VECTORING_LED
PB2.Locked=true
PB2.Signal=GPIO_Output
PB3.GPIOParameters=GPIO_Label
PB3.GPIO_Label=SWO
PB3.Locked=true
PB3.Mode=Trace_Asynchronous_SW
PB3.Signal=SYS_JTDO-TRACESWO
PB4.GPIOParameters=GPIO_Label
PB4.GPIO_Label=BUZZER_EN
PB4.Locked=true
PB4.Signal=GPIO_Output
PB5.GPIOParameters=GPIO_Label
PB5.GPIO_Label=BRAKE_LIGHT_EN
PB5.Locked=true
PB5.Signal=GPIO_Output
PB6.GPIOParameters=GPIO_FM6,GPIO_PuPdOD
PB6.GPIO_FM6=SYSCFG_CFGR1_I2C_PB6_FMP
PB6.GPIO_PuPdOD=GPIO_NOPULL
PB6.Locked=true
PB6.Mode=I2C
PB6.Signal=I2C1_SCL
PB7.GPIOParameters=GPIO_PuPdOD,GPIO_FM7
PB7.GPIO_FM7=SYSCFG_CFGR1_I2C_PB7_FMP
PB7.GPIO_PuPdOD=GPIO_NOPULL
PB7.Locked=true
PB7.Mode=I2C
PB7.Signal=I2C1_SDA
PB8.GPIOParameters=GPIO_Label
PB8.GPIO_Label=INVERTER_R_REGEN
PB8.Locked=true
PB8.Signal=GPIO_Output
PB9.GPIOParameters=GPIO_Label
PB9.GPIO_Label=INVERTER_L_REGEN
PB9.Locked=true
PB9.Signal=GPIO_Output
PC14\ -\ OSC32_IN.GPIOParameters=GPIO_Label
PC14\ -\ OSC32_IN.GPIO_Label=OSC32_IN
PC14\ -\ OSC32_IN.Mode=LSE-External-Oscillator
PC14\ -\ OSC32_IN.Signal=RCC_OSC32_IN
PC15\ -\ OSC32_OUT.GPIOParameters=GPIO_Label
PC15\ -\ OSC32_OUT.GPIO_Label=OSC32_OUT
PC15\ -\ OSC32_OUT.Mode=LSE-External-Oscillator
PC15\ -\ OSC32_OUT.Signal=RCC_OSC32_OUT
PCC.Checker=false
PCC.Line=STM32F302
PCC.MCU=STM32F302C(6-8)Tx
PCC.PartNumber=STM32F302C8Tx
PCC.Seq0=0
PCC.Series=STM32F3
PCC.Temperature=25
PCC.Vdd=3.6
PF0-OSC_IN.GPIOParameters=GPIO_Label
PF0-OSC_IN.GPIO_Label=OSC_IN
PF0-OSC_IN.Mode=HSE-External-Oscillator
PF0-OSC_IN.Signal=RCC_OSC_IN
PF1-OSC_OUT.GPIOParameters=GPIO_Label
PF1-OSC_OUT.GPIO_Label=OSC_OUT
PF1-OSC_OUT.Mode=HSE-External-Oscillator
PF1-OSC_OUT.Signal=RCC_OSC_OUT
PinOutPanel.RotationAngle=0
ProjectManager.AskForMigrate=true
ProjectManager.BackupPrevious=false
ProjectManager.CompilerOptimize=3
ProjectManager.ComputerToolchain=false
ProjectManager.CoupleFile=false
ProjectManager.CustomerFirmwarePackage=
ProjectManager.DefaultFWLocation=true
ProjectManager.DeletePrevious=true
ProjectManager.DeviceId=STM32F302C8Tx
ProjectManager.FirmwarePackage=STM32Cube FW_F3 V1.10.0
ProjectManager.FreePins=false
ProjectManager.HalAssertFull=false
ProjectManager.HeapSize=0x200
ProjectManager.KeepUserCode=true
ProjectManager.LastFirmware=true
ProjectManager.LibraryCopy=1
ProjectManager.MainLocation=Src
ProjectManager.NoMain=false
ProjectManager.PreviousToolchain=
ProjectManager.ProjectBuild=false
ProjectManager.ProjectFileName=DCM.ioc
ProjectManager.ProjectName=DCM
ProjectManager.StackSize=0x400
ProjectManager.TargetToolchain=MDK-ARM V5
ProjectManager.ToolChainLocation=
ProjectManager.UnderRoot=false
ProjectManager.functionlistsort=1-MX_GPIO_Init-GPIO-false-HAL-true,2-SystemClock_Config-RCC-false-HAL-false,3-MX_CAN_Init-CAN-false-HAL-true,4-MX_I2C1_Init-I2C1-false-HAL-true,5-MX_IWDG_Init-IWDG-false-HAL-true,6-MX_TIM6_Init-TIM6-false-HAL-true
RCC.ADC12outputFreq_Value=72000000
RCC.AHBFreq_Value=72000000
RCC.APB1CLKDivider=RCC_HCLK_DIV2
RCC.APB1Freq_Value=36000000
RCC.APB1TimFreq_Value=72000000
RCC.APB2Freq_Value=72000000
RCC.APB2TimFreq_Value=72000000
RCC.CortexFreq_Value=72000000
RCC.FCLKCortexFreq_Value=72000000
RCC.FamilyName=M
RCC.HCLKFreq_Value=72000000
RCC.HSEPLLFreq_Value=8000000
RCC.HSE_VALUE=8000000
RCC.HSIPLLFreq_Value=4000000
RCC.HSI_VALUE=8000000
RCC.I2C1Freq_Value=72000000
RCC.I2C2Freq_Value=8000000
RCC.I2C3Freq_Value=8000000
RCC.I2SClocksFreq_Value=72000000
RCC.I2c1ClockSelection=RCC_I2C1CLKSOURCE_SYSCLK
RCC.IPParameters=ADC12outputFreq_Value,AHBFreq_Value,APB1CLKDivider,APB1Freq_Value,APB1TimFreq_Value,APB2Freq_Value,APB2TimFreq_Value,CortexFreq_Value,FCLKCortexFreq_Value,FamilyName,HCLKFreq_Value,HSEPLLFreq_Value,HSE_VALUE,HSIPLLFreq_Value,HSI_VALUE,I2C1Freq_Value,I2C2Freq_Value,I2C3Freq_Value,I2SClocksFreq_Value,I2c1ClockSelection,LSI_VALUE,MCOFreq_Value,PLLCLKFreq_Value,PLLMCOFreq_Value,PLLMUL,PLLSourceVirtual,RTCFreq_Value,RTCHSEDivFreq_Value,SYSCLKFreq_VALUE,SYSCLKSourceVirtual,TIM15Freq_Value,TIM16Freq_Value,TIM17Freq_Value,TIM1Freq_Value,TIM2Freq_Value,USART1Freq_Value,USBFreq_Value,VCOOutput2Freq_Value
RCC.LSI_VALUE=40000
RCC.MCOFreq_Value=72000000
RCC.PLLCLKFreq_Value=72000000
RCC.PLLMCOFreq_Value=72000000
RCC.PLLMUL=RCC_PLL_MUL9
RCC.PLLSourceVirtual=RCC_PLLSOURCE_HSE
RCC.RTCFreq_Value=40000
RCC.RTCHSEDivFreq_Value=250000
RCC.SYSCLKFreq_VALUE=72000000
RCC.SYSCLKSourceVirtual=RCC_SYSCLKSOURCE_PLLCLK
RCC.TIM15Freq_Value=72000000
RCC.TIM16Freq_Value=72000000
RCC.TIM17Freq_Value=72000000
RCC.TIM1Freq_Value=72000000
RCC.TIM2Freq_Value=72000000
RCC.USART1Freq_Value=36000000
RCC.USBFreq_Value=72000000
RCC.VCOOutput2Freq_Value=8000000
SH.GPXTI14.0=GPIO_EXTI14
SH.GPXTI14.ConfNb=1
SH.GPXTI15.0=GPIO_EXTI15
SH.GPXTI15.ConfNb=1
SH.GPXTI5.0=GPIO_EXTI5
SH.GPXTI5.ConfNb=1
SH.GPXTI6.0=GPIO_EXTI6
SH.GPXTI6.ConfNb=1
SH.GPXTI7.0=GPIO_EXTI7
SH.GPXTI7.ConfNb=1
TIM6.IPParameters=Prescaler,Period
TIM6.Period=44999
TIM6.Prescaler=15
VP_IWDG_VS_IWDG.Mode=IWDG_Activate
VP_IWDG_VS_IWDG.Signal=IWDG_VS_IWDG
VP_SYS_VS_Systick.Mode=SysTick
VP_SYS_VS_Systick.Signal=SYS_VS_Systick
VP_TIM6_VS_ClockSourceINT.Mode=Enable_Timer
VP_TIM6_VS_ClockSourceINT.Signal=TIM6_VS_ClockSourceINT
board=DCM_2020
