#MicroXplorer Configuration settings - do not modify
ADC1.Channel-0\#ChannelRegularConversion=ADC_CHANNEL_0
ADC1.Channel-1\#ChannelRegularConversion=ADC_CHANNEL_19
ADC1.Channel-2\#ChannelRegularConversion=ADC_CHANNEL_3
ADC1.Channel-3\#ChannelRegularConversion=ADC_CHANNEL_12
ADC1.Channel-6\#ChannelRegularConversion=ADC_CHANNEL_14
ADC1.EOCSelection=ADC_EOC_SEQ_CONV
ADC1.IPParameters=Rank-0\#ChannelRegularConversion,Channel-0\#ChannelRegularConversion,SamplingTime-0\#ChannelRegularConversion,OffsetNumber-0\#ChannelRegularConversion,MonitoredBy-0\#ChannelRegularConversion,NbrOfConversionFlag,master,EOCSelection,NbrOfConversion,Rank-1\#ChannelRegularConversion,Channel-1\#ChannelRegularConversion,SamplingTime-1\#ChannelRegularConversion,OffsetNumber-1\#ChannelRegularConversion,MonitoredBy-1\#ChannelRegularConversion,Rank-2\#ChannelRegularConversion,Channel-2\#ChannelRegularConversion,SamplingTime-2\#ChannelRegularConversion,OffsetNumber-2\#ChannelRegularConversion,MonitoredBy-2\#ChannelRegularConversion,Rank-3\#ChannelRegularConversion,Channel-3\#ChannelRegularConversion,SamplingTime-3\#ChannelRegularConversion,OffsetNumber-3\#ChannelRegularConversion,MonitoredBy-3\#ChannelRegularConversion,Rank-6\#ChannelRegularConversion,Channel-6\#ChannelRegularConversion,SamplingTime-6\#ChannelRegularConversion,OffsetNumber-6\#ChannelRegularConversion,MonitoredBy-6\#ChannelRegularConversion
ADC1.MonitoredBy-0\#ChannelRegularConversion=__NULL
ADC1.MonitoredBy-1\#ChannelRegularConversion=__NULL
ADC1.MonitoredBy-2\#ChannelRegularConversion=__NULL
ADC1.MonitoredBy-3\#ChannelRegularConversion=__NULL
ADC1.MonitoredBy-6\#ChannelRegularConversion=__NULL
ADC1.NbrOfConversion=5
ADC1.NbrOfConversionFlag=1
ADC1.OffsetNumber-0\#ChannelRegularConversion=ADC_OFFSET_NONE
ADC1.OffsetNumber-1\#ChannelRegularConversion=ADC_OFFSET_NONE
ADC1.OffsetNumber-2\#ChannelRegularConversion=ADC_OFFSET_NONE
ADC1.OffsetNumber-3\#ChannelRegularConversion=ADC_OFFSET_NONE
ADC1.OffsetNumber-6\#ChannelRegularConversion=ADC_OFFSET_NONE
ADC1.Rank-0\#ChannelRegularConversion=1
ADC1.Rank-1\#ChannelRegularConversion=2
ADC1.Rank-2\#ChannelRegularConversion=3
ADC1.Rank-3\#ChannelRegularConversion=4
ADC1.Rank-6\#ChannelRegularConversion=5
ADC1.SamplingTime-0\#ChannelRegularConversion=ADC_SAMPLETIME_2CYCLES_5
ADC1.SamplingTime-1\#ChannelRegularConversion=ADC_SAMPLETIME_2CYCLES_5
ADC1.SamplingTime-2\#ChannelRegularConversion=ADC_SAMPLETIME_2CYCLES_5
ADC1.SamplingTime-3\#ChannelRegularConversion=ADC_SAMPLETIME_2CYCLES_5
ADC1.SamplingTime-6\#ChannelRegularConversion=ADC_SAMPLETIME_2CYCLES_5
ADC1.master=1
BOOTPATH.BootPathName=LEGACY
BOOTPATH.IPParameters=BootPathName
BOOTPATH.UserSelectedBootPath=LEGACY
CAD.formats=
CAD.pinconfig=
CAD.provider=
CORTEX_M33_NS.userName=CORTEX_M33
FDCAN1.AutoRetransmission=ENABLE
FDCAN1.CalculateBaudRateNominal=166666
FDCAN1.CalculateTimeBitNominal=6000
FDCAN1.CalculateTimeQuantumNominal=2000.0
FDCAN1.FrameFormat=FDCAN_FRAME_FD_BRS
FDCAN1.IPParameters=CalculateTimeQuantumNominal,CalculateTimeBitNominal,CalculateBaudRateNominal,FrameFormat,AutoRetransmission
File.Version=6
GPIO.groupedBy=Group By Peripherals
I2C2.IPParameters=Timing
I2C2.Timing=0x60808CD3
KeepUserPlacement=false
MMTAppRegionsCount=0
MMTConfigApplied=false
Mcu.CPN=STM32H562RIT6
Mcu.ContextProject=TrustZoneDisabled
Mcu.Family=STM32H5
Mcu.IP0=ADC1
Mcu.IP1=BOOTPATH
Mcu.IP10=SPI3
Mcu.IP11=SYS
Mcu.IP12=USB
Mcu.IP2=CORTEX_M33_NS
Mcu.IP3=DEBUG
Mcu.IP4=FDCAN1
Mcu.IP5=I2C2
Mcu.IP6=MEMORYMAP
Mcu.IP7=NVIC
Mcu.IP8=PWR
Mcu.IP9=RCC
Mcu.IPNb=13
Mcu.Name=STM32H562RITx
Mcu.Package=LQFP64
Mcu.Pin0=PC2
Mcu.Pin1=PA0
Mcu.Pin10=PB12
Mcu.Pin11=PC6
Mcu.Pin12=PC7
Mcu.Pin13=PC8
Mcu.Pin14=PA8
Mcu.Pin15=PA9
Mcu.Pin16=PA11
Mcu.Pin17=PA12
Mcu.Pin18=PA13(JTMS/SWDIO)
Mcu.Pin19=PA14(JTCK/SWCLK)
Mcu.Pin2=PA2
Mcu.Pin20=PC10
Mcu.Pin21=PC11
Mcu.Pin22=PC12
Mcu.Pin23=PD2
Mcu.Pin24=PB3(JTDO/TRACESWO)
Mcu.Pin25=PB4(NJTRST)
Mcu.Pin26=PB7
Mcu.Pin27=PB8
Mcu.Pin28=VP_CORTEX_M33_NS_VS_Hclk
Mcu.Pin29=VP_PWR_VS_SECSignals
Mcu.Pin3=PA3
Mcu.Pin30=VP_PWR_VS_LPOM
Mcu.Pin31=VP_SYS_VS_tim6
Mcu.Pin32=VP_BOOTPATH_VS_BOOTPATH
Mcu.Pin33=VP_MEMORYMAP_VS_MEMORYMAP
Mcu.Pin4=PA4
Mcu.Pin5=PA5
Mcu.Pin6=PA6
Mcu.Pin7=PA7
Mcu.Pin8=PC4
Mcu.Pin9=PB10
Mcu.PinsNb=34
Mcu.ThirdPartyNb=0
Mcu.UserConstants=
Mcu.UserName=STM32H562RITx
MxCube.Version=6.15.0
MxDb.Version=DB.6.0.150
NVIC.ADC1_IRQn=true\:0\:0\:false\:false\:true\:true\:true\:true
NVIC.BusFault_IRQn=true\:0\:0\:false\:false\:true\:false\:false\:false
NVIC.DebugMonitor_IRQn=true\:0\:0\:false\:false\:true\:false\:false\:false
NVIC.FDCAN1_IT0_IRQn=true\:0\:0\:false\:false\:true\:true\:true\:true
NVIC.FDCAN1_IT1_IRQn=true\:0\:0\:false\:false\:true\:true\:true\:true
NVIC.ForceEnableDMAVector=true
NVIC.HardFault_IRQn=true\:0\:0\:false\:false\:true\:false\:false\:false
NVIC.MemoryManagement_IRQn=true\:0\:0\:false\:false\:true\:false\:false\:false
NVIC.NonMaskableInt_IRQn=true\:0\:0\:false\:false\:true\:false\:false\:false
NVIC.PendSV_IRQn=true\:0\:0\:false\:false\:false\:false\:false\:false
NVIC.PriorityGroup=NVIC_PRIORITYGROUP_4
NVIC.SVCall_IRQn=true\:0\:0\:false\:false\:false\:false\:false\:false
NVIC.SysTick_IRQn=true\:15\:0\:false\:false\:false\:false\:true\:false
NVIC.TIM6_IRQn=true\:15\:0\:false\:false\:true\:false\:true\:true
NVIC.TimeBase=TIM6_IRQn
NVIC.TimeBaseIP=TIM6
NVIC.UsageFault_IRQn=true\:0\:0\:false\:false\:true\:false\:false\:false
PA0.GPIOParameters=GPIO_Label
PA0.GPIO_Label=LC3 OUT
PA0.Locked=true
PA0.Signal=ADCx_INP0
PA11.Locked=true
PA11.Mode=Host
PA11.Signal=USB_DM
PA12.Locked=true
PA12.Mode=Host
PA12.Signal=USB_DP
PA13(JTMS/SWDIO).Locked=true
PA13(JTMS/SWDIO).Mode=Trace_Asynchronous_SW
PA13(JTMS/SWDIO).Signal=DEBUG_JTMS-SWDIO
PA14(JTCK/SWCLK).Locked=true
PA14(JTCK/SWCLK).Mode=Trace_Asynchronous_SW
PA14(JTCK/SWCLK).Signal=DEBUG_JTCK-SWCLK
PA2.GPIOParameters=GPIO_Label
PA2.GPIO_Label=nBSPD BRAKE PRESSED 3V3
PA2.Locked=true
PA2.Signal=ADCx_INP14
PA3.GPIOParameters=GPIO_Label
PA3.GPIO_Label=BRAKE OCSC OK 3V3
PA3.Locked=true
PA3.Signal=GPIO_Input
PA4.GPIOParameters=GPIO_Label
PA4.GPIO_Label=RL INT 3V3 SENS
PA4.Locked=true
PA4.Signal=GPXTI4
PA5.GPIOParameters=GPIO_Label
PA5.GPIO_Label=SUSP TRAVEL RL 3V3
PA5.Locked=true
PA5.Signal=ADCx_INP19
PA6.GPIOParameters=GPIO_Label
PA6.GPIO_Label=SUSP TRAVEL RR 3V3
PA6.Locked=true
PA6.Signal=ADCx_INP3
PA7.GPIOParameters=GPIO_Label
PA7.GPIO_Label=SUSP TRAVEL RL OCSC
PA7.Locked=true
PA7.Signal=GPIO_Input
PA8.GPIOParameters=GPIO_Label
PA8.GPIO_Label=FLOW METER 5V
PA8.Locked=true
PA8.Signal=GPIO_Input
PA9.GPIOParameters=GPIO_Label
PA9.GPIO_Label=BRAKE LIGHT EN 3V3
PA9.Locked=true
PA9.Signal=GPIO_Output
PB10.GPIOParameters=GPIO_Label
PB10.GPIO_Label=RPUMP SCL
PB10.Locked=true
PB10.Mode=I2C
PB10.Signal=I2C2_SCL
PB12.GPIOParameters=GPIO_Label
PB12.GPIO_Label=RPUMP SDA
PB12.Locked=true
PB12.Mode=I2C
PB12.Signal=I2C2_SDA
PB3(JTDO/TRACESWO).Locked=true
PB3(JTDO/TRACESWO).Mode=Trace_Asynchronous_SW
PB3(JTDO/TRACESWO).Signal=DEBUG_JTDO-SWO
PB4(NJTRST).GPIOParameters=GPIO_Label
PB4(NJTRST).GPIO_Label=LED
PB4(NJTRST).Locked=true
PB4(NJTRST).Signal=GPIO_Output
PB7.GPIOParameters=GPIO_Label
PB7.GPIO_Label=CANTX
PB7.Locked=true
PB7.Mode=FDCAN_Activate
PB7.Signal=FDCAN1_TX
PB8.GPIOParameters=GPIO_Label
PB8.GPIO_Label=CANRX
PB8.Locked=true
PB8.Mode=FDCAN_Activate
PB8.Signal=FDCAN1_RX
PC10.GPIOParameters=GPIO_Label
PC10.GPIO_Label=IMU SPC
PC10.Locked=true
PC10.Mode=Full_Duplex_Master
PC10.Signal=SPI3_SCK
PC11.GPIOParameters=GPIO_Label
PC11.GPIO_Label=IMU SDO
PC11.Locked=true
PC11.Mode=Full_Duplex_Master
PC11.Signal=SPI3_MISO
PC12.GPIOParameters=GPIO_Label
PC12.GPIO_Label=IMU SDI
PC12.Locked=true
PC12.Mode=Full_Duplex_Master
PC12.Signal=SPI3_MOSI
PC2.GPIOParameters=GPIO_Label
PC2.GPIO_Label=BPS R 3V3
PC2.Locked=true
PC2.Signal=ADCx_INP12
PC4.GPIOParameters=GPIO_Label
PC4.GPIO_Label=SUSP TRAVEL RR OCSC
PC4.Locked=true
PC4.Signal=GPIO_Input
PC6.GPIOParameters=GPIO_Label
PC6.GPIO_Label=IMU CS
PC6.Locked=true
PC6.Signal=GPIO_Output
PC7.GPIOParameters=GPIO_Label
PC7.GPIO_Label=IMU INT
PC7.Locked=true
PC7.Signal=GPXTI7
PC8.GPIOParameters=GPIO_Label
PC8.GPIO_Label=IMU FSYNC
PC8.Locked=true
PC8.Signal=GPIO_Output
PD2.GPIOParameters=GPIO_Label
PD2.GPIO_Label=D P PULLUP
PD2.Locked=true
PD2.Signal=GPIO_Output
PinOutPanel.RotationAngle=0
ProjectManager.AskForMigrate=true
ProjectManager.BackupPrevious=false
ProjectManager.CompilerLinker=GCC
ProjectManager.CompilerOptimize=6
ProjectManager.ComputerToolchain=false
ProjectManager.CoupleFile=false
ProjectManager.CustomerFirmwarePackage=
ProjectManager.DefaultFWLocation=true
ProjectManager.DeletePrevious=true
ProjectManager.DeviceId=STM32H562RITx
ProjectManager.FirmwarePackage=STM32Cube FW_H5 V1.5.0
ProjectManager.FreePins=false
ProjectManager.HalAssertFull=false
ProjectManager.HeapSize=0x200
ProjectManager.KeepUserCode=true
ProjectManager.LastFirmware=false
ProjectManager.LibraryCopy=0
ProjectManager.MainLocation=Core/Src
ProjectManager.NoMain=false
ProjectManager.PreviousToolchain=
ProjectManager.ProjectBuild=false
ProjectManager.ProjectFileName=RSM.ioc
ProjectManager.ProjectName=RSM
ProjectManager.ProjectStructure=
ProjectManager.RegisterCallBack=
ProjectManager.StackSize=0x400
ProjectManager.TargetToolchain=EWARM V9.20
ProjectManager.ToolChainLocation=
ProjectManager.UAScriptAfterPath=
ProjectManager.UAScriptBeforePath=
ProjectManager.UnderRoot=false
ProjectManager.functionlistsort=1-SystemClock_Config-RCC-false-HAL-false,2-MX_GPIO_Init-GPIO-false-HAL-true,3-MX_ADC1_Init-ADC1-false-HAL-true,4-MX_FDCAN1_Init-FDCAN1-false-HAL-true,5-MX_I2C2_Init-I2C2-false-HAL-true,6-MX_SPI3_Init-SPI3-false-HAL-true,0-MX_CORTEX_M33_NS_Init-CORTEX_M33_NS-false-HAL-true,0-MX_PWR_Init-PWR-false-HAL-true
RCC.ADCFreq_Value=250000000
RCC.AHBFreq_Value=250000000
RCC.APB1Freq_Value=250000000
RCC.APB1TimFreq_Value=250000000
RCC.APB2Freq_Value=250000000
RCC.APB2TimFreq_Value=250000000
RCC.APB3Freq_Value=250000000
RCC.CECFreq_Value=32000
RCC.CKPERFreq_Value=32000000
RCC.CRSFreq_Value=48000000
RCC.CSI_VALUE=4000000
RCC.CortexFreq_Value=250000000
RCC.DACFreq_Value=32768
RCC.EPOD_VALUE=8000000
RCC.FCLKCortexFreq_Value=250000000
RCC.FDCANFreq_Value=8000000
RCC.FamilyName=M
RCC.HCLKFreq_Value=250000000
RCC.HSE_VALUE=8000000
RCC.HSI48_VALUE=48000000
RCC.HSI_VALUE=64000000
RCC.I2C1Freq_Value=250000000
RCC.I2C2Freq_Value=250000000
RCC.I2C3Freq_Value=250000000
RCC.I2C4Freq_Value=250000000
RCC.I3C1Freq_Value=250000000
RCC.IPParameters=ADCFreq_Value,AHBFreq_Value,APB1Freq_Value,APB1TimFreq_Value,APB2Freq_Value,APB2TimFreq_Value,APB3Freq_Value,CECFreq_Value,CKPERFreq_Value,CRSFreq_Value,CSI_VALUE,CortexFreq_Value,DACFreq_Value,EPOD_VALUE,FCLKCortexFreq_Value,FDCANFreq_Value,FamilyName,HCLKFreq_Value,HSE_VALUE,HSI48_VALUE,HSI_VALUE,I2C1Freq_Value,I2C2Freq_Value,I2C3Freq_Value,I2C4Freq_Value,I3C1Freq_Value,LPTIM1Freq_Value,LPTIM2Freq_Value,LPTIM3Freq_Value,LPTIM4Freq_Value,LPTIM5Freq_Value,LPTIM6Freq_Value,LPUART1Freq_Value,LSCOPinFreq_Value,LSE_VALUE,LSIRC_VALUE,MCO1PinFreq_Value,MCO2PinFreq_Value,OCTOSPIMFreq_Value,PLL2FRACN,PLL2PoutputFreq_Value,PLL2QoutputFreq_Value,PLL2RoutputFreq_Value,PLL3FRACN,PLL3PoutputFreq_Value,PLL3QoutputFreq_Value,PLL3RoutputFreq_Value,PLLFRACN,PLLN,PLLPoutputFreq_Value,PLLQoutputFreq_Value,PLLSourceVirtual,PWRFreq_Value,RNGFreq_Value,SAI1Freq_Value,SAI2Freq_Value,SDMMC1Freq_Value,SPI1Freq_Value,SPI2Freq_Value,SPI3Freq_Value,SPI6Freq_Value,SYSCLKFreq_VALUE,SYSCLKSource,UART4Freq_Value,UART5Freq_Value,UART7Freq_Value,UCPD1outputFreq_Value,USART11Freq_Value,USART1Freq_Value,USART2Freq_Value,USART3Freq_Value,USART6Freq_Value,USBFreq_Value,VCOInput2Freq_Value,VCOInput3Freq_Value,VCOInputFreq_Value,VCOOutputFreq_Value,VCOPLL2OutputFreq_Value,VCOPLL3OutputFreq_Value
RCC.LPTIM1Freq_Value=250000000
RCC.LPTIM2Freq_Value=250000000
RCC.LPTIM3Freq_Value=250000000
RCC.LPTIM4Freq_Value=250000000
RCC.LPTIM5Freq_Value=250000000
RCC.LPTIM6Freq_Value=250000000
RCC.LPUART1Freq_Value=250000000
RCC.LSCOPinFreq_Value=32000
RCC.LSE_VALUE=32768
RCC.LSIRC_VALUE=32000
RCC.MCO1PinFreq_Value=32000000
RCC.MCO2PinFreq_Value=250000000
RCC.OCTOSPIMFreq_Value=250000000
RCC.PLL2FRACN=0
RCC.PLL2PoutputFreq_Value=258000000
RCC.PLL2QoutputFreq_Value=258000000
RCC.PLL2RoutputFreq_Value=258000000
RCC.PLL3FRACN=0
RCC.PLL3PoutputFreq_Value=258000000
RCC.PLL3QoutputFreq_Value=258000000
RCC.PLL3RoutputFreq_Value=258000000
RCC.PLLFRACN=4096
RCC.PLLN=62
RCC.PLLPoutputFreq_Value=250000000
RCC.PLLQoutputFreq_Value=250000000
RCC.PLLSourceVirtual=RCC_PLL1_SOURCE_HSE
RCC.PWRFreq_Value=250000000
RCC.RNGFreq_Value=48000000
RCC.SAI1Freq_Value=258000000
RCC.SAI2Freq_Value=258000000
RCC.SDMMC1Freq_Value=250000000
RCC.SPI1Freq_Value=250000000
RCC.SPI2Freq_Value=250000000
RCC.SPI3Freq_Value=250000000
RCC.SPI6Freq_Value=250000000
RCC.SYSCLKFreq_VALUE=250000000
RCC.SYSCLKSource=RCC_SYSCLKSOURCE_PLLCLK
RCC.UART4Freq_Value=250000000
RCC.UART5Freq_Value=250000000
RCC.UART7Freq_Value=250000000
RCC.UCPD1outputFreq_Value=8000000
RCC.USART11Freq_Value=250000000
RCC.USART1Freq_Value=250000000
RCC.USART2Freq_Value=250000000
RCC.USART3Freq_Value=250000000
RCC.USART6Freq_Value=250000000
RCC.USBFreq_Value=48000000
RCC.VCOInput2Freq_Value=4000000
RCC.VCOInput3Freq_Value=4000000
RCC.VCOInputFreq_Value=8000000
RCC.VCOOutputFreq_Value=500000000
RCC.VCOPLL2OutputFreq_Value=516000000
RCC.VCOPLL3OutputFreq_Value=516000000
SH.ADCx_INP0.0=ADC1_INP0,IN0-Single-Ended
SH.ADCx_INP0.ConfNb=1
SH.ADCx_INP12.0=ADC1_INP12,IN12-Single-Ended
SH.ADCx_INP12.ConfNb=1
SH.ADCx_INP14.0=ADC1_INP14,IN14-Single-Ended
SH.ADCx_INP14.ConfNb=1
SH.ADCx_INP19.0=ADC1_INP19,IN19-Single-Ended
SH.ADCx_INP19.ConfNb=1
SH.ADCx_INP3.0=ADC1_INP3,IN3-Single-Ended
SH.ADCx_INP3.ConfNb=1
SH.GPXTI4.0=GPIO_EXTI4
SH.GPXTI4.ConfNb=1
SH.GPXTI7.0=GPIO_EXTI7
SH.GPXTI7.ConfNb=1
SPI3.CalculateBaudRate=125.0 MBits/s
SPI3.Direction=SPI_DIRECTION_2LINES
SPI3.IPParameters=VirtualType,Mode,Direction,CalculateBaudRate
SPI3.Mode=SPI_MODE_MASTER
SPI3.VirtualType=VM_MASTER
USB.IPParameters=VirtualMode
USB.VirtualMode=Host_Only
VP_BOOTPATH_VS_BOOTPATH.Mode=BP_Activate
VP_BOOTPATH_VS_BOOTPATH.Signal=BOOTPATH_VS_BOOTPATH
VP_CORTEX_M33_NS_VS_Hclk.Mode=Hclk_Mode
VP_CORTEX_M33_NS_VS_Hclk.Signal=CORTEX_M33_NS_VS_Hclk
VP_MEMORYMAP_VS_MEMORYMAP.Mode=CurAppReg
VP_MEMORYMAP_VS_MEMORYMAP.Signal=MEMORYMAP_VS_MEMORYMAP
VP_PWR_VS_LPOM.Mode=PowerOptimisation
VP_PWR_VS_LPOM.Signal=PWR_VS_LPOM
VP_PWR_VS_SECSignals.Mode=Security/Privilege
VP_PWR_VS_SECSignals.Signal=PWR_VS_SECSignals
VP_SYS_VS_tim6.Mode=TIM6
VP_SYS_VS_tim6.Signal=SYS_VS_tim6
board=custom
